Microsoft Visual Studio Solution File, Format Version 8.00
Project("{8BC9CEB8-8B4A-11D0-8D11-00A0C91BC942}") = "ALL_BUILD", ".\ALL_BUILD.vcproj", "{78A626AE-EEA4-4657-A35F-B5D297FFF716}"
	ProjectSection(ProjectDependencies) = postProject
		{AFAFE2AC-D200-4A6A-8E09-7DA02EF0593B} = {AFAFE2AC-D200-4A6A-8E09-7DA02EF0593B}
		{68FD6A8B-FCA0-4E12-933A-A683FEF30728} = {68FD6A8B-FCA0-4E12-933A-A683FEF30728}
		{5D1B5CDD-12A9-4204-B801-D58396DF1FD5} = {5D1B5CDD-12A9-4204-B801-D58396DF1FD5}
		{D3BDB2C5-278F-498C-8329-9B4B9DAA46B3} = {D3BDB2C5-278F-498C-8329-9B4B9DAA46B3}
		{15B98621-3A3C-454C-9004-5D58900A3529} = {15B98621-3A3C-454C-9004-5D58900A3529}
		{128E375C-4616-4206-A535-D3BFC6FCC905} = {128E375C-4616-4206-A535-D3BFC6FCC905}
		{046709DE-1F2C-48E2-8E1B-F0654830D8CF} = {046709DE-1F2C-48E2-8E1B-F0654830D8CF}
		{A67C2591-6E64-4D07-AFDD-7C562A7EE99D} = {A67C2591-6E64-4D07-AFDD-7C562A7EE99D}
		{76E0B0C4-00B2-433B-9966-9C85FE1A278B} = {76E0B0C4-00B2-433B-9966-9C85FE1A278B}
	EndProjectSection
EndProject
Project("{8BC9CEB8-8B4A-11D0-8D11-00A0C91BC942}") = "INSTALL", ".\INSTALL.vcproj", "{5AF1A2A3-EF1F-4CF1-B786-113898398897}"
	ProjectSection(ProjectDependencies) = postProject
		{78A626AE-EEA4-4657-A35F-B5D297FFF716} = {78A626AE-EEA4-4657-A35F-B5D297FFF716}
	EndProjectSection
EndProject
Project("{8BC9CEB8-8B4A-11D0-8D11-00A0C91BC942}") = "RUN_TESTS", ".\RUN_TESTS.vcproj", "{D4F656B1-BA50-4DC1-9218-2DE9CDDE858D}"
	ProjectSection(ProjectDependencies) = postProject
	EndProjectSection
EndProject
Project("{8BC9CEB8-8B4A-11D0-8D11-00A0C91BC942}") = "dftables", ".\dftables.vcproj", "{AFAFE2AC-D200-4A6A-8E09-7DA02EF0593B}"
	ProjectSection(ProjectDependencies) = postProject
	EndProjectSection
EndProject
Project("{8BC9CEB8-8B4A-11D0-8D11-00A0C91BC942}") = "pcre", ".\pcre.vcproj", "{68FD6A8B-FCA0-4E12-933A-A683FEF30728}"
	ProjectSection(ProjectDependencies) = postProject
		{AFAFE2AC-D200-4A6A-8E09-7DA02EF0593B} = {AFAFE2AC-D200-4A6A-8E09-7DA02EF0593B}
	EndProjectSection
EndProject
Project("{8BC9CEB8-8B4A-11D0-8D11-00A0C91BC942}") = "pcre_scanner_unittest", ".\pcre_scanner_unittest.vcproj", "{5D1B5CDD-12A9-4204-B801-D58396DF1FD5}"
	ProjectSection(ProjectDependencies) = postProject
		{15B98621-3A3C-454C-9004-5D58900A3529} = {15B98621-3A3C-454C-9004-5D58900A3529}
		{68FD6A8B-FCA0-4E12-933A-A683FEF30728} = {68FD6A8B-FCA0-4E12-933A-A683FEF30728}
	EndProjectSection
EndProject
Project("{8BC9CEB8-8B4A-11D0-8D11-00A0C91BC942}") = "pcre_stringpiece_unittest", ".\pcre_stringpiece_unittest.vcproj", "{D3BDB2C5-278F-498C-8329-9B4B9DAA46B3}"
	ProjectSection(ProjectDependencies) = postProject
		{15B98621-3A3C-454C-9004-5D58900A3529} = {15B98621-3A3C-454C-9004-5D58900A3529}
		{68FD6A8B-FCA0-4E12-933A-A683FEF30728} = {68FD6A8B-FCA0-4E12-933A-A683FEF30728}
	EndProjectSection
EndProject
Project("{8BC9CEB8-8B4A-11D0-8D11-00A0C91BC942}") = "pcrecpp", ".\pcrecpp.vcproj", "{15B98621-3A3C-454C-9004-5D58900A3529}"
	ProjectSection(ProjectDependencies) = postProject
	EndProjectSection
EndProject
Project("{8BC9CEB8-8B4A-11D0-8D11-00A0C91BC942}") = "pcrecpp_unittest", ".\pcrecpp_unittest.vcproj", "{128E375C-4616-4206-A535-D3BFC6FCC905}"
	ProjectSection(ProjectDependencies) = postProject
		{15B98621-3A3C-454C-9004-5D58900A3529} = {15B98621-3A3C-454C-9004-5D58900A3529}
		{68FD6A8B-FCA0-4E12-933A-A683FEF30728} = {68FD6A8B-FCA0-4E12-933A-A683FEF30728}
	EndProjectSection
EndProject
Project("{8BC9CEB8-8B4A-11D0-8D11-00A0C91BC942}") = "pcregrep", ".\pcregrep.vcproj", "{046709DE-1F2C-48E2-8E1B-F0654830D8CF}"
	ProjectSection(ProjectDependencies) = postProject
		{A67C2591-6E64-4D07-AFDD-7C562A7EE99D} = {A67C2591-6E64-4D07-AFDD-7C562A7EE99D}
		{68FD6A8B-FCA0-4E12-933A-A683FEF30728} = {68FD6A8B-FCA0-4E12-933A-A683FEF30728}
	EndProjectSection
EndProject
Project("{8BC9CEB8-8B4A-11D0-8D11-00A0C91BC942}") = "pcreposix", ".\pcreposix.vcproj", "{A67C2591-6E64-4D07-AFDD-7C562A7EE99D}"
	ProjectSection(ProjectDependencies) = postProject
	EndProjectSection
EndProject
Project("{8BC9CEB8-8B4A-11D0-8D11-00A0C91BC942}") = "pcretest", ".\pcretest.vcproj", "{76E0B0C4-00B2-433B-9966-9C85FE1A278B}"
	ProjectSection(ProjectDependencies) = postProject
		{A67C2591-6E64-4D07-AFDD-7C562A7EE99D} = {A67C2591-6E64-4D07-AFDD-7C562A7EE99D}
		{68FD6A8B-FCA0-4E12-933A-A683FEF30728} = {68FD6A8B-FCA0-4E12-933A-A683FEF30728}
	EndProjectSection
EndProject
Global
	GlobalSection(SolutionConfiguration) = preSolution
		Debug = Debug
		Release = Release
		MinSizeRel = MinSizeRel
		RelWithDebInfo = RelWithDebInfo
	EndGlobalSection
	GlobalSection(ProjectConfiguration) = postSolution
		{78A626AE-EEA4-4657-A35F-B5D297FFF716}.Debug.ActiveCfg = Debug|Win32
		{78A626AE-EEA4-4657-A35F-B5D297FFF716}.Debug.Build.0 = Debug|Win32
		{78A626AE-EEA4-4657-A35F-B5D297FFF716}.Release.ActiveCfg = Release|Win32
		{78A626AE-EEA4-4657-A35F-B5D297FFF716}.Release.Build.0 = Release|Win32
		{78A626AE-EEA4-4657-A35F-B5D297FFF716}.MinSizeRel.ActiveCfg = MinSizeRel|Win32
		{78A626AE-EEA4-4657-A35F-B5D297FFF716}.MinSizeRel.Build.0 = MinSizeRel|Win32
		{78A626AE-EEA4-4657-A35F-B5D297FFF716}.RelWithDebInfo.ActiveCfg = RelWithDebInfo|Win32
		{78A626AE-EEA4-4657-A35F-B5D297FFF716}.RelWithDebInfo.Build.0 = RelWithDebInfo|Win32
		{5AF1A2A3-EF1F-4CF1-B786-113898398897}.Debug.ActiveCfg = Debug|Win32
		{5AF1A2A3-EF1F-4CF1-B786-113898398897}.Release.ActiveCfg = Release|Win32
		{5AF1A2A3-EF1F-4CF1-B786-113898398897}.MinSizeRel.ActiveCfg = MinSizeRel|Win32
		{5AF1A2A3-EF1F-4CF1-B786-113898398897}.RelWithDebInfo.ActiveCfg = RelWithDebInfo|Win32
		{D4F656B1-BA50-4DC1-9218-2DE9CDDE858D}.Debug.ActiveCfg = Debug|Win32
		{D4F656B1-BA50-4DC1-9218-2DE9CDDE858D}.Release.ActiveCfg = Release|Win32
		{D4F656B1-BA50-4DC1-9218-2DE9CDDE858D}.MinSizeRel.ActiveCfg = MinSizeRel|Win32
		{D4F656B1-BA50-4DC1-9218-2DE9CDDE858D}.RelWithDebInfo.ActiveCfg = RelWithDebInfo|Win32
		{AFAFE2AC-D200-4A6A-8E09-7DA02EF0593B}.Debug.ActiveCfg = Debug|Win32
		{AFAFE2AC-D200-4A6A-8E09-7DA02EF0593B}.Debug.Build.0 = Debug|Win32
		{AFAFE2AC-D200-4A6A-8E09-7DA02EF0593B}.Release.ActiveCfg = Release|Win32
		{AFAFE2AC-D200-4A6A-8E09-7DA02EF0593B}.Release.Build.0 = Release|Win32
		{AFAFE2AC-D200-4A6A-8E09-7DA02EF0593B}.MinSizeRel.ActiveCfg = MinSizeRel|Win32
		{AFAFE2AC-D200-4A6A-8E09-7DA02EF0593B}.MinSizeRel.Build.0 = MinSizeRel|Win32
		{AFAFE2AC-D200-4A6A-8E09-7DA02EF0593B}.RelWithDebInfo.ActiveCfg = RelWithDebInfo|Win32
		{AFAFE2AC-D200-4A6A-8E09-7DA02EF0593B}.RelWithDebInfo.Build.0 = RelWithDebInfo|Win32
		{68FD6A8B-FCA0-4E12-933A-A683FEF30728}.Debug.ActiveCfg = Debug|Win32
		{68FD6A8B-FCA0-4E12-933A-A683FEF30728}.Debug.Build.0 = Debug|Win32
		{68FD6A8B-FCA0-4E12-933A-A683FEF30728}.Release.ActiveCfg = Release|Win32
		{68FD6A8B-FCA0-4E12-933A-A683FEF30728}.Release.Build.0 = Release|Win32
		{68FD6A8B-FCA0-4E12-933A-A683FEF30728}.MinSizeRel.ActiveCfg = MinSizeRel|Win32
		{68FD6A8B-FCA0-4E12-933A-A683FEF30728}.MinSizeRel.Build.0 = MinSizeRel|Win32
		{68FD6A8B-FCA0-4E12-933A-A683FEF30728}.RelWithDebInfo.ActiveCfg = RelWithDebInfo|Win32
		{68FD6A8B-FCA0-4E12-933A-A683FEF30728}.RelWithDebInfo.Build.0 = RelWithDebInfo|Win32
		{5D1B5CDD-12A9-4204-B801-D58396DF1FD5}.Debug.ActiveCfg = Debug|Win32
		{5D1B5CDD-12A9-4204-B801-D58396DF1FD5}.Debug.Build.0 = Debug|Win32
		{5D1B5CDD-12A9-4204-B801-D58396DF1FD5}.Release.ActiveCfg = Release|Win32
		{5D1B5CDD-12A9-4204-B801-D58396DF1FD5}.Release.Build.0 = Release|Win32
		{5D1B5CDD-12A9-4204-B801-D58396DF1FD5}.MinSizeRel.ActiveCfg = MinSizeRel|Win32
		{5D1B5CDD-12A9-4204-B801-D58396DF1FD5}.MinSizeRel.Build.0 = MinSizeRel|Win32
		{5D1B5CDD-12A9-4204-B801-D58396DF1FD5}.RelWithDebInfo.ActiveCfg = RelWithDebInfo|Win32
		{5D1B5CDD-12A9-4204-B801-D58396DF1FD5}.RelWithDebInfo.Build.0 = RelWithDebInfo|Win32
		{D3BDB2C5-278F-498C-8329-9B4B9DAA46B3}.Debug.ActiveCfg = Debug|Win32
		{D3BDB2C5-278F-498C-8329-9B4B9DAA46B3}.Debug.Build.0 = Debug|Win32
		{D3BDB2C5-278F-498C-8329-9B4B9DAA46B3}.Release.ActiveCfg = Release|Win32
		{D3BDB2C5-278F-498C-8329-9B4B9DAA46B3}.Release.Build.0 = Release|Win32
		{D3BDB2C5-278F-498C-8329-9B4B9DAA46B3}.MinSizeRel.ActiveCfg = MinSizeRel|Win32
		{D3BDB2C5-278F-498C-8329-9B4B9DAA46B3}.MinSizeRel.Build.0 = MinSizeRel|Win32
		{D3BDB2C5-278F-498C-8329-9B4B9DAA46B3}.RelWithDebInfo.ActiveCfg = RelWithDebInfo|Win32
		{D3BDB2C5-278F-498C-8329-9B4B9DAA46B3}.RelWithDebInfo.Build.0 = RelWithDebInfo|Win32
		{15B98621-3A3C-454C-9004-5D58900A3529}.Debug.ActiveCfg = Debug|Win32
		{15B98621-3A3C-454C-9004-5D58900A3529}.Debug.Build.0 = Debug|Win32
		{15B98621-3A3C-454C-9004-5D58900A3529}.Release.ActiveCfg = Release|Win32
		{15B98621-3A3C-454C-9004-5D58900A3529}.Release.Build.0 = Release|Win32
		{15B98621-3A3C-454C-9004-5D58900A3529}.MinSizeRel.ActiveCfg = MinSizeRel|Win32
		{15B98621-3A3C-454C-9004-5D58900A3529}.MinSizeRel.Build.0 = MinSizeRel|Win32
		{15B98621-3A3C-454C-9004-5D58900A3529}.RelWithDebInfo.ActiveCfg = RelWithDebInfo|Win32
		{15B98621-3A3C-454C-9004-5D58900A3529}.RelWithDebInfo.Build.0 = RelWithDebInfo|Win32
		{128E375C-4616-4206-A535-D3BFC6FCC905}.Debug.ActiveCfg = Debug|Win32
		{128E375C-4616-4206-A535-D3BFC6FCC905}.Debug.Build.0 = Debug|Win32
		{128E375C-4616-4206-A535-D3BFC6FCC905}.Release.ActiveCfg = Release|Win32
		{128E375C-4616-4206-A535-D3BFC6FCC905}.Release.Build.0 = Release|Win32
		{128E375C-4616-4206-A535-D3BFC6FCC905}.MinSizeRel.ActiveCfg = MinSizeRel|Win32
		{128E375C-4616-4206-A535-D3BFC6FCC905}.MinSizeRel.Build.0 = MinSizeRel|Win32
		{128E375C-4616-4206-A535-D3BFC6FCC905}.RelWithDebInfo.ActiveCfg = RelWithDebInfo|Win32
		{128E375C-4616-4206-A535-D3BFC6FCC905}.RelWithDebInfo.Build.0 = RelWithDebInfo|Win32
		{046709DE-1F2C-48E2-8E1B-F0654830D8CF}.Debug.ActiveCfg = Debug|Win32
		{046709DE-1F2C-48E2-8E1B-F0654830D8CF}.Debug.Build.0 = Debug|Win32
		{046709DE-1F2C-48E2-8E1B-F0654830D8CF}.Release.ActiveCfg = Release|Win32
		{046709DE-1F2C-48E2-8E1B-F0654830D8CF}.Release.Build.0 = Release|Win32
		{046709DE-1F2C-48E2-8E1B-F0654830D8CF}.MinSizeRel.ActiveCfg = MinSizeRel|Win32
		{046709DE-1F2C-48E2-8E1B-F0654830D8CF}.MinSizeRel.Build.0 = MinSizeRel|Win32
		{046709DE-1F2C-48E2-8E1B-F0654830D8CF}.RelWithDebInfo.ActiveCfg = RelWithDebInfo|Win32
		{046709DE-1F2C-48E2-8E1B-F0654830D8CF}.RelWithDebInfo.Build.0 = RelWithDebInfo|Win32
		{A67C2591-6E64-4D07-AFDD-7C562A7EE99D}.Debug.ActiveCfg = Debug|Win32
		{A67C2591-6E64-4D07-AFDD-7C562A7EE99D}.Debug.Build.0 = Debug|Win32
		{A67C2591-6E64-4D07-AFDD-7C562A7EE99D}.Release.ActiveCfg = Release|Win32
		{A67C2591-6E64-4D07-AFDD-7C562A7EE99D}.Release.Build.0 = Release|Win32
		{A67C2591-6E64-4D07-AFDD-7C562A7EE99D}.MinSizeRel.ActiveCfg = MinSizeRel|Win32
		{A67C2591-6E64-4D07-AFDD-7C562A7EE99D}.MinSizeRel.Build.0 = MinSizeRel|Win32
		{A67C2591-6E64-4D07-AFDD-7C562A7EE99D}.RelWithDebInfo.ActiveCfg = RelWithDebInfo|Win32
		{A67C2591-6E64-4D07-AFDD-7C562A7EE99D}.RelWithDebInfo.Build.0 = RelWithDebInfo|Win32
		{76E0B0C4-00B2-433B-9966-9C85FE1A278B}.Debug.ActiveCfg = Debug|Win32
		{76E0B0C4-00B2-433B-9966-9C85FE1A278B}.Debug.Build.0 = Debug|Win32
		{76E0B0C4-00B2-433B-9966-9C85FE1A278B}.Release.ActiveCfg = Release|Win32
		{76E0B0C4-00B2-433B-9966-9C85FE1A278B}.Release.Build.0 = Release|Win32
		{76E0B0C4-00B2-433B-9966-9C85FE1A278B}.MinSizeRel.ActiveCfg = MinSizeRel|Win32
		{76E0B0C4-00B2-433B-9966-9C85FE1A278B}.MinSizeRel.Build.0 = MinSizeRel|Win32
		{76E0B0C4-00B2-433B-9966-9C85FE1A278B}.RelWithDebInfo.ActiveCfg = RelWithDebInfo|Win32
		{76E0B0C4-00B2-433B-9966-9C85FE1A278B}.RelWithDebInfo.Build.0 = RelWithDebInfo|Win32
	EndGlobalSection
	GlobalSection(ExtensibilityGlobals) = postSolution
	EndGlobalSection
	GlobalSection(ExtensibilityAddIns) = postSolution
	EndGlobalSection
EndGlobal
