Microsoft Visual Studio Solution File, Format Version 8.00
Project("{8BC9CEB8-8B4A-11D0-8D11-00A0C91BC942}") = "ClockerPlugIn", "ClockerPlugIn\ClockerPlugIn.vcproj", "{58D6D215-644C-4D22-8C0B-44263165B814}"
	ProjectSection(ProjectDependencies) = postProject
		{03801E82-FF68-4DF7-843B-B6DA454D3111} = {03801E82-FF68-4DF7-843B-B6DA454D3111}
	EndProjectSection
EndProject
Project("{8BC9CEB8-8B4A-11D0-8D11-00A0C91BC942}") = "CppUnitTestApp", "msvc6\CppUnitTestApp\CppUnitTestApp.vcproj", "{E5637E6E-5B3E-4EC2-8EFA-DB2F4B1AE372}"
	ProjectSection(ProjectDependencies) = postProject
		{D2BDDCAE-F1C2-464C-AF28-07021A5B7705} = {D2BDDCAE-F1C2-464C-AF28-07021A5B7705}
	EndProjectSection
EndProject
Project("{8BC9CEB8-8B4A-11D0-8D11-00A0C91BC942}") = "CppUnitTestMain", "cppunittest\CppUnitTestMain.vcproj", "{78CBA609-8B56-4A22-8F64-8C00C07704F5}"
	ProjectSection(ProjectDependencies) = postProject
		{03801E82-FF68-4DF7-843B-B6DA454D3111} = {03801E82-FF68-4DF7-843B-B6DA454D3111}
		{F69034AC-8BC5-456D-A18F-076D660B5243} = {F69034AC-8BC5-456D-A18F-076D660B5243}
	EndProjectSection
EndProject
Project("{8BC9CEB8-8B4A-11D0-8D11-00A0C91BC942}") = "CppUnitTestPlugIn", "cppunittest\CppUnitTestPlugIn.vcproj", "{CDB2E6FC-3B95-4356-B310-2E5960022C24}"
	ProjectSection(ProjectDependencies) = postProject
		{03801E82-FF68-4DF7-843B-B6DA454D3111} = {03801E82-FF68-4DF7-843B-B6DA454D3111}
	EndProjectSection
EndProject
Project("{8BC9CEB8-8B4A-11D0-8D11-00A0C91BC942}") = "DllPlugInTester", "..\src\DllPlugInTester\DllPlugInTester.vcproj", "{4E1A7FA4-C30B-4AEF-ADF3-BBB7AEC8C66A}"
	ProjectSection(ProjectDependencies) = postProject
		{03801E82-FF68-4DF7-843B-B6DA454D3111} = {03801E82-FF68-4DF7-843B-B6DA454D3111}
	EndProjectSection
EndProject
Project("{8BC9CEB8-8B4A-11D0-8D11-00A0C91BC942}") = "DllPlugInTesterTest", "..\src\DllPlugInTester\DllPlugInTesterTest.vcproj", "{E18A96DD-C990-457E-BBA4-1F21FB97C736}"
	ProjectSection(ProjectDependencies) = postProject
	EndProjectSection
EndProject
Project("{8BC9CEB8-8B4A-11D0-8D11-00A0C91BC942}") = "DumperPlugIn", "DumperPlugIn\DumperPlugIn.vcproj", "{99439A21-0B63-48B2-AB42-DE6C31A3A858}"
	ProjectSection(ProjectDependencies) = postProject
		{03801E82-FF68-4DF7-843B-B6DA454D3111} = {03801E82-FF68-4DF7-843B-B6DA454D3111}
	EndProjectSection
EndProject
Project("{8BC9CEB8-8B4A-11D0-8D11-00A0C91BC942}") = "HostApp", "msvc6\HostApp\HostApp.vcproj", "{AB624744-1C25-4DE8-ADED-10C55733D4C3}"
	ProjectSection(ProjectDependencies) = postProject
		{D2BDDCAE-F1C2-464C-AF28-07021A5B7705} = {D2BDDCAE-F1C2-464C-AF28-07021A5B7705}
	EndProjectSection
EndProject
Project("{8BC9CEB8-8B4A-11D0-8D11-00A0C91BC942}") = "TestPlugInRunner", "..\src\msvc6\testpluginrunner\TestPlugInRunner.vcproj", "{2CDEDDF0-05B1-4ADE-B745-0E9B0E97735D}"
	ProjectSection(ProjectDependencies) = postProject
		{03801E82-FF68-4DF7-843B-B6DA454D3111} = {03801E82-FF68-4DF7-843B-B6DA454D3111}
	EndProjectSection
EndProject
Project("{8BC9CEB8-8B4A-11D0-8D11-00A0C91BC942}") = "TestRunner", "..\src\msvc6\testrunner\TestRunner.vcproj", "{D2BDDCAE-F1C2-464C-AF28-07021A5B7705}"
	ProjectSection(ProjectDependencies) = postProject
		{F69034AC-8BC5-456D-A18F-076D660B5243} = {F69034AC-8BC5-456D-A18F-076D660B5243}
	EndProjectSection
EndProject
Project("{8BC9CEB8-8B4A-11D0-8D11-00A0C91BC942}") = "cppunit", "..\src\cppunit\cppunit.vcproj", "{F69034AC-8BC5-456D-A18F-076D660B5243}"
	ProjectSection(ProjectDependencies) = postProject
	EndProjectSection
EndProject
Project("{8BC9CEB8-8B4A-11D0-8D11-00A0C91BC942}") = "cppunit_dll", "..\src\cppunit\cppunit_dll.vcproj", "{03801E82-FF68-4DF7-843B-B6DA454D3111}"
	ProjectSection(ProjectDependencies) = postProject
	EndProjectSection
EndProject
Project("{8BC9CEB8-8B4A-11D0-8D11-00A0C91BC942}") = "hierarchy", "hierarchy\hierarchy.vcproj", "{D54BC723-6075-4AF2-BF23-34AB48CB18F6}"
	ProjectSection(ProjectDependencies) = postProject
		{F69034AC-8BC5-456D-A18F-076D660B5243} = {F69034AC-8BC5-456D-A18F-076D660B5243}
	EndProjectSection
EndProject
Project("{8BC9CEB8-8B4A-11D0-8D11-00A0C91BC942}") = "money", "money\money.vcproj", "{8B7160DA-F4EA-48BE-9912-82182059CE12}"
	ProjectSection(ProjectDependencies) = postProject
		{F69034AC-8BC5-456D-A18F-076D660B5243} = {F69034AC-8BC5-456D-A18F-076D660B5243}
	EndProjectSection
EndProject
Project("{8BC9CEB8-8B4A-11D0-8D11-00A0C91BC942}") = "simple", "simple\simple.vcproj", "{8D63D7BF-5E05-4390-820F-9168D553AF72}"
	ProjectSection(ProjectDependencies) = postProject
		{F69034AC-8BC5-456D-A18F-076D660B5243} = {F69034AC-8BC5-456D-A18F-076D660B5243}
	EndProjectSection
EndProject
Project("{8BC9CEB8-8B4A-11D0-8D11-00A0C91BC942}") = "simple_plugin", "SIMPLE\simple_plugin.vcproj", "{2FFF49FA-D6AB-4081-B0CA-176C5F5AE82E}"
	ProjectSection(ProjectDependencies) = postProject
		{4E1A7FA4-C30B-4AEF-ADF3-BBB7AEC8C66A} = {4E1A7FA4-C30B-4AEF-ADF3-BBB7AEC8C66A}
		{03801E82-FF68-4DF7-843B-B6DA454D3111} = {03801E82-FF68-4DF7-843B-B6DA454D3111}
	EndProjectSection
EndProject
Global
	GlobalSection(DPCodeReviewSolutionGUID) = preSolution
		DPCodeReviewSolutionGUID = {00000000-0000-0000-0000-000000000000}
	EndGlobalSection
	GlobalSection(SolutionConfiguration) = preSolution
		Debug = Debug
		Debug DLL = Debug DLL
		Debug No Type Info Name = Debug No Type Info Name
		Debug NtTimer = Debug NtTimer
		Debug Static = Debug Static
		Debug Unicode = Debug Unicode
		Release = Release
		Release DLL = Release DLL
		Release Static = Release Static
		Release Unicode = Release Unicode
	EndGlobalSection
	GlobalSection(ProjectConfiguration) = postSolution
		{58D6D215-644C-4D22-8C0B-44263165B814}.Debug.ActiveCfg = Debug|Win32
		{58D6D215-644C-4D22-8C0B-44263165B814}.Debug.Build.0 = Debug|Win32
		{58D6D215-644C-4D22-8C0B-44263165B814}.Debug DLL.ActiveCfg = Debug NtTimer|Win32
		{58D6D215-644C-4D22-8C0B-44263165B814}.Debug DLL.Build.0 = Debug NtTimer|Win32
		{58D6D215-644C-4D22-8C0B-44263165B814}.Debug No Type Info Name.ActiveCfg = Debug NtTimer|Win32
		{58D6D215-644C-4D22-8C0B-44263165B814}.Debug No Type Info Name.Build.0 = Debug NtTimer|Win32
		{58D6D215-644C-4D22-8C0B-44263165B814}.Debug NtTimer.ActiveCfg = Debug NtTimer|Win32
		{58D6D215-644C-4D22-8C0B-44263165B814}.Debug NtTimer.Build.0 = Debug NtTimer|Win32
		{58D6D215-644C-4D22-8C0B-44263165B814}.Debug Static.ActiveCfg = Debug NtTimer|Win32
		{58D6D215-644C-4D22-8C0B-44263165B814}.Debug Static.Build.0 = Debug NtTimer|Win32
		{58D6D215-644C-4D22-8C0B-44263165B814}.Debug Unicode.ActiveCfg = Debug NtTimer|Win32
		{58D6D215-644C-4D22-8C0B-44263165B814}.Debug Unicode.Build.0 = Debug NtTimer|Win32
		{58D6D215-644C-4D22-8C0B-44263165B814}.Release.ActiveCfg = Release|Win32
		{58D6D215-644C-4D22-8C0B-44263165B814}.Release.Build.0 = Release|Win32
		{58D6D215-644C-4D22-8C0B-44263165B814}.Release DLL.ActiveCfg = Release|Win32
		{58D6D215-644C-4D22-8C0B-44263165B814}.Release DLL.Build.0 = Release|Win32
		{58D6D215-644C-4D22-8C0B-44263165B814}.Release Static.ActiveCfg = Release|Win32
		{58D6D215-644C-4D22-8C0B-44263165B814}.Release Static.Build.0 = Release|Win32
		{58D6D215-644C-4D22-8C0B-44263165B814}.Release Unicode.ActiveCfg = Release|Win32
		{58D6D215-644C-4D22-8C0B-44263165B814}.Release Unicode.Build.0 = Release|Win32
		{E5637E6E-5B3E-4EC2-8EFA-DB2F4B1AE372}.Debug.ActiveCfg = Debug|Win32
		{E5637E6E-5B3E-4EC2-8EFA-DB2F4B1AE372}.Debug.Build.0 = Debug|Win32
		{E5637E6E-5B3E-4EC2-8EFA-DB2F4B1AE372}.Debug DLL.ActiveCfg = Debug|Win32
		{E5637E6E-5B3E-4EC2-8EFA-DB2F4B1AE372}.Debug DLL.Build.0 = Debug|Win32
		{E5637E6E-5B3E-4EC2-8EFA-DB2F4B1AE372}.Debug No Type Info Name.ActiveCfg = Debug|Win32
		{E5637E6E-5B3E-4EC2-8EFA-DB2F4B1AE372}.Debug No Type Info Name.Build.0 = Debug|Win32
		{E5637E6E-5B3E-4EC2-8EFA-DB2F4B1AE372}.Debug NtTimer.ActiveCfg = Debug|Win32
		{E5637E6E-5B3E-4EC2-8EFA-DB2F4B1AE372}.Debug NtTimer.Build.0 = Debug|Win32
		{E5637E6E-5B3E-4EC2-8EFA-DB2F4B1AE372}.Debug Static.ActiveCfg = Debug|Win32
		{E5637E6E-5B3E-4EC2-8EFA-DB2F4B1AE372}.Debug Static.Build.0 = Debug|Win32
		{E5637E6E-5B3E-4EC2-8EFA-DB2F4B1AE372}.Debug Unicode.ActiveCfg = Debug|Win32
		{E5637E6E-5B3E-4EC2-8EFA-DB2F4B1AE372}.Debug Unicode.Build.0 = Debug|Win32
		{E5637E6E-5B3E-4EC2-8EFA-DB2F4B1AE372}.Release.ActiveCfg = Release|Win32
		{E5637E6E-5B3E-4EC2-8EFA-DB2F4B1AE372}.Release.Build.0 = Release|Win32
		{E5637E6E-5B3E-4EC2-8EFA-DB2F4B1AE372}.Release DLL.ActiveCfg = Release|Win32
		{E5637E6E-5B3E-4EC2-8EFA-DB2F4B1AE372}.Release DLL.Build.0 = Release|Win32
		{E5637E6E-5B3E-4EC2-8EFA-DB2F4B1AE372}.Release Static.ActiveCfg = Release|Win32
		{E5637E6E-5B3E-4EC2-8EFA-DB2F4B1AE372}.Release Static.Build.0 = Release|Win32
		{E5637E6E-5B3E-4EC2-8EFA-DB2F4B1AE372}.Release Unicode.ActiveCfg = Release|Win32
		{E5637E6E-5B3E-4EC2-8EFA-DB2F4B1AE372}.Release Unicode.Build.0 = Release|Win32
		{78CBA609-8B56-4A22-8F64-8C00C07704F5}.Debug.ActiveCfg = Debug|Win32
		{78CBA609-8B56-4A22-8F64-8C00C07704F5}.Debug.Build.0 = Debug|Win32
		{78CBA609-8B56-4A22-8F64-8C00C07704F5}.Debug DLL.ActiveCfg = Debug DLL|Win32
		{78CBA609-8B56-4A22-8F64-8C00C07704F5}.Debug DLL.Build.0 = Debug DLL|Win32
		{78CBA609-8B56-4A22-8F64-8C00C07704F5}.Debug No Type Info Name.ActiveCfg = Debug|Win32
		{78CBA609-8B56-4A22-8F64-8C00C07704F5}.Debug No Type Info Name.Build.0 = Debug|Win32
		{78CBA609-8B56-4A22-8F64-8C00C07704F5}.Debug NtTimer.ActiveCfg = Debug|Win32
		{78CBA609-8B56-4A22-8F64-8C00C07704F5}.Debug NtTimer.Build.0 = Debug|Win32
		{78CBA609-8B56-4A22-8F64-8C00C07704F5}.Debug Static.ActiveCfg = Debug|Win32
		{78CBA609-8B56-4A22-8F64-8C00C07704F5}.Debug Static.Build.0 = Debug|Win32
		{78CBA609-8B56-4A22-8F64-8C00C07704F5}.Debug Unicode.ActiveCfg = Debug|Win32
		{78CBA609-8B56-4A22-8F64-8C00C07704F5}.Debug Unicode.Build.0 = Debug|Win32
		{78CBA609-8B56-4A22-8F64-8C00C07704F5}.Release.ActiveCfg = Release|Win32
		{78CBA609-8B56-4A22-8F64-8C00C07704F5}.Release.Build.0 = Release|Win32
		{78CBA609-8B56-4A22-8F64-8C00C07704F5}.Release DLL.ActiveCfg = Release DLL|Win32
		{78CBA609-8B56-4A22-8F64-8C00C07704F5}.Release DLL.Build.0 = Release DLL|Win32
		{78CBA609-8B56-4A22-8F64-8C00C07704F5}.Release Static.ActiveCfg = Release|Win32
		{78CBA609-8B56-4A22-8F64-8C00C07704F5}.Release Static.Build.0 = Release|Win32
		{78CBA609-8B56-4A22-8F64-8C00C07704F5}.Release Unicode.ActiveCfg = Release|Win32
		{78CBA609-8B56-4A22-8F64-8C00C07704F5}.Release Unicode.Build.0 = Release|Win32
		{CDB2E6FC-3B95-4356-B310-2E5960022C24}.Debug.ActiveCfg = Debug|Win32
		{CDB2E6FC-3B95-4356-B310-2E5960022C24}.Debug.Build.0 = Debug|Win32
		{CDB2E6FC-3B95-4356-B310-2E5960022C24}.Debug DLL.ActiveCfg = Debug|Win32
		{CDB2E6FC-3B95-4356-B310-2E5960022C24}.Debug DLL.Build.0 = Debug|Win32
		{CDB2E6FC-3B95-4356-B310-2E5960022C24}.Debug No Type Info Name.ActiveCfg = Debug|Win32
		{CDB2E6FC-3B95-4356-B310-2E5960022C24}.Debug No Type Info Name.Build.0 = Debug|Win32
		{CDB2E6FC-3B95-4356-B310-2E5960022C24}.Debug NtTimer.ActiveCfg = Debug|Win32
		{CDB2E6FC-3B95-4356-B310-2E5960022C24}.Debug NtTimer.Build.0 = Debug|Win32
		{CDB2E6FC-3B95-4356-B310-2E5960022C24}.Debug Static.ActiveCfg = Debug|Win32
		{CDB2E6FC-3B95-4356-B310-2E5960022C24}.Debug Static.Build.0 = Debug|Win32
		{CDB2E6FC-3B95-4356-B310-2E5960022C24}.Debug Unicode.ActiveCfg = Debug|Win32
		{CDB2E6FC-3B95-4356-B310-2E5960022C24}.Debug Unicode.Build.0 = Debug|Win32
		{CDB2E6FC-3B95-4356-B310-2E5960022C24}.Release.ActiveCfg = Release|Win32
		{CDB2E6FC-3B95-4356-B310-2E5960022C24}.Release.Build.0 = Release|Win32
		{CDB2E6FC-3B95-4356-B310-2E5960022C24}.Release DLL.ActiveCfg = Release|Win32
		{CDB2E6FC-3B95-4356-B310-2E5960022C24}.Release DLL.Build.0 = Release|Win32
		{CDB2E6FC-3B95-4356-B310-2E5960022C24}.Release Static.ActiveCfg = Release|Win32
		{CDB2E6FC-3B95-4356-B310-2E5960022C24}.Release Static.Build.0 = Release|Win32
		{CDB2E6FC-3B95-4356-B310-2E5960022C24}.Release Unicode.ActiveCfg = Release|Win32
		{CDB2E6FC-3B95-4356-B310-2E5960022C24}.Release Unicode.Build.0 = Release|Win32
		{4E1A7FA4-C30B-4AEF-ADF3-BBB7AEC8C66A}.Debug.ActiveCfg = Debug|Win32
		{4E1A7FA4-C30B-4AEF-ADF3-BBB7AEC8C66A}.Debug.Build.0 = Debug|Win32
		{4E1A7FA4-C30B-4AEF-ADF3-BBB7AEC8C66A}.Debug DLL.ActiveCfg = Debug Unicode|Win32
		{4E1A7FA4-C30B-4AEF-ADF3-BBB7AEC8C66A}.Debug DLL.Build.0 = Debug Unicode|Win32
		{4E1A7FA4-C30B-4AEF-ADF3-BBB7AEC8C66A}.Debug No Type Info Name.ActiveCfg = Debug Unicode|Win32
		{4E1A7FA4-C30B-4AEF-ADF3-BBB7AEC8C66A}.Debug No Type Info Name.Build.0 = Debug Unicode|Win32
		{4E1A7FA4-C30B-4AEF-ADF3-BBB7AEC8C66A}.Debug NtTimer.ActiveCfg = Debug Unicode|Win32
		{4E1A7FA4-C30B-4AEF-ADF3-BBB7AEC8C66A}.Debug NtTimer.Build.0 = Debug Unicode|Win32
		{4E1A7FA4-C30B-4AEF-ADF3-BBB7AEC8C66A}.Debug Static.ActiveCfg = Debug Static|Win32
		{4E1A7FA4-C30B-4AEF-ADF3-BBB7AEC8C66A}.Debug Static.Build.0 = Debug Static|Win32
		{4E1A7FA4-C30B-4AEF-ADF3-BBB7AEC8C66A}.Debug Unicode.ActiveCfg = Debug Unicode|Win32
		{4E1A7FA4-C30B-4AEF-ADF3-BBB7AEC8C66A}.Debug Unicode.Build.0 = Debug Unicode|Win32
		{4E1A7FA4-C30B-4AEF-ADF3-BBB7AEC8C66A}.Release.ActiveCfg = Release|Win32
		{4E1A7FA4-C30B-4AEF-ADF3-BBB7AEC8C66A}.Release.Build.0 = Release|Win32
		{4E1A7FA4-C30B-4AEF-ADF3-BBB7AEC8C66A}.Release DLL.ActiveCfg = Release Static|Win32
		{4E1A7FA4-C30B-4AEF-ADF3-BBB7AEC8C66A}.Release DLL.Build.0 = Release Static|Win32
		{4E1A7FA4-C30B-4AEF-ADF3-BBB7AEC8C66A}.Release Static.ActiveCfg = Release Static|Win32
		{4E1A7FA4-C30B-4AEF-ADF3-BBB7AEC8C66A}.Release Static.Build.0 = Release Static|Win32
		{4E1A7FA4-C30B-4AEF-ADF3-BBB7AEC8C66A}.Release Unicode.ActiveCfg = Release Unicode|Win32
		{4E1A7FA4-C30B-4AEF-ADF3-BBB7AEC8C66A}.Release Unicode.Build.0 = Release Unicode|Win32
		{E18A96DD-C990-457E-BBA4-1F21FB97C736}.Debug.ActiveCfg = Debug|Win32
		{E18A96DD-C990-457E-BBA4-1F21FB97C736}.Debug.Build.0 = Debug|Win32
		{E18A96DD-C990-457E-BBA4-1F21FB97C736}.Debug DLL.ActiveCfg = Debug|Win32
		{E18A96DD-C990-457E-BBA4-1F21FB97C736}.Debug DLL.Build.0 = Debug|Win32
		{E18A96DD-C990-457E-BBA4-1F21FB97C736}.Debug No Type Info Name.ActiveCfg = Debug|Win32
		{E18A96DD-C990-457E-BBA4-1F21FB97C736}.Debug No Type Info Name.Build.0 = Debug|Win32
		{E18A96DD-C990-457E-BBA4-1F21FB97C736}.Debug NtTimer.ActiveCfg = Debug|Win32
		{E18A96DD-C990-457E-BBA4-1F21FB97C736}.Debug NtTimer.Build.0 = Debug|Win32
		{E18A96DD-C990-457E-BBA4-1F21FB97C736}.Debug Static.ActiveCfg = Debug|Win32
		{E18A96DD-C990-457E-BBA4-1F21FB97C736}.Debug Static.Build.0 = Debug|Win32
		{E18A96DD-C990-457E-BBA4-1F21FB97C736}.Debug Unicode.ActiveCfg = Debug|Win32
		{E18A96DD-C990-457E-BBA4-1F21FB97C736}.Debug Unicode.Build.0 = Debug|Win32
		{E18A96DD-C990-457E-BBA4-1F21FB97C736}.Release.ActiveCfg = Release|Win32
		{E18A96DD-C990-457E-BBA4-1F21FB97C736}.Release.Build.0 = Release|Win32
		{E18A96DD-C990-457E-BBA4-1F21FB97C736}.Release DLL.ActiveCfg = Release|Win32
		{E18A96DD-C990-457E-BBA4-1F21FB97C736}.Release DLL.Build.0 = Release|Win32
		{E18A96DD-C990-457E-BBA4-1F21FB97C736}.Release Static.ActiveCfg = Release|Win32
		{E18A96DD-C990-457E-BBA4-1F21FB97C736}.Release Static.Build.0 = Release|Win32
		{E18A96DD-C990-457E-BBA4-1F21FB97C736}.Release Unicode.ActiveCfg = Release|Win32
		{E18A96DD-C990-457E-BBA4-1F21FB97C736}.Release Unicode.Build.0 = Release|Win32
		{99439A21-0B63-48B2-AB42-DE6C31A3A858}.Debug.ActiveCfg = Debug|Win32
		{99439A21-0B63-48B2-AB42-DE6C31A3A858}.Debug.Build.0 = Debug|Win32
		{99439A21-0B63-48B2-AB42-DE6C31A3A858}.Debug DLL.ActiveCfg = Debug|Win32
		{99439A21-0B63-48B2-AB42-DE6C31A3A858}.Debug DLL.Build.0 = Debug|Win32
		{99439A21-0B63-48B2-AB42-DE6C31A3A858}.Debug No Type Info Name.ActiveCfg = Debug|Win32
		{99439A21-0B63-48B2-AB42-DE6C31A3A858}.Debug No Type Info Name.Build.0 = Debug|Win32
		{99439A21-0B63-48B2-AB42-DE6C31A3A858}.Debug NtTimer.ActiveCfg = Debug|Win32
		{99439A21-0B63-48B2-AB42-DE6C31A3A858}.Debug NtTimer.Build.0 = Debug|Win32
		{99439A21-0B63-48B2-AB42-DE6C31A3A858}.Debug Static.ActiveCfg = Debug|Win32
		{99439A21-0B63-48B2-AB42-DE6C31A3A858}.Debug Static.Build.0 = Debug|Win32
		{99439A21-0B63-48B2-AB42-DE6C31A3A858}.Debug Unicode.ActiveCfg = Debug|Win32
		{99439A21-0B63-48B2-AB42-DE6C31A3A858}.Debug Unicode.Build.0 = Debug|Win32
		{99439A21-0B63-48B2-AB42-DE6C31A3A858}.Release.ActiveCfg = Release|Win32
		{99439A21-0B63-48B2-AB42-DE6C31A3A858}.Release.Build.0 = Release|Win32
		{99439A21-0B63-48B2-AB42-DE6C31A3A858}.Release DLL.ActiveCfg = Release|Win32
		{99439A21-0B63-48B2-AB42-DE6C31A3A858}.Release DLL.Build.0 = Release|Win32
		{99439A21-0B63-48B2-AB42-DE6C31A3A858}.Release Static.ActiveCfg = Release|Win32
		{99439A21-0B63-48B2-AB42-DE6C31A3A858}.Release Static.Build.0 = Release|Win32
		{99439A21-0B63-48B2-AB42-DE6C31A3A858}.Release Unicode.ActiveCfg = Release|Win32
		{99439A21-0B63-48B2-AB42-DE6C31A3A858}.Release Unicode.Build.0 = Release|Win32
		{AB624744-1C25-4DE8-ADED-10C55733D4C3}.Debug.ActiveCfg = Debug|Win32
		{AB624744-1C25-4DE8-ADED-10C55733D4C3}.Debug.Build.0 = Debug|Win32
		{AB624744-1C25-4DE8-ADED-10C55733D4C3}.Debug DLL.ActiveCfg = Debug No Type Info Name|Win32
		{AB624744-1C25-4DE8-ADED-10C55733D4C3}.Debug DLL.Build.0 = Debug No Type Info Name|Win32
		{AB624744-1C25-4DE8-ADED-10C55733D4C3}.Debug No Type Info Name.ActiveCfg = Debug No Type Info Name|Win32
		{AB624744-1C25-4DE8-ADED-10C55733D4C3}.Debug No Type Info Name.Build.0 = Debug No Type Info Name|Win32
		{AB624744-1C25-4DE8-ADED-10C55733D4C3}.Debug NtTimer.ActiveCfg = Debug No Type Info Name|Win32
		{AB624744-1C25-4DE8-ADED-10C55733D4C3}.Debug NtTimer.Build.0 = Debug No Type Info Name|Win32
		{AB624744-1C25-4DE8-ADED-10C55733D4C3}.Debug Static.ActiveCfg = Debug No Type Info Name|Win32
		{AB624744-1C25-4DE8-ADED-10C55733D4C3}.Debug Static.Build.0 = Debug No Type Info Name|Win32
		{AB624744-1C25-4DE8-ADED-10C55733D4C3}.Debug Unicode.ActiveCfg = Debug Unicode|Win32
		{AB624744-1C25-4DE8-ADED-10C55733D4C3}.Debug Unicode.Build.0 = Debug Unicode|Win32
		{AB624744-1C25-4DE8-ADED-10C55733D4C3}.Release.ActiveCfg = Release|Win32
		{AB624744-1C25-4DE8-ADED-10C55733D4C3}.Release.Build.0 = Release|Win32
		{AB624744-1C25-4DE8-ADED-10C55733D4C3}.Release DLL.ActiveCfg = Release Unicode|Win32
		{AB624744-1C25-4DE8-ADED-10C55733D4C3}.Release DLL.Build.0 = Release Unicode|Win32
		{AB624744-1C25-4DE8-ADED-10C55733D4C3}.Release Static.ActiveCfg = Release Unicode|Win32
		{AB624744-1C25-4DE8-ADED-10C55733D4C3}.Release Static.Build.0 = Release Unicode|Win32
		{AB624744-1C25-4DE8-ADED-10C55733D4C3}.Release Unicode.ActiveCfg = Release Unicode|Win32
		{AB624744-1C25-4DE8-ADED-10C55733D4C3}.Release Unicode.Build.0 = Release Unicode|Win32
		{2CDEDDF0-05B1-4ADE-B745-0E9B0E97735D}.Debug.ActiveCfg = Debug|Win32
		{2CDEDDF0-05B1-4ADE-B745-0E9B0E97735D}.Debug.Build.0 = Debug|Win32
		{2CDEDDF0-05B1-4ADE-B745-0E9B0E97735D}.Debug DLL.ActiveCfg = Debug|Win32
		{2CDEDDF0-05B1-4ADE-B745-0E9B0E97735D}.Debug DLL.Build.0 = Debug|Win32
		{2CDEDDF0-05B1-4ADE-B745-0E9B0E97735D}.Debug No Type Info Name.ActiveCfg = Debug|Win32
		{2CDEDDF0-05B1-4ADE-B745-0E9B0E97735D}.Debug No Type Info Name.Build.0 = Debug|Win32
		{2CDEDDF0-05B1-4ADE-B745-0E9B0E97735D}.Debug NtTimer.ActiveCfg = Debug|Win32
		{2CDEDDF0-05B1-4ADE-B745-0E9B0E97735D}.Debug NtTimer.Build.0 = Debug|Win32
		{2CDEDDF0-05B1-4ADE-B745-0E9B0E97735D}.Debug Static.ActiveCfg = Debug|Win32
		{2CDEDDF0-05B1-4ADE-B745-0E9B0E97735D}.Debug Static.Build.0 = Debug|Win32
		{2CDEDDF0-05B1-4ADE-B745-0E9B0E97735D}.Debug Unicode.ActiveCfg = Debug|Win32
		{2CDEDDF0-05B1-4ADE-B745-0E9B0E97735D}.Debug Unicode.Build.0 = Debug|Win32
		{2CDEDDF0-05B1-4ADE-B745-0E9B0E97735D}.Release.ActiveCfg = Release|Win32
		{2CDEDDF0-05B1-4ADE-B745-0E9B0E97735D}.Release.Build.0 = Release|Win32
		{2CDEDDF0-05B1-4ADE-B745-0E9B0E97735D}.Release DLL.ActiveCfg = Release|Win32
		{2CDEDDF0-05B1-4ADE-B745-0E9B0E97735D}.Release DLL.Build.0 = Release|Win32
		{2CDEDDF0-05B1-4ADE-B745-0E9B0E97735D}.Release Static.ActiveCfg = Release|Win32
		{2CDEDDF0-05B1-4ADE-B745-0E9B0E97735D}.Release Static.Build.0 = Release|Win32
		{2CDEDDF0-05B1-4ADE-B745-0E9B0E97735D}.Release Unicode.ActiveCfg = Release|Win32
		{2CDEDDF0-05B1-4ADE-B745-0E9B0E97735D}.Release Unicode.Build.0 = Release|Win32
		{D2BDDCAE-F1C2-464C-AF28-07021A5B7705}.Debug.ActiveCfg = Debug|Win32
		{D2BDDCAE-F1C2-464C-AF28-07021A5B7705}.Debug.Build.0 = Debug|Win32
		{D2BDDCAE-F1C2-464C-AF28-07021A5B7705}.Debug DLL.ActiveCfg = Debug|Win32
		{D2BDDCAE-F1C2-464C-AF28-07021A5B7705}.Debug DLL.Build.0 = Debug|Win32
		{D2BDDCAE-F1C2-464C-AF28-07021A5B7705}.Debug No Type Info Name.ActiveCfg = Debug|Win32
		{D2BDDCAE-F1C2-464C-AF28-07021A5B7705}.Debug No Type Info Name.Build.0 = Debug|Win32
		{D2BDDCAE-F1C2-464C-AF28-07021A5B7705}.Debug NtTimer.ActiveCfg = Debug|Win32
		{D2BDDCAE-F1C2-464C-AF28-07021A5B7705}.Debug NtTimer.Build.0 = Debug|Win32
		{D2BDDCAE-F1C2-464C-AF28-07021A5B7705}.Debug Static.ActiveCfg = Debug|Win32
		{D2BDDCAE-F1C2-464C-AF28-07021A5B7705}.Debug Static.Build.0 = Debug|Win32
		{D2BDDCAE-F1C2-464C-AF28-07021A5B7705}.Debug Unicode.ActiveCfg = Debug Unicode|Win32
		{D2BDDCAE-F1C2-464C-AF28-07021A5B7705}.Debug Unicode.Build.0 = Debug Unicode|Win32
		{D2BDDCAE-F1C2-464C-AF28-07021A5B7705}.Release.ActiveCfg = Release|Win32
		{D2BDDCAE-F1C2-464C-AF28-07021A5B7705}.Release.Build.0 = Release|Win32
		{D2BDDCAE-F1C2-464C-AF28-07021A5B7705}.Release DLL.ActiveCfg = Release Unicode|Win32
		{D2BDDCAE-F1C2-464C-AF28-07021A5B7705}.Release DLL.Build.0 = Release Unicode|Win32
		{D2BDDCAE-F1C2-464C-AF28-07021A5B7705}.Release Static.ActiveCfg = Release Unicode|Win32
		{D2BDDCAE-F1C2-464C-AF28-07021A5B7705}.Release Static.Build.0 = Release Unicode|Win32
		{D2BDDCAE-F1C2-464C-AF28-07021A5B7705}.Release Unicode.ActiveCfg = Release Unicode|Win32
		{D2BDDCAE-F1C2-464C-AF28-07021A5B7705}.Release Unicode.Build.0 = Release Unicode|Win32
		{F69034AC-8BC5-456D-A18F-076D660B5243}.Debug.ActiveCfg = Debug|Win32
		{F69034AC-8BC5-456D-A18F-076D660B5243}.Debug.Build.0 = Debug|Win32
		{F69034AC-8BC5-456D-A18F-076D660B5243}.Debug DLL.ActiveCfg = Debug|Win32
		{F69034AC-8BC5-456D-A18F-076D660B5243}.Debug DLL.Build.0 = Debug|Win32
		{F69034AC-8BC5-456D-A18F-076D660B5243}.Debug No Type Info Name.ActiveCfg = Debug|Win32
		{F69034AC-8BC5-456D-A18F-076D660B5243}.Debug No Type Info Name.Build.0 = Debug|Win32
		{F69034AC-8BC5-456D-A18F-076D660B5243}.Debug NtTimer.ActiveCfg = Debug|Win32
		{F69034AC-8BC5-456D-A18F-076D660B5243}.Debug NtTimer.Build.0 = Debug|Win32
		{F69034AC-8BC5-456D-A18F-076D660B5243}.Debug Static.ActiveCfg = Debug|Win32
		{F69034AC-8BC5-456D-A18F-076D660B5243}.Debug Static.Build.0 = Debug|Win32
		{F69034AC-8BC5-456D-A18F-076D660B5243}.Debug Unicode.ActiveCfg = Debug|Win32
		{F69034AC-8BC5-456D-A18F-076D660B5243}.Debug Unicode.Build.0 = Debug|Win32
		{F69034AC-8BC5-456D-A18F-076D660B5243}.Release.ActiveCfg = Release|Win32
		{F69034AC-8BC5-456D-A18F-076D660B5243}.Release.Build.0 = Release|Win32
		{F69034AC-8BC5-456D-A18F-076D660B5243}.Release DLL.ActiveCfg = Release|Win32
		{F69034AC-8BC5-456D-A18F-076D660B5243}.Release DLL.Build.0 = Release|Win32
		{F69034AC-8BC5-456D-A18F-076D660B5243}.Release Static.ActiveCfg = Release|Win32
		{F69034AC-8BC5-456D-A18F-076D660B5243}.Release Static.Build.0 = Release|Win32
		{F69034AC-8BC5-456D-A18F-076D660B5243}.Release Unicode.ActiveCfg = Release|Win32
		{F69034AC-8BC5-456D-A18F-076D660B5243}.Release Unicode.Build.0 = Release|Win32
		{03801E82-FF68-4DF7-843B-B6DA454D3111}.Debug.ActiveCfg = Debug|Win32
		{03801E82-FF68-4DF7-843B-B6DA454D3111}.Debug.Build.0 = Debug|Win32
		{03801E82-FF68-4DF7-843B-B6DA454D3111}.Debug DLL.ActiveCfg = Debug|Win32
		{03801E82-FF68-4DF7-843B-B6DA454D3111}.Debug DLL.Build.0 = Debug|Win32
		{03801E82-FF68-4DF7-843B-B6DA454D3111}.Debug No Type Info Name.ActiveCfg = Debug|Win32
		{03801E82-FF68-4DF7-843B-B6DA454D3111}.Debug No Type Info Name.Build.0 = Debug|Win32
		{03801E82-FF68-4DF7-843B-B6DA454D3111}.Debug NtTimer.ActiveCfg = Debug|Win32
		{03801E82-FF68-4DF7-843B-B6DA454D3111}.Debug NtTimer.Build.0 = Debug|Win32
		{03801E82-FF68-4DF7-843B-B6DA454D3111}.Debug Static.ActiveCfg = Debug|Win32
		{03801E82-FF68-4DF7-843B-B6DA454D3111}.Debug Static.Build.0 = Debug|Win32
		{03801E82-FF68-4DF7-843B-B6DA454D3111}.Debug Unicode.ActiveCfg = Debug|Win32
		{03801E82-FF68-4DF7-843B-B6DA454D3111}.Debug Unicode.Build.0 = Debug|Win32
		{03801E82-FF68-4DF7-843B-B6DA454D3111}.Release.ActiveCfg = Release|Win32
		{03801E82-FF68-4DF7-843B-B6DA454D3111}.Release.Build.0 = Release|Win32
		{03801E82-FF68-4DF7-843B-B6DA454D3111}.Release DLL.ActiveCfg = Release|Win32
		{03801E82-FF68-4DF7-843B-B6DA454D3111}.Release DLL.Build.0 = Release|Win32
		{03801E82-FF68-4DF7-843B-B6DA454D3111}.Release Static.ActiveCfg = Release|Win32
		{03801E82-FF68-4DF7-843B-B6DA454D3111}.Release Static.Build.0 = Release|Win32
		{03801E82-FF68-4DF7-843B-B6DA454D3111}.Release Unicode.ActiveCfg = Release|Win32
		{03801E82-FF68-4DF7-843B-B6DA454D3111}.Release Unicode.Build.0 = Release|Win32
		{D54BC723-6075-4AF2-BF23-34AB48CB18F6}.Debug.ActiveCfg = Debug|Win32
		{D54BC723-6075-4AF2-BF23-34AB48CB18F6}.Debug.Build.0 = Debug|Win32
		{D54BC723-6075-4AF2-BF23-34AB48CB18F6}.Debug DLL.ActiveCfg = Debug|Win32
		{D54BC723-6075-4AF2-BF23-34AB48CB18F6}.Debug DLL.Build.0 = Debug|Win32
		{D54BC723-6075-4AF2-BF23-34AB48CB18F6}.Debug No Type Info Name.ActiveCfg = Debug|Win32
		{D54BC723-6075-4AF2-BF23-34AB48CB18F6}.Debug No Type Info Name.Build.0 = Debug|Win32
		{D54BC723-6075-4AF2-BF23-34AB48CB18F6}.Debug NtTimer.ActiveCfg = Debug|Win32
		{D54BC723-6075-4AF2-BF23-34AB48CB18F6}.Debug NtTimer.Build.0 = Debug|Win32
		{D54BC723-6075-4AF2-BF23-34AB48CB18F6}.Debug Static.ActiveCfg = Debug|Win32
		{D54BC723-6075-4AF2-BF23-34AB48CB18F6}.Debug Static.Build.0 = Debug|Win32
		{D54BC723-6075-4AF2-BF23-34AB48CB18F6}.Debug Unicode.ActiveCfg = Debug|Win32
		{D54BC723-6075-4AF2-BF23-34AB48CB18F6}.Debug Unicode.Build.0 = Debug|Win32
		{D54BC723-6075-4AF2-BF23-34AB48CB18F6}.Release.ActiveCfg = Release|Win32
		{D54BC723-6075-4AF2-BF23-34AB48CB18F6}.Release.Build.0 = Release|Win32
		{D54BC723-6075-4AF2-BF23-34AB48CB18F6}.Release DLL.ActiveCfg = Release|Win32
		{D54BC723-6075-4AF2-BF23-34AB48CB18F6}.Release DLL.Build.0 = Release|Win32
		{D54BC723-6075-4AF2-BF23-34AB48CB18F6}.Release Static.ActiveCfg = Release|Win32
		{D54BC723-6075-4AF2-BF23-34AB48CB18F6}.Release Static.Build.0 = Release|Win32
		{D54BC723-6075-4AF2-BF23-34AB48CB18F6}.Release Unicode.ActiveCfg = Release|Win32
		{D54BC723-6075-4AF2-BF23-34AB48CB18F6}.Release Unicode.Build.0 = Release|Win32
		{8B7160DA-F4EA-48BE-9912-82182059CE12}.Debug.ActiveCfg = Debug|Win32
		{8B7160DA-F4EA-48BE-9912-82182059CE12}.Debug.Build.0 = Debug|Win32
		{8B7160DA-F4EA-48BE-9912-82182059CE12}.Debug DLL.ActiveCfg = Debug|Win32
		{8B7160DA-F4EA-48BE-9912-82182059CE12}.Debug DLL.Build.0 = Debug|Win32
		{8B7160DA-F4EA-48BE-9912-82182059CE12}.Debug No Type Info Name.ActiveCfg = Debug|Win32
		{8B7160DA-F4EA-48BE-9912-82182059CE12}.Debug No Type Info Name.Build.0 = Debug|Win32
		{8B7160DA-F4EA-48BE-9912-82182059CE12}.Debug NtTimer.ActiveCfg = Debug|Win32
		{8B7160DA-F4EA-48BE-9912-82182059CE12}.Debug NtTimer.Build.0 = Debug|Win32
		{8B7160DA-F4EA-48BE-9912-82182059CE12}.Debug Static.ActiveCfg = Debug|Win32
		{8B7160DA-F4EA-48BE-9912-82182059CE12}.Debug Static.Build.0 = Debug|Win32
		{8B7160DA-F4EA-48BE-9912-82182059CE12}.Debug Unicode.ActiveCfg = Debug|Win32
		{8B7160DA-F4EA-48BE-9912-82182059CE12}.Debug Unicode.Build.0 = Debug|Win32
		{8B7160DA-F4EA-48BE-9912-82182059CE12}.Release.ActiveCfg = Release|Win32
		{8B7160DA-F4EA-48BE-9912-82182059CE12}.Release.Build.0 = Release|Win32
		{8B7160DA-F4EA-48BE-9912-82182059CE12}.Release DLL.ActiveCfg = Release|Win32
		{8B7160DA-F4EA-48BE-9912-82182059CE12}.Release DLL.Build.0 = Release|Win32
		{8B7160DA-F4EA-48BE-9912-82182059CE12}.Release Static.ActiveCfg = Release|Win32
		{8B7160DA-F4EA-48BE-9912-82182059CE12}.Release Static.Build.0 = Release|Win32
		{8B7160DA-F4EA-48BE-9912-82182059CE12}.Release Unicode.ActiveCfg = Release|Win32
		{8B7160DA-F4EA-48BE-9912-82182059CE12}.Release Unicode.Build.0 = Release|Win32
		{8D63D7BF-5E05-4390-820F-9168D553AF72}.Debug.ActiveCfg = Debug|Win32
		{8D63D7BF-5E05-4390-820F-9168D553AF72}.Debug.Build.0 = Debug|Win32
		{8D63D7BF-5E05-4390-820F-9168D553AF72}.Debug DLL.ActiveCfg = Debug|Win32
		{8D63D7BF-5E05-4390-820F-9168D553AF72}.Debug DLL.Build.0 = Debug|Win32
		{8D63D7BF-5E05-4390-820F-9168D553AF72}.Debug No Type Info Name.ActiveCfg = Debug|Win32
		{8D63D7BF-5E05-4390-820F-9168D553AF72}.Debug No Type Info Name.Build.0 = Debug|Win32
		{8D63D7BF-5E05-4390-820F-9168D553AF72}.Debug NtTimer.ActiveCfg = Debug|Win32
		{8D63D7BF-5E05-4390-820F-9168D553AF72}.Debug NtTimer.Build.0 = Debug|Win32
		{8D63D7BF-5E05-4390-820F-9168D553AF72}.Debug Static.ActiveCfg = Debug|Win32
		{8D63D7BF-5E05-4390-820F-9168D553AF72}.Debug Static.Build.0 = Debug|Win32
		{8D63D7BF-5E05-4390-820F-9168D553AF72}.Debug Unicode.ActiveCfg = Debug|Win32
		{8D63D7BF-5E05-4390-820F-9168D553AF72}.Debug Unicode.Build.0 = Debug|Win32
		{8D63D7BF-5E05-4390-820F-9168D553AF72}.Release.ActiveCfg = Release|Win32
		{8D63D7BF-5E05-4390-820F-9168D553AF72}.Release.Build.0 = Release|Win32
		{8D63D7BF-5E05-4390-820F-9168D553AF72}.Release DLL.ActiveCfg = Release|Win32
		{8D63D7BF-5E05-4390-820F-9168D553AF72}.Release DLL.Build.0 = Release|Win32
		{8D63D7BF-5E05-4390-820F-9168D553AF72}.Release Static.ActiveCfg = Release|Win32
		{8D63D7BF-5E05-4390-820F-9168D553AF72}.Release Static.Build.0 = Release|Win32
		{8D63D7BF-5E05-4390-820F-9168D553AF72}.Release Unicode.ActiveCfg = Release|Win32
		{8D63D7BF-5E05-4390-820F-9168D553AF72}.Release Unicode.Build.0 = Release|Win32
		{2FFF49FA-D6AB-4081-B0CA-176C5F5AE82E}.Debug.ActiveCfg = Debug|Win32
		{2FFF49FA-D6AB-4081-B0CA-176C5F5AE82E}.Debug.Build.0 = Debug|Win32
		{2FFF49FA-D6AB-4081-B0CA-176C5F5AE82E}.Debug DLL.ActiveCfg = Debug|Win32
		{2FFF49FA-D6AB-4081-B0CA-176C5F5AE82E}.Debug DLL.Build.0 = Debug|Win32
		{2FFF49FA-D6AB-4081-B0CA-176C5F5AE82E}.Debug No Type Info Name.ActiveCfg = Debug|Win32
		{2FFF49FA-D6AB-4081-B0CA-176C5F5AE82E}.Debug No Type Info Name.Build.0 = Debug|Win32
		{2FFF49FA-D6AB-4081-B0CA-176C5F5AE82E}.Debug NtTimer.ActiveCfg = Debug|Win32
		{2FFF49FA-D6AB-4081-B0CA-176C5F5AE82E}.Debug NtTimer.Build.0 = Debug|Win32
		{2FFF49FA-D6AB-4081-B0CA-176C5F5AE82E}.Debug Static.ActiveCfg = Debug|Win32
		{2FFF49FA-D6AB-4081-B0CA-176C5F5AE82E}.Debug Static.Build.0 = Debug|Win32
		{2FFF49FA-D6AB-4081-B0CA-176C5F5AE82E}.Debug Unicode.ActiveCfg = Debug|Win32
		{2FFF49FA-D6AB-4081-B0CA-176C5F5AE82E}.Debug Unicode.Build.0 = Debug|Win32
		{2FFF49FA-D6AB-4081-B0CA-176C5F5AE82E}.Release.ActiveCfg = Release|Win32
		{2FFF49FA-D6AB-4081-B0CA-176C5F5AE82E}.Release.Build.0 = Release|Win32
		{2FFF49FA-D6AB-4081-B0CA-176C5F5AE82E}.Release DLL.ActiveCfg = Release|Win32
		{2FFF49FA-D6AB-4081-B0CA-176C5F5AE82E}.Release DLL.Build.0 = Release|Win32
		{2FFF49FA-D6AB-4081-B0CA-176C5F5AE82E}.Release Static.ActiveCfg = Release|Win32
		{2FFF49FA-D6AB-4081-B0CA-176C5F5AE82E}.Release Static.Build.0 = Release|Win32
		{2FFF49FA-D6AB-4081-B0CA-176C5F5AE82E}.Release Unicode.ActiveCfg = Release|Win32
		{2FFF49FA-D6AB-4081-B0CA-176C5F5AE82E}.Release Unicode.Build.0 = Release|Win32
	EndGlobalSection
	GlobalSection(ExtensibilityGlobals) = postSolution
	EndGlobalSection
	GlobalSection(ExtensibilityAddIns) = postSolution
	EndGlobalSection
EndGlobal
