// !$*UTF8*$!
{
	archiveVersion = 1;
	classes = {
	};
	objectVersion = 45;
	objects = {

/* Begin PBXAggregateTarget section */
		C9DFB3A30F132DCB00365453 /* Disk Image */ = {
			isa = PBXAggregateTarget;
			buildConfigurationList = C9DFB3A60F132DE900365453 /* Build configuration list for PBXAggregateTarget "Disk Image" */;
			buildPhases = (
				C9DFB3A20F132DCB00365453 /* ShellScript */,
			);
			dependencies = (
				C9DFB3AA0F132E2F00365453 /* PBXTargetDependency */,
			);
			name = "Disk Image";
			productName = "Disk Image";
		};
/* End PBXAggregateTarget section */

/* Begin PBXBuildFile section */
		8D11072B0486CEB800E47090 /* InfoPlist.strings in Resources */ = {isa = PBXBuildFile; fileRef = 089C165CFE840E0CC02AAC07 /* InfoPlist.strings */; };
		8D11072F0486CEB800E47090 /* Cocoa.framework in Frameworks */ = {isa = PBXBuildFile; fileRef = 1058C7A1FEA54F0111CA2CBB /* Cocoa.framework */; };
		C90C275D0F6A1BE5003DE2BE /* IOKit.framework in Frameworks */ = {isa = PBXBuildFile; fileRef = C90C275C0F6A1BE5003DE2BE /* IOKit.framework */; };
		C92392470F7F7BC30083FC13 /* AppController.m in Sources */ = {isa = PBXBuildFile; fileRef = C92392230F7F7BC30083FC13 /* AppController.m */; };
		C92392480F7F7BC30083FC13 /* DragTarget.m in Sources */ = {isa = PBXBuildFile; fileRef = C92392250F7F7BC30083FC13 /* DragTarget.m */; };
		C92392490F7F7BC30083FC13 /* ElvinConnection.m in Sources */ = {isa = PBXBuildFile; fileRef = C92392270F7F7BC30083FC13 /* ElvinConnection.m */; };
		C923924A0F7F7BC30083FC13 /* main.m in Sources */ = {isa = PBXBuildFile; fileRef = C92392280F7F7BC30083FC13 /* main.m */; };
		C923924B0F7F7BC30083FC13 /* Preferences.m in Sources */ = {isa = PBXBuildFile; fileRef = C923922A0F7F7BC30083FC13 /* Preferences.m */; };
		C923924C0F7F7BC30083FC13 /* Preferences.xib in Resources */ = {isa = PBXBuildFile; fileRef = C923922B0F7F7BC30083FC13 /* Preferences.xib */; };
		C923924D0F7F7BC30083FC13 /* PreferencesController.m in Sources */ = {isa = PBXBuildFile; fileRef = C923922D0F7F7BC30083FC13 /* PreferencesController.m */; };
		C923924E0F7F7BC30083FC13 /* PresenceConnection.m in Sources */ = {isa = PBXBuildFile; fileRef = C923922F0F7F7BC30083FC13 /* PresenceConnection.m */; };
		C923924F0F7F7BC30083FC13 /* PresenceController.m in Sources */ = {isa = PBXBuildFile; fileRef = C92392310F7F7BC30083FC13 /* PresenceController.m */; };
		C92392500F7F7BC30083FC13 /* PresenceEntity.m in Sources */ = {isa = PBXBuildFile; fileRef = C92392330F7F7BC30083FC13 /* PresenceEntity.m */; };
		C92392520F7F7BC30083FC13 /* PresenceGroupsController.m in Sources */ = {isa = PBXBuildFile; fileRef = C92392370F7F7BC30083FC13 /* PresenceGroupsController.m */; };
		C92392530F7F7BC30083FC13 /* PresenceStatus.m in Sources */ = {isa = PBXBuildFile; fileRef = C92392390F7F7BC30083FC13 /* PresenceStatus.m */; };
		C92392540F7F7BC30083FC13 /* PresenceWindow.xib in Resources */ = {isa = PBXBuildFile; fileRef = C923923A0F7F7BC30083FC13 /* PresenceWindow.xib */; };
		C92392550F7F7BC30083FC13 /* RHSystemIdleTimer.m in Sources */ = {isa = PBXBuildFile; fileRef = C923923C0F7F7BC30083FC13 /* RHSystemIdleTimer.m */; };
		C92392560F7F7BC30083FC13 /* RolloverButton.m in Sources */ = {isa = PBXBuildFile; fileRef = C923923E0F7F7BC30083FC13 /* RolloverButton.m */; };
		C92392570F7F7BC30083FC13 /* TextViewWithLinks.m in Sources */ = {isa = PBXBuildFile; fileRef = C92392400F7F7BC30083FC13 /* TextViewWithLinks.m */; };
		C92392580F7F7BC30083FC13 /* TickerController.m in Sources */ = {isa = PBXBuildFile; fileRef = C92392420F7F7BC30083FC13 /* TickerController.m */; };
		C92392590F7F7BC30083FC13 /* TickerMessagesTextView.m in Sources */ = {isa = PBXBuildFile; fileRef = C92392440F7F7BC30083FC13 /* TickerMessagesTextView.m */; };
		C923925A0F7F7BC30083FC13 /* utils.m in Sources */ = {isa = PBXBuildFile; fileRef = C92392460F7F7BC30083FC13 /* utils.m */; };
		C923925D0F7F7C310083FC13 /* Reply_Normal.tiff in Resources */ = {isa = PBXBuildFile; fileRef = C923925B0F7F7C310083FC13 /* Reply_Normal.tiff */; };
		C923925E0F7F7C310083FC13 /* Reply_Rollover.tiff in Resources */ = {isa = PBXBuildFile; fileRef = C923925C0F7F7C310083FC13 /* Reply_Rollover.tiff */; };
		C923927A0F7F7D080083FC13 /* MainMenu.xib in Resources */ = {isa = PBXBuildFile; fileRef = C92392780F7F7D080083FC13 /* MainMenu.xib */; };
		C923927B0F7F7D080083FC13 /* TickerWindow.xib in Resources */ = {isa = PBXBuildFile; fileRef = C92392790F7F7D080083FC13 /* TickerWindow.xib */; };
		C92394050F82BEEA0083FC13 /* key_error_version.key in Resources */ = {isa = PBXBuildFile; fileRef = C92394000F82BEEA0083FC13 /* key_error_version.key */; };
		C92394060F82BEEA0083FC13 /* key_error_missing_field.key in Resources */ = {isa = PBXBuildFile; fileRef = C92394010F82BEEA0083FC13 /* key_error_missing_field.key */; };
		C92394070F82BEEA0083FC13 /* key_error_hexdata.key in Resources */ = {isa = PBXBuildFile; fileRef = C92394020F82BEEA0083FC13 /* key_error_hexdata.key */; };
		C92394080F82BEEA0083FC13 /* key2.key in Resources */ = {isa = PBXBuildFile; fileRef = C92394030F82BEEA0083FC13 /* key2.key */; };
		C92394090F82BEEA0083FC13 /* key1.key in Resources */ = {isa = PBXBuildFile; fileRef = C92394040F82BEEA0083FC13 /* key1.key */; };
		C92FE9310F3D06260037FA15 /* Cocoa.framework in Frameworks */ = {isa = PBXBuildFile; fileRef = 1058C7A1FEA54F0111CA2CBB /* Cocoa.framework */; };
		C92FE9320F3D06260037FA15 /* avis.framework in Frameworks */ = {isa = PBXBuildFile; fileRef = C9B03B590E493EDF00B59216 /* avis.framework */; };
		C92FE9360F3D06260037FA15 /* avis.framework in CopyFiles */ = {isa = PBXBuildFile; fileRef = C9B03B590E493EDF00B59216 /* avis.framework */; };
		C92FE9860F3D08D70037FA15 /* PresenceTester.xib in Resources */ = {isa = PBXBuildFile; fileRef = C92FE9850F3D08D70037FA15 /* PresenceTester.xib */; };
		C92FE9AE0F3D09740037FA15 /* PresenceTesterAppController.m in Sources */ = {isa = PBXBuildFile; fileRef = C92FE9AD0F3D09740037FA15 /* PresenceTesterAppController.m */; };
		C930AB900FB27F3300B6E043 /* crash_20090504.txt in Resources */ = {isa = PBXBuildFile; fileRef = C930AB8F0FB27F3200B6E043 /* crash_20090504.txt */; };
		C930AD4B0FB7F23A00B6E043 /* Ticker_512.png in Resources */ = {isa = PBXBuildFile; fileRef = C930AD4A0FB7F23A00B6E043 /* Ticker_512.png */; };
		C934A7310FB937EC003C2B41 /* Message_Public.png in Resources */ = {isa = PBXBuildFile; fileRef = C934A7300FB937EC003C2B41 /* Message_Public.png */; };
		C934A8290FC11E61003C2B41 /* TestRelativeDateFormatter.m in Sources */ = {isa = PBXBuildFile; fileRef = C934A8270FC11E61003C2B41 /* TestRelativeDateFormatter.m */; };
		C934A82C0FC11E79003C2B41 /* RelativeDateFormatter.m in Sources */ = {isa = PBXBuildFile; fileRef = C934A82A0FC11E79003C2B41 /* RelativeDateFormatter.m */; };
		C934AA320FC2489D003C2B41 /* PresenceStatusFormatter.m in Sources */ = {isa = PBXBuildFile; fileRef = C934AA300FC2489D003C2B41 /* PresenceStatusFormatter.m */; };
		C94B46DC0F1355F900BADAE8 /* Growl.framework in Frameworks */ = {isa = PBXBuildFile; fileRef = C94B46DB0F1355F900BADAE8 /* Growl.framework */; };
		C94B46DF0F13561D00BADAE8 /* Growl.framework in CopyFiles */ = {isa = PBXBuildFile; fileRef = C94B46DB0F1355F900BADAE8 /* Growl.framework */; };
		C94B47180F1359F500BADAE8 /* Growl Registration Ticket.growlRegDict in Resources */ = {isa = PBXBuildFile; fileRef = C94B46F10F13570E00BADAE8 /* Growl Registration Ticket.growlRegDict */; };
		C94B47A80F1731C900BADAE8 /* Ticker.icns in Resources */ = {isa = PBXBuildFile; fileRef = C94B47A70F1731C900BADAE8 /* Ticker.icns */; };
		C9B03B5A0E493EDF00B59216 /* avis.framework in Frameworks */ = {isa = PBXBuildFile; fileRef = C9B03B590E493EDF00B59216 /* avis.framework */; };
		C9B03B830E49403600B59216 /* avis.framework in CopyFiles */ = {isa = PBXBuildFile; fileRef = C9B03B590E493EDF00B59216 /* avis.framework */; };
		C9CC2D270F83266D009FC112 /* KeysArrayController.m in Sources */ = {isa = PBXBuildFile; fileRef = C9CC2D260F83266D009FC112 /* KeysArrayController.m */; };
		C9CC2DAB0F8B120F009FC112 /* ElvinKeyIO.m in Sources */ = {isa = PBXBuildFile; fileRef = C9CC2DAA0F8B120F009FC112 /* ElvinKeyIO.m */; };
		C9D10E2E0FC3A08800BC77E7 /* TickerMessage.m in Sources */ = {isa = PBXBuildFile; fileRef = C9D10E2D0FC3A08800BC77E7 /* TickerMessage.m */; };
		C9F55FA30EFF1DF0005D9245 /* notes.txt in Resources */ = {isa = PBXBuildFile; fileRef = C9F55FA20EFF1DF0005D9245 /* notes.txt */; };
/* End PBXBuildFile section */

/* Begin PBXContainerItemProxy section */
		C92391620F7F020B0083FC13 /* PBXContainerItemProxy */ = {
			isa = PBXContainerItemProxy;
			containerPortal = 29B97313FDCFA39411CA2CEA /* Project object */;
			proxyType = 1;
			remoteGlobalIDString = 8D1107260486CEB800E47090;
			remoteInfo = Ticker;
		};
		C9DFB3A90F132E2F00365453 /* PBXContainerItemProxy */ = {
			isa = PBXContainerItemProxy;
			containerPortal = 29B97313FDCFA39411CA2CEA /* Project object */;
			proxyType = 1;
			remoteGlobalIDString = 8D1107260486CEB800E47090;
			remoteInfo = ticker;
		};
/* End PBXContainerItemProxy section */

/* Begin PBXCopyFilesBuildPhase section */
		C92FE9340F3D06260037FA15 /* CopyFiles */ = {
			isa = PBXCopyFilesBuildPhase;
			buildActionMask = 2147483647;
			dstPath = "";
			dstSubfolderSpec = 10;
			files = (
				C92FE9360F3D06260037FA15 /* avis.framework in CopyFiles */,
			);
			runOnlyForDeploymentPostprocessing = 0;
		};
		C9B03B890E49405400B59216 /* CopyFiles */ = {
			isa = PBXCopyFilesBuildPhase;
			buildActionMask = 2147483647;
			dstPath = "";
			dstSubfolderSpec = 10;
			files = (
				C94B46DF0F13561D00BADAE8 /* Growl.framework in CopyFiles */,
				C9B03B830E49403600B59216 /* avis.framework in CopyFiles */,
			);
			runOnlyForDeploymentPostprocessing = 0;
		};
/* End PBXCopyFilesBuildPhase section */

/* Begin PBXFileReference section */
		089C165DFE840E0CC02AAC07 /* English */ = {isa = PBXFileReference; fileEncoding = 10; lastKnownFileType = text.plist.strings; name = English; path = English.lproj/InfoPlist.strings; sourceTree = "<group>"; };
		1058C7A1FEA54F0111CA2CBB /* Cocoa.framework */ = {isa = PBXFileReference; lastKnownFileType = wrapper.framework; name = Cocoa.framework; path = /System/Library/Frameworks/Cocoa.framework; sourceTree = "<absolute>"; };
		13E42FB307B3F0F600E4EEF1 /* CoreData.framework */ = {isa = PBXFileReference; lastKnownFileType = wrapper.framework; name = CoreData.framework; path = /System/Library/Frameworks/CoreData.framework; sourceTree = "<absolute>"; };
		29B97324FDCFA39411CA2CEA /* AppKit.framework */ = {isa = PBXFileReference; lastKnownFileType = wrapper.framework; name = AppKit.framework; path = /System/Library/Frameworks/AppKit.framework; sourceTree = "<absolute>"; };
		29B97325FDCFA39411CA2CEA /* Foundation.framework */ = {isa = PBXFileReference; lastKnownFileType = wrapper.framework; name = Foundation.framework; path = /System/Library/Frameworks/Foundation.framework; sourceTree = "<absolute>"; };
		32CA4F630368D1EE00C91783 /* ticker_Prefix.pch */ = {isa = PBXFileReference; fileEncoding = 4; lastKnownFileType = sourcecode.c.h; path = ticker_Prefix.pch; sourceTree = "<group>"; };
		8D1107310486CEB800E47090 /* Info.plist */ = {isa = PBXFileReference; fileEncoding = 4; lastKnownFileType = text.plist.xml; path = Info.plist; sourceTree = "<group>"; };
		8D1107320486CEB800E47090 /* Ticker.app */ = {isa = PBXFileReference; explicitFileType = wrapper.application; includeInIndex = 0; path = Ticker.app; sourceTree = BUILT_PRODUCTS_DIR; };
		C90C275C0F6A1BE5003DE2BE /* IOKit.framework */ = {isa = PBXFileReference; lastKnownFileType = wrapper.framework; name = IOKit.framework; path = /System/Library/Frameworks/IOKit.framework; sourceTree = "<absolute>"; };
		C923915D0F7F01D40083FC13 /* Unit Tests.octest */ = {isa = PBXFileReference; explicitFileType = wrapper.cfbundle; includeInIndex = 0; path = "Unit Tests.octest"; sourceTree = BUILT_PRODUCTS_DIR; };
		C923915E0F7F01D40083FC13 /* Unit Tests-Info.plist */ = {isa = PBXFileReference; lastKnownFileType = text.plist.xml; path = "Unit Tests-Info.plist"; sourceTree = "<group>"; };
		C92392220F7F7BC30083FC13 /* AppController.h */ = {isa = PBXFileReference; fileEncoding = 4; lastKnownFileType = sourcecode.c.h; name = AppController.h; path = src/main/AppController.h; sourceTree = "<group>"; };
		C92392230F7F7BC30083FC13 /* AppController.m */ = {isa = PBXFileReference; fileEncoding = 4; lastKnownFileType = sourcecode.c.objc; name = AppController.m; path = src/main/AppController.m; sourceTree = "<group>"; };
		C92392240F7F7BC30083FC13 /* DragTarget.h */ = {isa = PBXFileReference; fileEncoding = 4; lastKnownFileType = sourcecode.c.h; name = DragTarget.h; path = src/main/DragTarget.h; sourceTree = "<group>"; };
		C92392250F7F7BC30083FC13 /* DragTarget.m */ = {isa = PBXFileReference; fileEncoding = 4; lastKnownFileType = sourcecode.c.objc; name = DragTarget.m; path = src/main/DragTarget.m; sourceTree = "<group>"; };
		C92392260F7F7BC30083FC13 /* ElvinConnection.h */ = {isa = PBXFileReference; fileEncoding = 4; lastKnownFileType = sourcecode.c.h; name = ElvinConnection.h; path = src/main/ElvinConnection.h; sourceTree = "<group>"; };
		C92392270F7F7BC30083FC13 /* ElvinConnection.m */ = {isa = PBXFileReference; fileEncoding = 4; lastKnownFileType = sourcecode.c.objc; name = ElvinConnection.m; path = src/main/ElvinConnection.m; sourceTree = "<group>"; };
		C92392280F7F7BC30083FC13 /* main.m */ = {isa = PBXFileReference; fileEncoding = 4; lastKnownFileType = sourcecode.c.objc; name = main.m; path = src/main/main.m; sourceTree = "<group>"; };
		C92392290F7F7BC30083FC13 /* Preferences.h */ = {isa = PBXFileReference; fileEncoding = 4; lastKnownFileType = sourcecode.c.h; name = Preferences.h; path = src/main/Preferences.h; sourceTree = "<group>"; };
		C923922A0F7F7BC30083FC13 /* Preferences.m */ = {isa = PBXFileReference; fileEncoding = 4; lastKnownFileType = sourcecode.c.objc; name = Preferences.m; path = src/main/Preferences.m; sourceTree = "<group>"; };
		C923922B0F7F7BC30083FC13 /* Preferences.xib */ = {isa = PBXFileReference; lastKnownFileType = file.xib; name = Preferences.xib; path = src/main/Preferences.xib; sourceTree = "<group>"; };
		C923922C0F7F7BC30083FC13 /* PreferencesController.h */ = {isa = PBXFileReference; fileEncoding = 4; lastKnownFileType = sourcecode.c.h; name = PreferencesController.h; path = src/main/PreferencesController.h; sourceTree = "<group>"; };
		C923922D0F7F7BC30083FC13 /* PreferencesController.m */ = {isa = PBXFileReference; fileEncoding = 4; lastKnownFileType = sourcecode.c.objc; name = PreferencesController.m; path = src/main/PreferencesController.m; sourceTree = "<group>"; };
		C923922E0F7F7BC30083FC13 /* PresenceConnection.h */ = {isa = PBXFileReference; fileEncoding = 4; lastKnownFileType = sourcecode.c.h; name = PresenceConnection.h; path = src/main/PresenceConnection.h; sourceTree = "<group>"; };
		C923922F0F7F7BC30083FC13 /* PresenceConnection.m */ = {isa = PBXFileReference; fileEncoding = 4; lastKnownFileType = sourcecode.c.objc; name = PresenceConnection.m; path = src/main/PresenceConnection.m; sourceTree = "<group>"; };
		C92392300F7F7BC30083FC13 /* PresenceController.h */ = {isa = PBXFileReference; fileEncoding = 4; lastKnownFileType = sourcecode.c.h; name = PresenceController.h; path = src/main/PresenceController.h; sourceTree = "<group>"; };
		C92392310F7F7BC30083FC13 /* PresenceController.m */ = {isa = PBXFileReference; fileEncoding = 4; lastKnownFileType = sourcecode.c.objc; name = PresenceController.m; path = src/main/PresenceController.m; sourceTree = "<group>"; };
		C92392320F7F7BC30083FC13 /* PresenceEntity.h */ = {isa = PBXFileReference; fileEncoding = 4; lastKnownFileType = sourcecode.c.h; name = PresenceEntity.h; path = src/main/PresenceEntity.h; sourceTree = "<group>"; };
		C92392330F7F7BC30083FC13 /* PresenceEntity.m */ = {isa = PBXFileReference; fileEncoding = 4; lastKnownFileType = sourcecode.c.objc; name = PresenceEntity.m; path = src/main/PresenceEntity.m; sourceTree = "<group>"; };
		C92392360F7F7BC30083FC13 /* PresenceGroupsController.h */ = {isa = PBXFileReference; fileEncoding = 4; lastKnownFileType = sourcecode.c.h; name = PresenceGroupsController.h; path = src/main/PresenceGroupsController.h; sourceTree = "<group>"; };
		C92392370F7F7BC30083FC13 /* PresenceGroupsController.m */ = {isa = PBXFileReference; fileEncoding = 4; lastKnownFileType = sourcecode.c.objc; name = PresenceGroupsController.m; path = src/main/PresenceGroupsController.m; sourceTree = "<group>"; };
		C92392380F7F7BC30083FC13 /* PresenceStatus.h */ = {isa = PBXFileReference; fileEncoding = 4; lastKnownFileType = sourcecode.c.h; name = PresenceStatus.h; path = src/main/PresenceStatus.h; sourceTree = "<group>"; };
		C92392390F7F7BC30083FC13 /* PresenceStatus.m */ = {isa = PBXFileReference; fileEncoding = 4; lastKnownFileType = sourcecode.c.objc; name = PresenceStatus.m; path = src/main/PresenceStatus.m; sourceTree = "<group>"; };
		C923923A0F7F7BC30083FC13 /* PresenceWindow.xib */ = {isa = PBXFileReference; lastKnownFileType = file.xib; name = PresenceWindow.xib; path = src/main/PresenceWindow.xib; sourceTree = "<group>"; };
		C923923B0F7F7BC30083FC13 /* RHSystemIdleTimer.h */ = {isa = PBXFileReference; fileEncoding = 4; lastKnownFileType = sourcecode.c.h; name = RHSystemIdleTimer.h; path = src/main/RHSystemIdleTimer.h; sourceTree = "<group>"; };
		C923923C0F7F7BC30083FC13 /* RHSystemIdleTimer.m */ = {isa = PBXFileReference; fileEncoding = 4; lastKnownFileType = sourcecode.c.objc; name = RHSystemIdleTimer.m; path = src/main/RHSystemIdleTimer.m; sourceTree = "<group>"; };
		C923923D0F7F7BC30083FC13 /* RolloverButton.h */ = {isa = PBXFileReference; fileEncoding = 4; lastKnownFileType = sourcecode.c.h; name = RolloverButton.h; path = src/main/RolloverButton.h; sourceTree = "<group>"; };
		C923923E0F7F7BC30083FC13 /* RolloverButton.m */ = {isa = PBXFileReference; fileEncoding = 4; lastKnownFileType = sourcecode.c.objc; name = RolloverButton.m; path = src/main/RolloverButton.m; sourceTree = "<group>"; };
		C923923F0F7F7BC30083FC13 /* TextViewWithLinks.h */ = {isa = PBXFileReference; fileEncoding = 4; lastKnownFileType = sourcecode.c.h; name = TextViewWithLinks.h; path = src/main/TextViewWithLinks.h; sourceTree = "<group>"; };
		C92392400F7F7BC30083FC13 /* TextViewWithLinks.m */ = {isa = PBXFileReference; fileEncoding = 4; lastKnownFileType = sourcecode.c.objc; name = TextViewWithLinks.m; path = src/main/TextViewWithLinks.m; sourceTree = "<group>"; };
		C92392410F7F7BC30083FC13 /* TickerController.h */ = {isa = PBXFileReference; fileEncoding = 4; lastKnownFileType = sourcecode.c.h; name = TickerController.h; path = src/main/TickerController.h; sourceTree = "<group>"; };
		C92392420F7F7BC30083FC13 /* TickerController.m */ = {isa = PBXFileReference; fileEncoding = 4; lastKnownFileType = sourcecode.c.objc; name = TickerController.m; path = src/main/TickerController.m; sourceTree = "<group>"; };
		C92392430F7F7BC30083FC13 /* TickerMessagesTextView.h */ = {isa = PBXFileReference; fileEncoding = 4; lastKnownFileType = sourcecode.c.h; name = TickerMessagesTextView.h; path = src/main/TickerMessagesTextView.h; sourceTree = "<group>"; };
		C92392440F7F7BC30083FC13 /* TickerMessagesTextView.m */ = {isa = PBXFileReference; fileEncoding = 4; lastKnownFileType = sourcecode.c.objc; name = TickerMessagesTextView.m; path = src/main/TickerMessagesTextView.m; sourceTree = "<group>"; };
		C92392450F7F7BC30083FC13 /* utils.h */ = {isa = PBXFileReference; fileEncoding = 4; lastKnownFileType = sourcecode.c.h; name = utils.h; path = src/main/utils.h; sourceTree = "<group>"; };
		C92392460F7F7BC30083FC13 /* utils.m */ = {isa = PBXFileReference; fileEncoding = 4; lastKnownFileType = sourcecode.c.objc; name = utils.m; path = src/main/utils.m; sourceTree = "<group>"; };
		C923925B0F7F7C310083FC13 /* Reply_Normal.tiff */ = {isa = PBXFileReference; lastKnownFileType = image.tiff; name = Reply_Normal.tiff; path = resources/Reply_Normal.tiff; sourceTree = "<group>"; };
		C923925C0F7F7C310083FC13 /* Reply_Rollover.tiff */ = {isa = PBXFileReference; lastKnownFileType = image.tiff; name = Reply_Rollover.tiff; path = resources/Reply_Rollover.tiff; sourceTree = "<group>"; };
		C92392780F7F7D080083FC13 /* MainMenu.xib */ = {isa = PBXFileReference; lastKnownFileType = file.xib; name = MainMenu.xib; path = resources/MainMenu.xib; sourceTree = "<group>"; };
		C92392790F7F7D080083FC13 /* TickerWindow.xib */ = {isa = PBXFileReference; lastKnownFileType = file.xib; name = TickerWindow.xib; path = resources/TickerWindow.xib; sourceTree = "<group>"; };
		C92394000F82BEEA0083FC13 /* key_error_version.key */ = {isa = PBXFileReference; fileEncoding = 4; lastKnownFileType = text; name = key_error_version.key; path = src/tests/resources/test_keys/key_error_version.key; sourceTree = "<group>"; };
		C92394010F82BEEA0083FC13 /* key_error_missing_field.key */ = {isa = PBXFileReference; fileEncoding = 4; lastKnownFileType = text; name = key_error_missing_field.key; path = src/tests/resources/test_keys/key_error_missing_field.key; sourceTree = "<group>"; };
		C92394020F82BEEA0083FC13 /* key_error_hexdata.key */ = {isa = PBXFileReference; fileEncoding = 4; lastKnownFileType = text; name = key_error_hexdata.key; path = src/tests/resources/test_keys/key_error_hexdata.key; sourceTree = "<group>"; };
		C92394030F82BEEA0083FC13 /* key2.key */ = {isa = PBXFileReference; fileEncoding = 4; lastKnownFileType = text; name = key2.key; path = src/tests/resources/test_keys/key2.key; sourceTree = "<group>"; };
		C92394040F82BEEA0083FC13 /* key1.key */ = {isa = PBXFileReference; fileEncoding = 4; lastKnownFileType = text; name = key1.key; path = src/tests/resources/test_keys/key1.key; sourceTree = "<group>"; };
		C92FE93A0F3D06270037FA15 /* Ticker.app */ = {isa = PBXFileReference; explicitFileType = wrapper.application; includeInIndex = 0; path = Ticker.app; sourceTree = BUILT_PRODUCTS_DIR; };
		C92FE96B0F3D072C0037FA15 /* Info.plist */ = {isa = PBXFileReference; fileEncoding = 4; lastKnownFileType = text.plist.xml; name = Info.plist; path = PresenceTester/Info.plist; sourceTree = "<group>"; };
		C92FE9850F3D08D70037FA15 /* PresenceTester.xib */ = {isa = PBXFileReference; lastKnownFileType = file.xib; name = PresenceTester.xib; path = PresenceTester/PresenceTester.xib; sourceTree = "<group>"; };
		C92FE9AC0F3D09740037FA15 /* PresenceTesterAppController.h */ = {isa = PBXFileReference; fileEncoding = 4; lastKnownFileType = sourcecode.c.h; name = PresenceTesterAppController.h; path = PresenceTester/PresenceTesterAppController.h; sourceTree = "<group>"; };
		C92FE9AD0F3D09740037FA15 /* PresenceTesterAppController.m */ = {isa = PBXFileReference; fileEncoding = 4; lastKnownFileType = sourcecode.c.objc; name = PresenceTesterAppController.m; path = PresenceTester/PresenceTesterAppController.m; sourceTree = "<group>"; };
		C930AB8F0FB27F3200B6E043 /* crash_20090504.txt */ = {isa = PBXFileReference; fileEncoding = 4; lastKnownFileType = text; path = crash_20090504.txt; sourceTree = "<group>"; };
		C930AD4A0FB7F23A00B6E043 /* Ticker_512.png */ = {isa = PBXFileReference; lastKnownFileType = image.png; name = Ticker_512.png; path = Icon/Ticker_512.png; sourceTree = "<group>"; };
		C934A7300FB937EC003C2B41 /* Message_Public.png */ = {isa = PBXFileReference; lastKnownFileType = image.png; name = Message_Public.png; path = resources/Message_Public.png; sourceTree = "<group>"; };
		C934A8270FC11E61003C2B41 /* TestRelativeDateFormatter.m */ = {isa = PBXFileReference; fileEncoding = 4; lastKnownFileType = sourcecode.c.objc; name = TestRelativeDateFormatter.m; path = src/tests/TestRelativeDateFormatter.m; sourceTree = "<group>"; };
		C934A8280FC11E61003C2B41 /* TestRelativeDateFormatter.h */ = {isa = PBXFileReference; fileEncoding = 4; lastKnownFileType = sourcecode.c.h; name = TestRelativeDateFormatter.h; path = src/tests/TestRelativeDateFormatter.h; sourceTree = "<group>"; };
		C934A82A0FC11E79003C2B41 /* RelativeDateFormatter.m */ = {isa = PBXFileReference; fileEncoding = 4; lastKnownFileType = sourcecode.c.objc; name = RelativeDateFormatter.m; path = src/main/RelativeDateFormatter.m; sourceTree = "<group>"; };
		C934A82B0FC11E79003C2B41 /* RelativeDateFormatter.h */ = {isa = PBXFileReference; fileEncoding = 4; lastKnownFileType = sourcecode.c.h; name = RelativeDateFormatter.h; path = src/main/RelativeDateFormatter.h; sourceTree = "<group>"; };
		C934AA300FC2489D003C2B41 /* PresenceStatusFormatter.m */ = {isa = PBXFileReference; fileEncoding = 4; lastKnownFileType = sourcecode.c.objc; name = PresenceStatusFormatter.m; path = src/main/PresenceStatusFormatter.m; sourceTree = "<group>"; };
		C934AA310FC2489D003C2B41 /* PresenceStatusFormatter.h */ = {isa = PBXFileReference; fileEncoding = 4; lastKnownFileType = sourcecode.c.h; name = PresenceStatusFormatter.h; path = src/main/PresenceStatusFormatter.h; sourceTree = "<group>"; };
		C93D56350F305C6B0005EE00 /* crash_20090128.txt */ = {isa = PBXFileReference; fileEncoding = 4; lastKnownFileType = text; path = crash_20090128.txt; sourceTree = "<group>"; };
		C93D56890F355B600005EE00 /* crash_20090131.txt */ = {isa = PBXFileReference; fileEncoding = 4; lastKnownFileType = text; path = crash_20090131.txt; sourceTree = "<group>"; };
		C94B46DB0F1355F900BADAE8 /* Growl.framework */ = {isa = PBXFileReference; lastKnownFileType = wrapper.framework; name = Growl.framework; path = Frameworks/Growl.framework; sourceTree = "<group>"; };
		C94B46F10F13570E00BADAE8 /* Growl Registration Ticket.growlRegDict */ = {isa = PBXFileReference; explicitFileType = text.plist.xml; fileEncoding = 4; path = "Growl Registration Ticket.growlRegDict"; sourceTree = "<group>"; };
		C94B47A70F1731C900BADAE8 /* Ticker.icns */ = {isa = PBXFileReference; lastKnownFileType = image.icns; name = Ticker.icns; path = Icon/Ticker.icns; sourceTree = "<group>"; };
		C9B03B590E493EDF00B59216 /* avis.framework */ = {isa = PBXFileReference; lastKnownFileType = wrapper.framework; name = avis.framework; path = Frameworks/avis.framework; sourceTree = "<group>"; };
		C9CC2D250F83266D009FC112 /* KeysArrayController.h */ = {isa = PBXFileReference; fileEncoding = 4; lastKnownFileType = sourcecode.c.h; name = KeysArrayController.h; path = src/main/KeysArrayController.h; sourceTree = "<group>"; };
		C9CC2D260F83266D009FC112 /* KeysArrayController.m */ = {isa = PBXFileReference; fileEncoding = 4; lastKnownFileType = sourcecode.c.objc; name = KeysArrayController.m; path = src/main/KeysArrayController.m; sourceTree = "<group>"; };
		C9CC2DA90F8B120F009FC112 /* ElvinKeyIO.h */ = {isa = PBXFileReference; fileEncoding = 4; lastKnownFileType = sourcecode.c.h; name = ElvinKeyIO.h; path = src/main/ElvinKeyIO.h; sourceTree = "<group>"; };
		C9CC2DAA0F8B120F009FC112 /* ElvinKeyIO.m */ = {isa = PBXFileReference; fileEncoding = 4; lastKnownFileType = sourcecode.c.objc; name = ElvinKeyIO.m; path = src/main/ElvinKeyIO.m; sourceTree = "<group>"; };
		C9D10E2C0FC3A08800BC77E7 /* TickerMessage.h */ = {isa = PBXFileReference; fileEncoding = 4; lastKnownFileType = sourcecode.c.h; name = TickerMessage.h; path = src/main/TickerMessage.h; sourceTree = "<group>"; };
		C9D10E2D0FC3A08800BC77E7 /* TickerMessage.m */ = {isa = PBXFileReference; fileEncoding = 4; lastKnownFileType = sourcecode.c.objc; name = TickerMessage.m; path = src/main/TickerMessage.m; sourceTree = "<group>"; };
		C9DA04280F327946004A663D /* crash_20090129.txt */ = {isa = PBXFileReference; fileEncoding = 4; lastKnownFileType = text; path = crash_20090129.txt; sourceTree = "<group>"; };
		C9F55FA20EFF1DF0005D9245 /* notes.txt */ = {isa = PBXFileReference; fileEncoding = 4; lastKnownFileType = text; path = notes.txt; sourceTree = "<group>"; };
/* End PBXFileReference section */

/* Begin PBXFrameworksBuildPhase section */
		8D11072E0486CEB800E47090 /* Frameworks */ = {
			isa = PBXFrameworksBuildPhase;
			buildActionMask = 2147483647;
			files = (
				8D11072F0486CEB800E47090 /* Cocoa.framework in Frameworks */,
				C9B03B5A0E493EDF00B59216 /* avis.framework in Frameworks */,
				C94B46DC0F1355F900BADAE8 /* Growl.framework in Frameworks */,
				C90C275D0F6A1BE5003DE2BE /* IOKit.framework in Frameworks */,
			);
			runOnlyForDeploymentPostprocessing = 0;
		};
		C923915A0F7F01D40083FC13 /* Frameworks */ = {
			isa = PBXFrameworksBuildPhase;
			buildActionMask = 2147483647;
			files = (
			);
			runOnlyForDeploymentPostprocessing = 0;
		};
		C92FE9300F3D06260037FA15 /* Frameworks */ = {
			isa = PBXFrameworksBuildPhase;
			buildActionMask = 2147483647;
			files = (
				C92FE9310F3D06260037FA15 /* Cocoa.framework in Frameworks */,
				C92FE9320F3D06260037FA15 /* avis.framework in Frameworks */,
			);
			runOnlyForDeploymentPostprocessing = 0;
		};
/* End PBXFrameworksBuildPhase section */

/* Begin PBXGroup section */
		080E96DDFE201D6D7F000001 /* Classes */ = {
			isa = PBXGroup;
			children = (
				C92392220F7F7BC30083FC13 /* AppController.h */,
				C92392230F7F7BC30083FC13 /* AppController.m */,
				C92392410F7F7BC30083FC13 /* TickerController.h */,
				C92392420F7F7BC30083FC13 /* TickerController.m */,
				C9D10E2C0FC3A08800BC77E7 /* TickerMessage.h */,
				C9D10E2D0FC3A08800BC77E7 /* TickerMessage.m */,
				C92392430F7F7BC30083FC13 /* TickerMessagesTextView.h */,
				C92392440F7F7BC30083FC13 /* TickerMessagesTextView.m */,
				C92392300F7F7BC30083FC13 /* PresenceController.h */,
				C92392310F7F7BC30083FC13 /* PresenceController.m */,
				C934AA310FC2489D003C2B41 /* PresenceStatusFormatter.h */,
				C934AA300FC2489D003C2B41 /* PresenceStatusFormatter.m */,
				C923922E0F7F7BC30083FC13 /* PresenceConnection.h */,
				C923922F0F7F7BC30083FC13 /* PresenceConnection.m */,
				C92392320F7F7BC30083FC13 /* PresenceEntity.h */,
				C92392330F7F7BC30083FC13 /* PresenceEntity.m */,
				C92392380F7F7BC30083FC13 /* PresenceStatus.h */,
				C92392390F7F7BC30083FC13 /* PresenceStatus.m */,
				C92392260F7F7BC30083FC13 /* ElvinConnection.h */,
				C92392270F7F7BC30083FC13 /* ElvinConnection.m */,
				C92392290F7F7BC30083FC13 /* Preferences.h */,
				C923922A0F7F7BC30083FC13 /* Preferences.m */,
				C923922C0F7F7BC30083FC13 /* PreferencesController.h */,
				C923922D0F7F7BC30083FC13 /* PreferencesController.m */,
				C92392360F7F7BC30083FC13 /* PresenceGroupsController.h */,
				C92392370F7F7BC30083FC13 /* PresenceGroupsController.m */,
				C9CC2D250F83266D009FC112 /* KeysArrayController.h */,
				C9CC2D260F83266D009FC112 /* KeysArrayController.m */,
				C9CC2DA90F8B120F009FC112 /* ElvinKeyIO.h */,
				C9CC2DAA0F8B120F009FC112 /* ElvinKeyIO.m */,
				C934A82B0FC11E79003C2B41 /* RelativeDateFormatter.h */,
				C934A82A0FC11E79003C2B41 /* RelativeDateFormatter.m */,
				C92392240F7F7BC30083FC13 /* DragTarget.h */,
				C92392250F7F7BC30083FC13 /* DragTarget.m */,
				C923923D0F7F7BC30083FC13 /* RolloverButton.h */,
				C923923E0F7F7BC30083FC13 /* RolloverButton.m */,
				C923923F0F7F7BC30083FC13 /* TextViewWithLinks.h */,
				C92392400F7F7BC30083FC13 /* TextViewWithLinks.m */,
				C923923B0F7F7BC30083FC13 /* RHSystemIdleTimer.h */,
				C923923C0F7F7BC30083FC13 /* RHSystemIdleTimer.m */,
			);
			name = Classes;
			sourceTree = "<group>";
		};
		1058C7A0FEA54F0111CA2CBB /* Linked Frameworks */ = {
			isa = PBXGroup;
			children = (
				C90C275C0F6A1BE5003DE2BE /* IOKit.framework */,
				1058C7A1FEA54F0111CA2CBB /* Cocoa.framework */,
			);
			name = "Linked Frameworks";
			sourceTree = "<group>";
		};
		1058C7A2FEA54F0111CA2CBB /* Other Frameworks */ = {
			isa = PBXGroup;
			children = (
				29B97324FDCFA39411CA2CEA /* AppKit.framework */,
				13E42FB307B3F0F600E4EEF1 /* CoreData.framework */,
				29B97325FDCFA39411CA2CEA /* Foundation.framework */,
			);
			name = "Other Frameworks";
			sourceTree = "<group>";
		};
		19C28FACFE9D520D11CA2CBB /* Products */ = {
			isa = PBXGroup;
			children = (
				8D1107320486CEB800E47090 /* Ticker.app */,
				C92FE93A0F3D06270037FA15 /* Ticker.app */,
				C923915D0F7F01D40083FC13 /* Unit Tests.octest */,
			);
			name = Products;
			sourceTree = "<group>";
		};
		29B97314FDCFA39411CA2CEA /* ticker */ = {
			isa = PBXGroup;
			children = (
				C9F55FA20EFF1DF0005D9245 /* notes.txt */,
				C9DA04280F327946004A663D /* crash_20090129.txt */,
				C930AB8F0FB27F3200B6E043 /* crash_20090504.txt */,
				C93D56350F305C6B0005EE00 /* crash_20090128.txt */,
				C93D56890F355B600005EE00 /* crash_20090131.txt */,
				080E96DDFE201D6D7F000001 /* Classes */,
				C92391570F7F01380083FC13 /* Tests */,
				C92FE90E0F3D05AB0037FA15 /* Presence Tester */,
				29B97315FDCFA39411CA2CEA /* Other Sources */,
				29B97317FDCFA39411CA2CEA /* Resources */,
				29B97323FDCFA39411CA2CEA /* Frameworks */,
				19C28FACFE9D520D11CA2CBB /* Products */,
				C923915E0F7F01D40083FC13 /* Unit Tests-Info.plist */,
			);
			name = ticker;
			sourceTree = "<group>";
		};
		29B97315FDCFA39411CA2CEA /* Other Sources */ = {
			isa = PBXGroup;
			children = (
				C92392280F7F7BC30083FC13 /* main.m */,
				32CA4F630368D1EE00C91783 /* ticker_Prefix.pch */,
				C92392450F7F7BC30083FC13 /* utils.h */,
				C92392460F7F7BC30083FC13 /* utils.m */,
			);
			name = "Other Sources";
			sourceTree = "<group>";
		};
		29B97317FDCFA39411CA2CEA /* Resources */ = {
			isa = PBXGroup;
			children = (
				8D1107310486CEB800E47090 /* Info.plist */,
				089C165CFE840E0CC02AAC07 /* InfoPlist.strings */,
				C92392780F7F7D080083FC13 /* MainMenu.xib */,
				C92392790F7F7D080083FC13 /* TickerWindow.xib */,
				C923923A0F7F7BC30083FC13 /* PresenceWindow.xib */,
				C923922B0F7F7BC30083FC13 /* Preferences.xib */,
				C930AD4A0FB7F23A00B6E043 /* Ticker_512.png */,
				C923925B0F7F7C310083FC13 /* Reply_Normal.tiff */,
				C923925C0F7F7C310083FC13 /* Reply_Rollover.tiff */,
				C934A7300FB937EC003C2B41 /* Message_Public.png */,
				C94B47A70F1731C900BADAE8 /* Ticker.icns */,
				C94B46F10F13570E00BADAE8 /* Growl Registration Ticket.growlRegDict */,
			);
			name = Resources;
			sourceTree = "<group>";
		};
		29B97323FDCFA39411CA2CEA /* Frameworks */ = {
			isa = PBXGroup;
			children = (
				C94B46DB0F1355F900BADAE8 /* Growl.framework */,
				C9B03B590E493EDF00B59216 /* avis.framework */,
				1058C7A0FEA54F0111CA2CBB /* Linked Frameworks */,
				1058C7A2FEA54F0111CA2CBB /* Other Frameworks */,
			);
			name = Frameworks;
			sourceTree = "<group>";
		};
		C92391570F7F01380083FC13 /* Tests */ = {
			isa = PBXGroup;
			children = (
				C934A8280FC11E61003C2B41 /* TestRelativeDateFormatter.h */,
				C934A8270FC11E61003C2B41 /* TestRelativeDateFormatter.m */,
				C92393FF0F82BECF0083FC13 /* Resources */,
			);
			name = Tests;
			sourceTree = "<group>";
		};
		C92393FF0F82BECF0083FC13 /* Resources */ = {
			isa = PBXGroup;
			children = (
				C92394000F82BEEA0083FC13 /* key_error_version.key */,
				C92394010F82BEEA0083FC13 /* key_error_missing_field.key */,
				C92394020F82BEEA0083FC13 /* key_error_hexdata.key */,
				C92394030F82BEEA0083FC13 /* key2.key */,
				C92394040F82BEEA0083FC13 /* key1.key */,
			);
			name = Resources;
			sourceTree = "<group>";
		};
		C92FE90E0F3D05AB0037FA15 /* Presence Tester */ = {
			isa = PBXGroup;
			children = (
				C92FE9850F3D08D70037FA15 /* PresenceTester.xib */,
				C92FE96B0F3D072C0037FA15 /* Info.plist */,
				C92FE9AC0F3D09740037FA15 /* PresenceTesterAppController.h */,
				C92FE9AD0F3D09740037FA15 /* PresenceTesterAppController.m */,
			);
			name = "Presence Tester";
			sourceTree = "<group>";
		};
/* End PBXGroup section */

/* Begin PBXNativeTarget section */
		8D1107260486CEB800E47090 /* Ticker */ = {
			isa = PBXNativeTarget;
			buildConfigurationList = C01FCF4A08A954540054247B /* Build configuration list for PBXNativeTarget "Ticker" */;
			buildPhases = (
				8D1107290486CEB800E47090 /* Resources */,
				8D11072C0486CEB800E47090 /* Sources */,
				8D11072E0486CEB800E47090 /* Frameworks */,
				C9B03B890E49405400B59216 /* CopyFiles */,
			);
			buildRules = (
			);
			dependencies = (
			);
			name = Ticker;
			productInstallPath = "$(HOME)/Applications";
			productName = ticker;
			productReference = 8D1107320486CEB800E47090 /* Ticker.app */;
			productType = "com.apple.product-type.application";
		};
		C923915C0F7F01D40083FC13 /* Unit Tests */ = {
			isa = PBXNativeTarget;
			buildConfigurationList = C92391610F7F01D50083FC13 /* Build configuration list for PBXNativeTarget "Unit Tests" */;
			buildPhases = (
				C92391580F7F01D40083FC13 /* Resources */,
				C92391590F7F01D40083FC13 /* Sources */,
				C923915A0F7F01D40083FC13 /* Frameworks */,
				C923915B0F7F01D40083FC13 /* ShellScript */,
			);
			buildRules = (
			);
			dependencies = (
				C92391630F7F020B0083FC13 /* PBXTargetDependency */,
			);
			name = "Unit Tests";
			productName = "Unit Tests";
			productReference = C923915D0F7F01D40083FC13 /* Unit Tests.octest */;
			productType = "com.apple.product-type.bundle";
		};
		C92FE90F0F3D06260037FA15 /* Presence Tester */ = {
			isa = PBXNativeTarget;
			buildConfigurationList = C92FE9370F3D06260037FA15 /* Build configuration list for PBXNativeTarget "Presence Tester" */;
			buildPhases = (
				C92FE9100F3D06260037FA15 /* Resources */,
				C92FE91F0F3D06260037FA15 /* Sources */,
				C92FE9300F3D06260037FA15 /* Frameworks */,
				C92FE9340F3D06260037FA15 /* CopyFiles */,
			);
			buildRules = (
			);
			dependencies = (
			);
			name = "Presence Tester";
			productInstallPath = "$(HOME)/Applications";
			productName = ticker;
			productReference = C92FE93A0F3D06270037FA15 /* Ticker.app */;
			productType = "com.apple.product-type.application";
		};
/* End PBXNativeTarget section */

/* Begin PBXProject section */
		29B97313FDCFA39411CA2CEA /* Project object */ = {
			isa = PBXProject;
			buildConfigurationList = C01FCF4E08A954540054247B /* Build configuration list for PBXProject "Ticker" */;
			compatibilityVersion = "Xcode 3.1";
			hasScannedForEncodings = 1;
			mainGroup = 29B97314FDCFA39411CA2CEA /* ticker */;
			projectDirPath = "";
			projectRoot = "";
			targets = (
				8D1107260486CEB800E47090 /* Ticker */,
				C9DFB3A30F132DCB00365453 /* Disk Image */,
				C923915C0F7F01D40083FC13 /* Unit Tests */,
				C92FE90F0F3D06260037FA15 /* Presence Tester */,
			);
		};
/* End PBXProject section */

/* Begin PBXResourcesBuildPhase section */
		8D1107290486CEB800E47090 /* Resources */ = {
			isa = PBXResourcesBuildPhase;
			buildActionMask = 2147483647;
			files = (
				C94B47180F1359F500BADAE8 /* Growl Registration Ticket.growlRegDict in Resources */,
				8D11072B0486CEB800E47090 /* InfoPlist.strings in Resources */,
				C9F55FA30EFF1DF0005D9245 /* notes.txt in Resources */,
				C94B47A80F1731C900BADAE8 /* Ticker.icns in Resources */,
				C923924C0F7F7BC30083FC13 /* Preferences.xib in Resources */,
				C92392540F7F7BC30083FC13 /* PresenceWindow.xib in Resources */,
				C923925D0F7F7C310083FC13 /* Reply_Normal.tiff in Resources */,
				C923925E0F7F7C310083FC13 /* Reply_Rollover.tiff in Resources */,
				C923927A0F7F7D080083FC13 /* MainMenu.xib in Resources */,
				C923927B0F7F7D080083FC13 /* TickerWindow.xib in Resources */,
				C930AB900FB27F3300B6E043 /* crash_20090504.txt in Resources */,
				C930AD4B0FB7F23A00B6E043 /* Ticker_512.png in Resources */,
				C934A7310FB937EC003C2B41 /* Message_Public.png in Resources */,
			);
			runOnlyForDeploymentPostprocessing = 0;
		};
		C92391580F7F01D40083FC13 /* Resources */ = {
			isa = PBXResourcesBuildPhase;
			buildActionMask = 2147483647;
			files = (
				C92394050F82BEEA0083FC13 /* key_error_version.key in Resources */,
				C92394060F82BEEA0083FC13 /* key_error_missing_field.key in Resources */,
				C92394070F82BEEA0083FC13 /* key_error_hexdata.key in Resources */,
				C92394080F82BEEA0083FC13 /* key2.key in Resources */,
				C92394090F82BEEA0083FC13 /* key1.key in Resources */,
			);
			runOnlyForDeploymentPostprocessing = 0;
		};
		C92FE9100F3D06260037FA15 /* Resources */ = {
			isa = PBXResourcesBuildPhase;
			buildActionMask = 2147483647;
			files = (
				C92FE9860F3D08D70037FA15 /* PresenceTester.xib in Resources */,
			);
			runOnlyForDeploymentPostprocessing = 0;
		};
/* End PBXResourcesBuildPhase section */

/* Begin PBXShellScriptBuildPhase section */
		C923915B0F7F01D40083FC13 /* ShellScript */ = {
			isa = PBXShellScriptBuildPhase;
			buildActionMask = 2147483647;
			files = (
			);
			inputPaths = (
			);
			outputPaths = (
			);
			runOnlyForDeploymentPostprocessing = 0;
			shellPath = /bin/sh;
			shellScript = "# Run the unit tests in this test bundle.\nexport TEST_RESOURCES_DIR=${PROJECT_DIR}/src/tests/resources\n\"${SYSTEM_DEVELOPER_DIR}/Tools/RunUnitTests\"\n";
		};
		C9DFB3A20F132DCB00365453 /* ShellScript */ = {
			isa = PBXShellScriptBuildPhase;
			buildActionMask = 2147483647;
			files = (
			);
			inputPaths = (
				"$(BUILT_PRODUCTS_DIR)/ticker.app/Contents/MacOS/ticker",
			);
			outputPaths = (
				"$(BUILT_PRODUCTS_DIR)/ticker.dmg",
			);
			runOnlyForDeploymentPostprocessing = 0;
			shellPath = /bin/sh;
			shellScript = "echo \"src = $BUILT_PRODUCTS_DIR/ticker.app\"\nhdiutil create -ov -srcfolder \"$BUILT_PRODUCTS_DIR/ticker.app\" -format UDBZ \"$BUILT_PRODUCTS_DIR/ticker.dmg\"";
		};
/* End PBXShellScriptBuildPhase section */

/* Begin PBXSourcesBuildPhase section */
		8D11072C0486CEB800E47090 /* Sources */ = {
			isa = PBXSourcesBuildPhase;
			buildActionMask = 2147483647;
			files = (
				C92392470F7F7BC30083FC13 /* AppController.m in Sources */,
				C92392480F7F7BC30083FC13 /* DragTarget.m in Sources */,
				C92392490F7F7BC30083FC13 /* ElvinConnection.m in Sources */,
				C923924A0F7F7BC30083FC13 /* main.m in Sources */,
				C923924B0F7F7BC30083FC13 /* Preferences.m in Sources */,
				C923924D0F7F7BC30083FC13 /* PreferencesController.m in Sources */,
				C923924E0F7F7BC30083FC13 /* PresenceConnection.m in Sources */,
				C923924F0F7F7BC30083FC13 /* PresenceController.m in Sources */,
				C92392500F7F7BC30083FC13 /* PresenceEntity.m in Sources */,
				C92392520F7F7BC30083FC13 /* PresenceGroupsController.m in Sources */,
				C92392530F7F7BC30083FC13 /* PresenceStatus.m in Sources */,
				C92392550F7F7BC30083FC13 /* RHSystemIdleTimer.m in Sources */,
				C92392560F7F7BC30083FC13 /* RolloverButton.m in Sources */,
				C92392570F7F7BC30083FC13 /* TextViewWithLinks.m in Sources */,
				C92392580F7F7BC30083FC13 /* TickerController.m in Sources */,
				C92392590F7F7BC30083FC13 /* TickerMessagesTextView.m in Sources */,
				C923925A0F7F7BC30083FC13 /* utils.m in Sources */,
				C9CC2D270F83266D009FC112 /* KeysArrayController.m in Sources */,
				C9CC2DAB0F8B120F009FC112 /* ElvinKeyIO.m in Sources */,
				C934A82C0FC11E79003C2B41 /* RelativeDateFormatter.m in Sources */,
				C934AA320FC2489D003C2B41 /* PresenceStatusFormatter.m in Sources */,
				C9D10E2E0FC3A08800BC77E7 /* TickerMessage.m in Sources */,
			);
			runOnlyForDeploymentPostprocessing = 0;
		};
		C92391590F7F01D40083FC13 /* Sources */ = {
			isa = PBXSourcesBuildPhase;
			buildActionMask = 2147483647;
			files = (
				C934A8290FC11E61003C2B41 /* TestRelativeDateFormatter.m in Sources */,
			);
			runOnlyForDeploymentPostprocessing = 0;
		};
		C92FE91F0F3D06260037FA15 /* Sources */ = {
			isa = PBXSourcesBuildPhase;
			buildActionMask = 2147483647;
			files = (
				C92FE9AE0F3D09740037FA15 /* PresenceTesterAppController.m in Sources */,
			);
			runOnlyForDeploymentPostprocessing = 0;
		};
/* End PBXSourcesBuildPhase section */

/* Begin PBXTargetDependency section */
		C92391630F7F020B0083FC13 /* PBXTargetDependency */ = {
			isa = PBXTargetDependency;
			target = 8D1107260486CEB800E47090 /* Ticker */;
			targetProxy = C92391620F7F020B0083FC13 /* PBXContainerItemProxy */;
		};
		C9DFB3AA0F132E2F00365453 /* PBXTargetDependency */ = {
			isa = PBXTargetDependency;
			target = 8D1107260486CEB800E47090 /* Ticker */;
			targetProxy = C9DFB3A90F132E2F00365453 /* PBXContainerItemProxy */;
		};
/* End PBXTargetDependency section */

/* Begin PBXVariantGroup section */
		089C165CFE840E0CC02AAC07 /* InfoPlist.strings */ = {
			isa = PBXVariantGroup;
			children = (
				089C165DFE840E0CC02AAC07 /* English */,
			);
			name = InfoPlist.strings;
			sourceTree = "<group>";
		};
/* End PBXVariantGroup section */

/* Begin XCBuildConfiguration section */
		C01FCF4B08A954540054247B /* Debug */ = {
			isa = XCBuildConfiguration;
			buildSettings = {
				COPY_PHASE_STRIP = NO;
				FRAMEWORK_SEARCH_PATHS = (
					"$(inherited)",
					"\"$(SRCROOT)/../../avis/c/platforms/macosx/build/Release\"",
					"\"$(SRCROOT)/Frameworks\"",
				);
				GCC_DYNAMIC_NO_PIC = NO;
				GCC_ENABLE_FIX_AND_CONTINUE = YES;
				GCC_MODEL_TUNING = G5;
				GCC_OPTIMIZATION_LEVEL = 0;
				GCC_PRECOMPILE_PREFIX_HEADER = YES;
				GCC_PREFIX_HEADER = Ticker_Prefix.pch;
				INFOPLIST_FILE = Info.plist;
				INSTALL_PATH = "$(HOME)/Applications";
				LD_RUNPATH_SEARCH_PATHS = /Users/matt/Development/avis/c/platforms/macosx/build/Release;
				PRODUCT_NAME = Ticker;
			};
			name = Debug;
		};
		C01FCF4C08A954540054247B /* Release */ = {
			isa = XCBuildConfiguration;
			buildSettings = {
				DEBUG_INFORMATION_FORMAT = "dwarf-with-dsym";
				FRAMEWORK_SEARCH_PATHS = (
					"$(inherited)",
					"\"$(SRCROOT)/../../avis/c/platforms/macosx/build/Release\"",
					"\"$(SRCROOT)/Frameworks\"",
				);
				GCC_MODEL_TUNING = G5;
				GCC_PRECOMPILE_PREFIX_HEADER = YES;
				GCC_PREFIX_HEADER = Ticker_Prefix.pch;
				GCC_PREPROCESSOR_DEFINITIONS = NS_BLOCK_ASSERTIONS;
				INFOPLIST_FILE = Info.plist;
				INSTALL_PATH = "$(HOME)/Applications";
				LD_RUNPATH_SEARCH_PATHS = /Users/matt/Development/avis/c/platforms/macosx/build/Release;
				PRODUCT_NAME = Ticker;
			};
			name = Release;
		};
		C01FCF4F08A954540054247B /* Debug */ = {
			isa = XCBuildConfiguration;
			buildSettings = {
				ARCHS = "$(ARCHS_STANDARD_32_64_BIT)";
				GCC_C_LANGUAGE_STANDARD = c99;
				GCC_ENABLE_OBJC_GC = unsupported;
				GCC_OPTIMIZATION_LEVEL = 0;
				GCC_PREPROCESSOR_DEFINITIONS = LOG_TRACE;
				GCC_WARN_ABOUT_RETURN_TYPE = YES;
				GCC_WARN_UNUSED_VARIABLE = YES;
				ONLY_ACTIVE_ARCH = YES;
				PREBINDING = NO;
				SDKROOT = macosx10.5;
			};
			name = Debug;
		};
		C01FCF5008A954540054247B /* Release */ = {
			isa = XCBuildConfiguration;
			buildSettings = {
				ARCHS = "$(ARCHS_STANDARD_32_64_BIT)";
				GCC_C_LANGUAGE_STANDARD = c99;
				GCC_ENABLE_OBJC_GC = unsupported;
				GCC_WARN_ABOUT_RETURN_TYPE = YES;
				GCC_WARN_UNUSED_VARIABLE = YES;
				PREBINDING = NO;
				SDKROOT = macosx10.5;
			};
			name = Release;
		};
		C923915F0F7F01D50083FC13 /* Debug */ = {
			isa = XCBuildConfiguration;
			buildSettings = {
				ALWAYS_SEARCH_USER_PATHS = NO;
				BUNDLE_LOADER = "$(BUILT_PRODUCTS_DIR)/Ticker.app/Contents/MacOS/Ticker";
				COPY_PHASE_STRIP = NO;
				FRAMEWORK_SEARCH_PATHS = "$(DEVELOPER_LIBRARY_DIR)/Frameworks";
				GCC_DYNAMIC_NO_PIC = NO;
				GCC_ENABLE_FIX_AND_CONTINUE = NO;
				GCC_ENABLE_OBJC_EXCEPTIONS = YES;
				GCC_MODEL_TUNING = G5;
				GCC_OPTIMIZATION_LEVEL = 0;
				GCC_PRECOMPILE_PREFIX_HEADER = YES;
				GCC_PREFIX_HEADER = "$(SYSTEM_LIBRARY_DIR)/Frameworks/Cocoa.framework/Headers/Cocoa.h";
				INFOPLIST_FILE = "Unit Tests-Info.plist";
				INSTALL_PATH = "$(USER_LIBRARY_DIR)/Bundles";
				OTHER_LDFLAGS = (
					"-framework",
					Cocoa,
					"-framework",
					SenTestingKit,
				);
				PREBINDING = NO;
				PRODUCT_NAME = "Unit Tests";
				TEST_HOST = "$(BUILT_PRODUCTS_DIR)/Ticker.app/Contents/MacOS/Ticker";
				WRAPPER_EXTENSION = octest;
			};
			name = Debug;
		};
		C92391600F7F01D50083FC13 /* Release */ = {
			isa = XCBuildConfiguration;
			buildSettings = {
				ALWAYS_SEARCH_USER_PATHS = NO;
				BUNDLE_LOADER = "$(BUILT_PRODUCTS_DIR)/Ticker.app/Contents/MacOS/Ticker";
				COPY_PHASE_STRIP = YES;
				DEBUG_INFORMATION_FORMAT = "dwarf-with-dsym";
				FRAMEWORK_SEARCH_PATHS = "$(DEVELOPER_LIBRARY_DIR)/Frameworks";
				GCC_ENABLE_FIX_AND_CONTINUE = NO;
				GCC_ENABLE_OBJC_EXCEPTIONS = YES;
				GCC_MODEL_TUNING = G5;
				GCC_PRECOMPILE_PREFIX_HEADER = YES;
				GCC_PREFIX_HEADER = "$(SYSTEM_LIBRARY_DIR)/Frameworks/Cocoa.framework/Headers/Cocoa.h";
				INFOPLIST_FILE = "Unit Tests-Info.plist";
				INSTALL_PATH = "$(USER_LIBRARY_DIR)/Bundles";
				OTHER_LDFLAGS = (
					"-framework",
					Cocoa,
					"-framework",
					SenTestingKit,
				);
				PREBINDING = NO;
				PRODUCT_NAME = "Unit Tests";
				TEST_HOST = "$(BUILT_PRODUCTS_DIR)/Ticker.app/Contents/MacOS/Ticker";
				WRAPPER_EXTENSION = octest;
				ZERO_LINK = NO;
			};
			name = Release;
		};
		C92FE9380F3D06260037FA15 /* Debug */ = {
			isa = XCBuildConfiguration;
			buildSettings = {
				COPY_PHASE_STRIP = NO;
				FRAMEWORK_SEARCH_PATHS = (
					"$(inherited)",
					"\\\"$(SRCROOT)/../../avis/c/platforms/macosx/build/Release\\\"",
					"\\\"$(SRCROOT)/Frameworks\\\"",
				);
				GCC_DYNAMIC_NO_PIC = NO;
				GCC_ENABLE_FIX_AND_CONTINUE = YES;
				GCC_MODEL_TUNING = G5;
				GCC_OPTIMIZATION_LEVEL = 0;
				GCC_PRECOMPILE_PREFIX_HEADER = YES;
				GCC_PREFIX_HEADER = PresenceTester_Prefix.pch;
				INFOPLIST_FILE = /Users/matt/Development/avis/objc/examples/ticker/PresenceTester/Info.plist;
				INSTALL_PATH = "$(HOME)/Applications";
				LD_RUNPATH_SEARCH_PATHS = /Users/matt/Development/avis/c/platforms/macosx/build/Release;
				PRODUCT_NAME = Ticker;
			};
			name = Debug;
		};
		C92FE9390F3D06260037FA15 /* Release */ = {
			isa = XCBuildConfiguration;
			buildSettings = {
				DEBUG_INFORMATION_FORMAT = "dwarf-with-dsym";
				FRAMEWORK_SEARCH_PATHS = (
					"$(inherited)",
					"\\\"$(SRCROOT)/../../avis/c/platforms/macosx/build/Release\\\"",
					"\\\"$(SRCROOT)/Frameworks\\\"",
				);
				GCC_MODEL_TUNING = G5;
				GCC_PRECOMPILE_PREFIX_HEADER = YES;
				GCC_PREFIX_HEADER = PresenceTester_Prefix.pch;
				GCC_PREPROCESSOR_DEFINITIONS = NS_BLOCK_ASSERTIONS;
				INFOPLIST_FILE = /Users/matt/Development/avis/objc/examples/ticker/PresenceTester/Info.plist;
				INSTALL_PATH = "$(HOME)/Applications";
				LD_RUNPATH_SEARCH_PATHS = /Users/matt/Development/avis/c/platforms/macosx/build/Release;
				PRODUCT_NAME = Ticker;
			};
			name = Release;
		};
		C9DFB3A40F132DCB00365453 /* Debug */ = {
			isa = XCBuildConfiguration;
			buildSettings = {
				COPY_PHASE_STRIP = NO;
				GCC_DYNAMIC_NO_PIC = NO;
				GCC_OPTIMIZATION_LEVEL = 0;
				PRODUCT_NAME = "Disk Image";
			};
			name = Debug;
		};
		C9DFB3A50F132DCB00365453 /* Release */ = {
			isa = XCBuildConfiguration;
			buildSettings = {
				COPY_PHASE_STRIP = YES;
				DEBUG_INFORMATION_FORMAT = "dwarf-with-dsym";
				GCC_ENABLE_FIX_AND_CONTINUE = NO;
				PRODUCT_NAME = "Disk Image";
				ZERO_LINK = NO;
			};
			name = Release;
		};
/* End XCBuildConfiguration section */

/* Begin XCConfigurationList section */
		C01FCF4A08A954540054247B /* Build configuration list for PBXNativeTarget "Ticker" */ = {
			isa = XCConfigurationList;
			buildConfigurations = (
				C01FCF4B08A954540054247B /* Debug */,
				C01FCF4C08A954540054247B /* Release */,
			);
			defaultConfigurationIsVisible = 0;
			defaultConfigurationName = Release;
		};
		C01FCF4E08A954540054247B /* Build configuration list for PBXProject "Ticker" */ = {
			isa = XCConfigurationList;
			buildConfigurations = (
				C01FCF4F08A954540054247B /* Debug */,
				C01FCF5008A954540054247B /* Release */,
			);
			defaultConfigurationIsVisible = 0;
			defaultConfigurationName = Release;
		};
		C92391610F7F01D50083FC13 /* Build configuration list for PBXNativeTarget "Unit Tests" */ = {
			isa = XCConfigurationList;
			buildConfigurations = (
				C923915F0F7F01D50083FC13 /* Debug */,
				C92391600F7F01D50083FC13 /* Release */,
			);
			defaultConfigurationIsVisible = 0;
			defaultConfigurationName = Release;
		};
		C92FE9370F3D06260037FA15 /* Build configuration list for PBXNativeTarget "Presence Tester" */ = {
			isa = XCConfigurationList;
			buildConfigurations = (
				C92FE9380F3D06260037FA15 /* Debug */,
				C92FE9390F3D06260037FA15 /* Release */,
			);
			defaultConfigurationIsVisible = 0;
			defaultConfigurationName = Release;
		};
		C9DFB3A60F132DE900365453 /* Build configuration list for PBXAggregateTarget "Disk Image" */ = {
			isa = XCConfigurationList;
			buildConfigurations = (
				C9DFB3A40F132DCB00365453 /* Debug */,
				C9DFB3A50F132DCB00365453 /* Release */,
			);
			defaultConfigurationIsVisible = 0;
			defaultConfigurationName = Release;
		};
/* End XCConfigurationList section */
	};
	rootObject = 29B97313FDCFA39411CA2CEA /* Project object */;
}
