// !$*UTF8*$!
{
	archiveVersion = 1;
	classes = {
	};
	objectVersion = 45;
	objects = {

/* Begin PBXBuildFile section */
		1D3623260D0F684500981E51 /* Tinkle_AppDelegate.m in Sources */ = {isa = PBXBuildFile; fileRef = 1D3623250D0F684500981E51 /* Tinkle_AppDelegate.m */; };
		1D60589B0D05DD56006BFB54 /* main.m in Sources */ = {isa = PBXBuildFile; fileRef = 29B97316FDCFA39411CA2CEA /* main.m */; };
		1D60589F0D05DD5A006BFB54 /* Foundation.framework in Frameworks */ = {isa = PBXBuildFile; fileRef = 1D30AB110D05D00D00671497 /* Foundation.framework */; };
		1DF5F4E00D08C38300B7A737 /* UIKit.framework in Frameworks */ = {isa = PBXBuildFile; fileRef = 1DF5F4DF0D08C38300B7A737 /* UIKit.framework */; };
		28216C970DB411BC00E5133A /* MessagesViewController.m in Sources */ = {isa = PBXBuildFile; fileRef = 28216C960DB411BC00E5133A /* MessagesViewController.m */; };
		288765080DF74369002DB57D /* CoreGraphics.framework in Frameworks */ = {isa = PBXBuildFile; fileRef = 288765070DF74369002DB57D /* CoreGraphics.framework */; };
		C94DCEA510B8FA0200A51688 /* MainWindowTabController.m in Sources */ = {isa = PBXBuildFile; fileRef = C94DCEA410B8FA0200A51688 /* MainWindowTabController.m */; };
		C94DCEE210B8FFB800A51688 /* MessagesSelectGroup.xib in Resources */ = {isa = PBXBuildFile; fileRef = C94DCEE110B8FFB800A51688 /* MessagesSelectGroup.xib */; };
		C9CDFAFC10AE8C6300DBE18C /* ElvinConnection.m in Sources */ = {isa = PBXBuildFile; fileRef = C9CDFAFA10AE8C6300DBE18C /* ElvinConnection.m */; };
		C9CDFB0110AE8C9300DBE18C /* TickerMessage.m in Sources */ = {isa = PBXBuildFile; fileRef = C9CDFAFD10AE8C9300DBE18C /* TickerMessage.m */; };
		C9CDFB0210AE8C9300DBE18C /* PresenceStatus.m in Sources */ = {isa = PBXBuildFile; fileRef = C9CDFAFF10AE8C9300DBE18C /* PresenceStatus.m */; };
		C9CDFB0510AE8CB000DBE18C /* utils.m in Sources */ = {isa = PBXBuildFile; fileRef = C9CDFB0310AE8CB000DBE18C /* utils.m */; };
		C9CDFB1D10AE8D9700DBE18C /* PresenceEntity.m in Sources */ = {isa = PBXBuildFile; fileRef = C9CDFB1910AE8D9700DBE18C /* PresenceEntity.m */; };
		C9CDFB1E10AE8D9700DBE18C /* PresenceConnection.m in Sources */ = {isa = PBXBuildFile; fileRef = C9CDFB1B10AE8D9700DBE18C /* PresenceConnection.m */; };
		C9CDFB2110AE8E3100DBE18C /* Preferences.m in Sources */ = {isa = PBXBuildFile; fileRef = C9CDFB1F10AE8E3100DBE18C /* Preferences.m */; };
		C9E66A0A10AE653700C875D4 /* PresenceTableViewController.m in Sources */ = {isa = PBXBuildFile; fileRef = C9E66A0910AE653700C875D4 /* PresenceTableViewController.m */; };
		C9FB8ACB10B600BE00D15441 /* lolly_yellow.png in Resources */ = {isa = PBXBuildFile; fileRef = C9FB8AC510B600BE00D15441 /* lolly_yellow.png */; };
		C9FB8ACC10B600BE00D15441 /* lolly_grey.png in Resources */ = {isa = PBXBuildFile; fileRef = C9FB8AC610B600BE00D15441 /* lolly_grey.png */; };
		C9FB8ACD10B600BE00D15441 /* lolly_green.png in Resources */ = {isa = PBXBuildFile; fileRef = C9FB8AC710B600BE00D15441 /* lolly_green.png */; };
		C9FB8ACE10B600BE00D15441 /* MainWindow.xib in Resources */ = {isa = PBXBuildFile; fileRef = C9FB8AC810B600BE00D15441 /* MainWindow.xib */; };
		C9FB8ACF10B600BE00D15441 /* Tinkle.png in Resources */ = {isa = PBXBuildFile; fileRef = C9FB8AC910B600BE00D15441 /* Tinkle.png */; };
		C9FB8AD010B600BE00D15441 /* MessageView.xib in Resources */ = {isa = PBXBuildFile; fileRef = C9FB8ACA10B600BE00D15441 /* MessageView.xib */; };
/* End PBXBuildFile section */

/* Begin PBXFileReference section */
		1D30AB110D05D00D00671497 /* Foundation.framework */ = {isa = PBXFileReference; lastKnownFileType = wrapper.framework; name = Foundation.framework; path = System/Library/Frameworks/Foundation.framework; sourceTree = SDKROOT; };
		1D3623240D0F684500981E51 /* Tinkle_AppDelegate.h */ = {isa = PBXFileReference; fileEncoding = 4; lastKnownFileType = sourcecode.c.h; path = Tinkle_AppDelegate.h; sourceTree = "<group>"; };
		1D3623250D0F684500981E51 /* Tinkle_AppDelegate.m */ = {isa = PBXFileReference; fileEncoding = 4; lastKnownFileType = sourcecode.c.objc; path = Tinkle_AppDelegate.m; sourceTree = "<group>"; };
		1D6058910D05DD3D006BFB54 /* Tinkle.app */ = {isa = PBXFileReference; explicitFileType = wrapper.application; includeInIndex = 0; path = Tinkle.app; sourceTree = BUILT_PRODUCTS_DIR; };
		1DF5F4DF0D08C38300B7A737 /* UIKit.framework */ = {isa = PBXFileReference; lastKnownFileType = wrapper.framework; name = UIKit.framework; path = System/Library/Frameworks/UIKit.framework; sourceTree = SDKROOT; };
		28216C950DB411BC00E5133A /* MessagesViewController.h */ = {isa = PBXFileReference; fileEncoding = 4; lastKnownFileType = sourcecode.c.h; path = MessagesViewController.h; sourceTree = "<group>"; };
		28216C960DB411BC00E5133A /* MessagesViewController.m */ = {isa = PBXFileReference; fileEncoding = 4; lastKnownFileType = sourcecode.c.objc; path = MessagesViewController.m; sourceTree = "<group>"; };
		288765070DF74369002DB57D /* CoreGraphics.framework */ = {isa = PBXFileReference; lastKnownFileType = wrapper.framework; name = CoreGraphics.framework; path = System/Library/Frameworks/CoreGraphics.framework; sourceTree = SDKROOT; };
		28A0AB4B0D9B1048005BE974 /* Tinkle_Prefix.pch */ = {isa = PBXFileReference; fileEncoding = 4; lastKnownFileType = sourcecode.c.h; path = Tinkle_Prefix.pch; sourceTree = "<group>"; };
		29B97316FDCFA39411CA2CEA /* main.m */ = {isa = PBXFileReference; fileEncoding = 4; lastKnownFileType = sourcecode.c.objc; path = main.m; sourceTree = "<group>"; };
		C94DCEA310B8FA0200A51688 /* MainWindowTabController.h */ = {isa = PBXFileReference; fileEncoding = 4; lastKnownFileType = sourcecode.c.h; path = MainWindowTabController.h; sourceTree = "<group>"; };
		C94DCEA410B8FA0200A51688 /* MainWindowTabController.m */ = {isa = PBXFileReference; fileEncoding = 4; lastKnownFileType = sourcecode.c.objc; path = MainWindowTabController.m; sourceTree = "<group>"; };
		C94DCEE110B8FFB800A51688 /* MessagesSelectGroup.xib */ = {isa = PBXFileReference; lastKnownFileType = file.xib; name = MessagesSelectGroup.xib; path = Resources/MessagesSelectGroup.xib; sourceTree = "<group>"; };
		C9CDFAFA10AE8C6300DBE18C /* ElvinConnection.m */ = {isa = PBXFileReference; fileEncoding = 4; lastKnownFileType = sourcecode.c.objc; name = ElvinConnection.m; path = Classes/Avis/ElvinConnection.m; sourceTree = SOURCE_ROOT; };
		C9CDFAFB10AE8C6300DBE18C /* ElvinConnection.h */ = {isa = PBXFileReference; fileEncoding = 4; lastKnownFileType = sourcecode.c.h; name = ElvinConnection.h; path = Classes/Avis/ElvinConnection.h; sourceTree = SOURCE_ROOT; };
		C9CDFAFD10AE8C9300DBE18C /* TickerMessage.m */ = {isa = PBXFileReference; fileEncoding = 4; lastKnownFileType = sourcecode.c.objc; name = TickerMessage.m; path = Classes/Avis/TickerMessage.m; sourceTree = SOURCE_ROOT; };
		C9CDFAFE10AE8C9300DBE18C /* TickerMessage.h */ = {isa = PBXFileReference; fileEncoding = 4; lastKnownFileType = sourcecode.c.h; name = TickerMessage.h; path = Classes/Avis/TickerMessage.h; sourceTree = SOURCE_ROOT; };
		C9CDFAFF10AE8C9300DBE18C /* PresenceStatus.m */ = {isa = PBXFileReference; fileEncoding = 4; lastKnownFileType = sourcecode.c.objc; name = PresenceStatus.m; path = Classes/Avis/PresenceStatus.m; sourceTree = SOURCE_ROOT; };
		C9CDFB0010AE8C9300DBE18C /* PresenceStatus.h */ = {isa = PBXFileReference; fileEncoding = 4; lastKnownFileType = sourcecode.c.h; name = PresenceStatus.h; path = Classes/Avis/PresenceStatus.h; sourceTree = SOURCE_ROOT; };
		C9CDFB0310AE8CB000DBE18C /* utils.m */ = {isa = PBXFileReference; fileEncoding = 4; lastKnownFileType = sourcecode.c.objc; name = utils.m; path = Classes/Avis/utils.m; sourceTree = SOURCE_ROOT; };
		C9CDFB0410AE8CB000DBE18C /* utils.h */ = {isa = PBXFileReference; fileEncoding = 4; lastKnownFileType = sourcecode.c.h; name = utils.h; path = Classes/Avis/utils.h; sourceTree = SOURCE_ROOT; };
		C9CDFB1910AE8D9700DBE18C /* PresenceEntity.m */ = {isa = PBXFileReference; fileEncoding = 4; lastKnownFileType = sourcecode.c.objc; name = PresenceEntity.m; path = Classes/Avis/PresenceEntity.m; sourceTree = SOURCE_ROOT; };
		C9CDFB1A10AE8D9700DBE18C /* PresenceEntity.h */ = {isa = PBXFileReference; fileEncoding = 4; lastKnownFileType = sourcecode.c.h; name = PresenceEntity.h; path = Classes/Avis/PresenceEntity.h; sourceTree = SOURCE_ROOT; };
		C9CDFB1B10AE8D9700DBE18C /* PresenceConnection.m */ = {isa = PBXFileReference; fileEncoding = 4; lastKnownFileType = sourcecode.c.objc; name = PresenceConnection.m; path = Classes/Avis/PresenceConnection.m; sourceTree = SOURCE_ROOT; };
		C9CDFB1C10AE8D9700DBE18C /* PresenceConnection.h */ = {isa = PBXFileReference; fileEncoding = 4; lastKnownFileType = sourcecode.c.h; name = PresenceConnection.h; path = Classes/Avis/PresenceConnection.h; sourceTree = SOURCE_ROOT; };
		C9CDFB1F10AE8E3100DBE18C /* Preferences.m */ = {isa = PBXFileReference; fileEncoding = 4; lastKnownFileType = sourcecode.c.objc; name = Preferences.m; path = Classes/Avis/Preferences.m; sourceTree = SOURCE_ROOT; };
		C9CDFB2010AE8E3100DBE18C /* Preferences.h */ = {isa = PBXFileReference; fileEncoding = 4; lastKnownFileType = sourcecode.c.h; name = Preferences.h; path = Classes/Avis/Preferences.h; sourceTree = SOURCE_ROOT; };
		C9E66A0810AE653700C875D4 /* PresenceTableViewController.h */ = {isa = PBXFileReference; fileEncoding = 4; lastKnownFileType = sourcecode.c.h; path = PresenceTableViewController.h; sourceTree = "<group>"; };
		C9E66A0910AE653700C875D4 /* PresenceTableViewController.m */ = {isa = PBXFileReference; fileEncoding = 4; lastKnownFileType = sourcecode.c.objc; path = PresenceTableViewController.m; sourceTree = "<group>"; };
		C9FB8AC510B600BE00D15441 /* lolly_yellow.png */ = {isa = PBXFileReference; lastKnownFileType = image.png; name = lolly_yellow.png; path = Resources/lolly_yellow.png; sourceTree = SOURCE_ROOT; };
		C9FB8AC610B600BE00D15441 /* lolly_grey.png */ = {isa = PBXFileReference; lastKnownFileType = image.png; name = lolly_grey.png; path = Resources/lolly_grey.png; sourceTree = SOURCE_ROOT; };
		C9FB8AC710B600BE00D15441 /* lolly_green.png */ = {isa = PBXFileReference; lastKnownFileType = image.png; name = lolly_green.png; path = Resources/lolly_green.png; sourceTree = SOURCE_ROOT; };
		C9FB8AC810B600BE00D15441 /* MainWindow.xib */ = {isa = PBXFileReference; lastKnownFileType = file.xib; name = MainWindow.xib; path = Resources/MainWindow.xib; sourceTree = SOURCE_ROOT; };
		C9FB8AC910B600BE00D15441 /* Tinkle.png */ = {isa = PBXFileReference; lastKnownFileType = image.png; name = Tinkle.png; path = Resources/Tinkle.png; sourceTree = SOURCE_ROOT; };
		C9FB8ACA10B600BE00D15441 /* MessageView.xib */ = {isa = PBXFileReference; lastKnownFileType = file.xib; name = MessageView.xib; path = Resources/MessageView.xib; sourceTree = SOURCE_ROOT; };
		C9FB8AD410B600E000D15441 /* Tinkle-Info.plist */ = {isa = PBXFileReference; fileEncoding = 4; lastKnownFileType = text.plist.xml; path = "Tinkle-Info.plist"; sourceTree = "<group>"; };
/* End PBXFileReference section */

/* Begin PBXFrameworksBuildPhase section */
		1D60588F0D05DD3D006BFB54 /* Frameworks */ = {
			isa = PBXFrameworksBuildPhase;
			buildActionMask = 2147483647;
			files = (
				1D60589F0D05DD5A006BFB54 /* Foundation.framework in Frameworks */,
				1DF5F4E00D08C38300B7A737 /* UIKit.framework in Frameworks */,
				288765080DF74369002DB57D /* CoreGraphics.framework in Frameworks */,
			);
			runOnlyForDeploymentPostprocessing = 0;
		};
/* End PBXFrameworksBuildPhase section */

/* Begin PBXGroup section */
		080E96DDFE201D6D7F000001 /* Classes */ = {
			isa = PBXGroup;
			children = (
				1D3623240D0F684500981E51 /* Tinkle_AppDelegate.h */,
				1D3623250D0F684500981E51 /* Tinkle_AppDelegate.m */,
				C94DCEA310B8FA0200A51688 /* MainWindowTabController.h */,
				C94DCEA410B8FA0200A51688 /* MainWindowTabController.m */,
				28216C950DB411BC00E5133A /* MessagesViewController.h */,
				28216C960DB411BC00E5133A /* MessagesViewController.m */,
				C9E66A0810AE653700C875D4 /* PresenceTableViewController.h */,
				C9E66A0910AE653700C875D4 /* PresenceTableViewController.m */,
				C9CDFAF010AE8B6C00DBE18C /* Avis */,
			);
			path = Classes;
			sourceTree = "<group>";
		};
		19C28FACFE9D520D11CA2CBB /* Products */ = {
			isa = PBXGroup;
			children = (
				1D6058910D05DD3D006BFB54 /* Tinkle.app */,
			);
			name = Products;
			sourceTree = "<group>";
		};
		29B97314FDCFA39411CA2CEA /* tinkle_iphone */ = {
			isa = PBXGroup;
			children = (
				080E96DDFE201D6D7F000001 /* Classes */,
				29B97315FDCFA39411CA2CEA /* Other Sources */,
				29B97317FDCFA39411CA2CEA /* Resources */,
				29B97323FDCFA39411CA2CEA /* Frameworks */,
				19C28FACFE9D520D11CA2CBB /* Products */,
			);
			name = tinkle_iphone;
			sourceTree = "<group>";
		};
		29B97315FDCFA39411CA2CEA /* Other Sources */ = {
			isa = PBXGroup;
			children = (
				C9FB8AD410B600E000D15441 /* Tinkle-Info.plist */,
				28A0AB4B0D9B1048005BE974 /* Tinkle_Prefix.pch */,
				29B97316FDCFA39411CA2CEA /* main.m */,
			);
			name = "Other Sources";
			sourceTree = "<group>";
		};
		29B97317FDCFA39411CA2CEA /* Resources */ = {
			isa = PBXGroup;
			children = (
				C9FB8AC810B600BE00D15441 /* MainWindow.xib */,
				C94DCEE110B8FFB800A51688 /* MessagesSelectGroup.xib */,
				C9FB8ACA10B600BE00D15441 /* MessageView.xib */,
				C9FB8AC510B600BE00D15441 /* lolly_yellow.png */,
				C9FB8AC610B600BE00D15441 /* lolly_grey.png */,
				C9FB8AC710B600BE00D15441 /* lolly_green.png */,
				C9FB8AC910B600BE00D15441 /* Tinkle.png */,
			);
			name = Resources;
			sourceTree = "<group>";
		};
		29B97323FDCFA39411CA2CEA /* Frameworks */ = {
			isa = PBXGroup;
			children = (
				1DF5F4DF0D08C38300B7A737 /* UIKit.framework */,
				1D30AB110D05D00D00671497 /* Foundation.framework */,
				288765070DF74369002DB57D /* CoreGraphics.framework */,
			);
			name = Frameworks;
			sourceTree = "<group>";
		};
		C9CDFAF010AE8B6C00DBE18C /* Avis */ = {
			isa = PBXGroup;
			children = (
				C9CDFAFB10AE8C6300DBE18C /* ElvinConnection.h */,
				C9CDFAFA10AE8C6300DBE18C /* ElvinConnection.m */,
				C9CDFB1C10AE8D9700DBE18C /* PresenceConnection.h */,
				C9CDFB1B10AE8D9700DBE18C /* PresenceConnection.m */,
				C9CDFB1910AE8D9700DBE18C /* PresenceEntity.m */,
				C9CDFB1A10AE8D9700DBE18C /* PresenceEntity.h */,
				C9CDFAFF10AE8C9300DBE18C /* PresenceStatus.m */,
				C9CDFB0010AE8C9300DBE18C /* PresenceStatus.h */,
				C9CDFAFD10AE8C9300DBE18C /* TickerMessage.m */,
				C9CDFAFE10AE8C9300DBE18C /* TickerMessage.h */,
				C9CDFB1F10AE8E3100DBE18C /* Preferences.m */,
				C9CDFB2010AE8E3100DBE18C /* Preferences.h */,
				C9CDFB0310AE8CB000DBE18C /* utils.m */,
				C9CDFB0410AE8CB000DBE18C /* utils.h */,
			);
			name = Avis;
			path = ..;
			sourceTree = "<group>";
		};
/* End PBXGroup section */

/* Begin PBXNativeTarget section */
		1D6058900D05DD3D006BFB54 /* Tinkle */ = {
			isa = PBXNativeTarget;
			buildConfigurationList = 1D6058960D05DD3E006BFB54 /* Build configuration list for PBXNativeTarget "Tinkle" */;
			buildPhases = (
				1D60588D0D05DD3D006BFB54 /* Resources */,
				1D60588E0D05DD3D006BFB54 /* Sources */,
				1D60588F0D05DD3D006BFB54 /* Frameworks */,
			);
			buildRules = (
			);
			dependencies = (
			);
			name = Tinkle;
			productName = tinkle_iphone;
			productReference = 1D6058910D05DD3D006BFB54 /* Tinkle.app */;
			productType = "com.apple.product-type.application";
		};
/* End PBXNativeTarget section */

/* Begin PBXProject section */
		29B97313FDCFA39411CA2CEA /* Project object */ = {
			isa = PBXProject;
			buildConfigurationList = C01FCF4E08A954540054247B /* Build configuration list for PBXProject "tinkle_iphone" */;
			compatibilityVersion = "Xcode 3.1";
			hasScannedForEncodings = 1;
			mainGroup = 29B97314FDCFA39411CA2CEA /* tinkle_iphone */;
			projectDirPath = "";
			projectRoot = "";
			targets = (
				1D6058900D05DD3D006BFB54 /* Tinkle */,
			);
		};
/* End PBXProject section */

/* Begin PBXResourcesBuildPhase section */
		1D60588D0D05DD3D006BFB54 /* Resources */ = {
			isa = PBXResourcesBuildPhase;
			buildActionMask = 2147483647;
			files = (
				C9FB8ACB10B600BE00D15441 /* lolly_yellow.png in Resources */,
				C9FB8ACC10B600BE00D15441 /* lolly_grey.png in Resources */,
				C9FB8ACD10B600BE00D15441 /* lolly_green.png in Resources */,
				C9FB8ACE10B600BE00D15441 /* MainWindow.xib in Resources */,
				C9FB8ACF10B600BE00D15441 /* Tinkle.png in Resources */,
				C9FB8AD010B600BE00D15441 /* MessageView.xib in Resources */,
				C94DCEE210B8FFB800A51688 /* MessagesSelectGroup.xib in Resources */,
			);
			runOnlyForDeploymentPostprocessing = 0;
		};
/* End PBXResourcesBuildPhase section */

/* Begin PBXSourcesBuildPhase section */
		1D60588E0D05DD3D006BFB54 /* Sources */ = {
			isa = PBXSourcesBuildPhase;
			buildActionMask = 2147483647;
			files = (
				1D60589B0D05DD56006BFB54 /* main.m in Sources */,
				1D3623260D0F684500981E51 /* Tinkle_AppDelegate.m in Sources */,
				28216C970DB411BC00E5133A /* MessagesViewController.m in Sources */,
				C9E66A0A10AE653700C875D4 /* PresenceTableViewController.m in Sources */,
				C9CDFAFC10AE8C6300DBE18C /* ElvinConnection.m in Sources */,
				C9CDFB0110AE8C9300DBE18C /* TickerMessage.m in Sources */,
				C9CDFB0210AE8C9300DBE18C /* PresenceStatus.m in Sources */,
				C9CDFB0510AE8CB000DBE18C /* utils.m in Sources */,
				C9CDFB1D10AE8D9700DBE18C /* PresenceEntity.m in Sources */,
				C9CDFB1E10AE8D9700DBE18C /* PresenceConnection.m in Sources */,
				C9CDFB2110AE8E3100DBE18C /* Preferences.m in Sources */,
				C94DCEA510B8FA0200A51688 /* MainWindowTabController.m in Sources */,
			);
			runOnlyForDeploymentPostprocessing = 0;
		};
/* End PBXSourcesBuildPhase section */

/* Begin XCBuildConfiguration section */
		1D6058940D05DD3E006BFB54 /* Debug */ = {
			isa = XCBuildConfiguration;
			buildSettings = {
				ALWAYS_SEARCH_USER_PATHS = NO;
				COPY_PHASE_STRIP = NO;
				GCC_DYNAMIC_NO_PIC = NO;
				GCC_OPTIMIZATION_LEVEL = 0;
				GCC_PRECOMPILE_PREFIX_HEADER = YES;
				GCC_PREFIX_HEADER = Tinkle_Prefix.pch;
				INFOPLIST_FILE = "Tinkle-Info.plist";
				PRODUCT_NAME = Tinkle;
			};
			name = Debug;
		};
		1D6058950D05DD3E006BFB54 /* Release */ = {
			isa = XCBuildConfiguration;
			buildSettings = {
				ALWAYS_SEARCH_USER_PATHS = NO;
				COPY_PHASE_STRIP = YES;
				GCC_PRECOMPILE_PREFIX_HEADER = YES;
				GCC_PREFIX_HEADER = Tinkle_Prefix.pch;
				INFOPLIST_FILE = "Tinkle-Info.plist";
				PRODUCT_NAME = Tinkle;
			};
			name = Release;
		};
		C01FCF4F08A954540054247B /* Debug */ = {
			isa = XCBuildConfiguration;
			buildSettings = {
				ARCHS = "$(ARCHS_STANDARD_32_BIT)";
				CODE_SIGN_IDENTITY = "iPhone Developer";
				"CODE_SIGN_IDENTITY[sdk=iphoneos*]" = "iPhone Developer";
				GCC_C_LANGUAGE_STANDARD = c99;
				GCC_WARN_ABOUT_RETURN_TYPE = YES;
				GCC_WARN_UNUSED_VARIABLE = YES;
				HEADER_SEARCH_PATHS = include;
				LIBRARY_SEARCH_PATHS = "lib/avis/${CONFIGURATION}-${PLATFORM_NAME}";
				OTHER_LDFLAGS = "-lavis";
				PREBINDING = NO;
				PRODUCT_NAME = Tinkle;
				PROVISIONING_PROFILE = "";
				"PROVISIONING_PROFILE[sdk=iphoneos*]" = "";
				SDKROOT = iphoneos3.1.2;
			};
			name = Debug;
		};
		C01FCF5008A954540054247B /* Release */ = {
			isa = XCBuildConfiguration;
			buildSettings = {
				ARCHS = "$(ARCHS_STANDARD_32_BIT)";
				CODE_SIGN_IDENTITY = "iPhone Developer";
				"CODE_SIGN_IDENTITY[sdk=iphoneos*]" = "iPhone Developer";
				GCC_C_LANGUAGE_STANDARD = c99;
				GCC_WARN_ABOUT_RETURN_TYPE = YES;
				GCC_WARN_UNUSED_VARIABLE = YES;
				HEADER_SEARCH_PATHS = include;
				LIBRARY_SEARCH_PATHS = "lib/avis/${CONFIGURATION}-${PLATFORM_NAME}";
				OTHER_LDFLAGS = "-lavis";
				PREBINDING = NO;
				PRODUCT_NAME = Tinkle;
				PROVISIONING_PROFILE = "";
				"PROVISIONING_PROFILE[sdk=iphoneos*]" = "";
				SDKROOT = iphoneos3.1.2;
			};
			name = Release;
		};
/* End XCBuildConfiguration section */

/* Begin XCConfigurationList section */
		1D6058960D05DD3E006BFB54 /* Build configuration list for PBXNativeTarget "Tinkle" */ = {
			isa = XCConfigurationList;
			buildConfigurations = (
				1D6058940D05DD3E006BFB54 /* Debug */,
				1D6058950D05DD3E006BFB54 /* Release */,
			);
			defaultConfigurationIsVisible = 0;
			defaultConfigurationName = Release;
		};
		C01FCF4E08A954540054247B /* Build configuration list for PBXProject "tinkle_iphone" */ = {
			isa = XCConfigurationList;
			buildConfigurations = (
				C01FCF4F08A954540054247B /* Debug */,
				C01FCF5008A954540054247B /* Release */,
			);
			defaultConfigurationIsVisible = 0;
			defaultConfigurationName = Release;
		};
/* End XCConfigurationList section */
	};
	rootObject = 29B97313FDCFA39411CA2CEA /* Project object */;
}
