Microsoft Visual Studio Solution File, Format Version 8.00
Project("{8BC9CEB8-8B4A-11D0-8D11-00A0C91BC942}") = "common", "common.vcproj", "{D9F1B52A-2DCB-4F3A-A858-8B06E3FBFDBF}"
	ProjectSection(ProjectDependencies) = postProject
		{6A643B38-1B4C-44E7-AA6D-8F9A59EC8C41} = {6A643B38-1B4C-44E7-AA6D-8F9A59EC8C41}
		{3717FA4A-2A60-43CE-A59C-8F32548D1344} = {3717FA4A-2A60-43CE-A59C-8F32548D1344}
	EndProjectSection
EndProject
Project("{8BC9CEB8-8B4A-11D0-8D11-00A0C91BC942}") = "io", "io.vcproj", "{FE57EB9F-3D31-4C74-8E9D-FD2D550A947D}"
	ProjectSection(ProjectDependencies) = postProject
	EndProjectSection
EndProject
Project("{8BC9CEB8-8B4A-11D0-8D11-00A0C91BC942}") = "messages", "messages.vcproj", "{89C8FF60-D579-48BC-B662-FBC3A47C72FE}"
	ProjectSection(ProjectDependencies) = postProject
	EndProjectSection
EndProject
Project("{8BC9CEB8-8B4A-11D0-8D11-00A0C91BC942}") = "pcre", "..\..\..\..\support\pcre-7.4\win32\pcre.vcproj", "{6A643B38-1B4C-44E7-AA6D-8F9A59EC8C41}"
	ProjectSection(ProjectDependencies) = postProject
		{7E565116-019B-4D70-8378-64457CE82678} = {7E565116-019B-4D70-8378-64457CE82678}
	EndProjectSection
EndProject
Project("{8BC9CEB8-8B4A-11D0-8D11-00A0C91BC942}") = "pcrecpp", "..\..\..\..\support\pcre-7.4\win32\pcrecpp.vcproj", "{3717FA4A-2A60-43CE-A59C-8F32548D1344}"
	ProjectSection(ProjectDependencies) = postProject
	EndProjectSection
EndProject
Project("{8BC9CEB8-8B4A-11D0-8D11-00A0C91BC942}") = "security", "security.vcproj", "{426181C0-8479-4838-B9F3-D3951F00E256}"
	ProjectSection(ProjectDependencies) = postProject
	EndProjectSection
EndProject
Project("{8BC9CEB8-8B4A-11D0-8D11-00A0C91BC942}") = "dftables", "..\..\..\..\support\pcre-7.4\win32\dftables.vcproj", "{7E565116-019B-4D70-8378-64457CE82678}"
	ProjectSection(ProjectDependencies) = postProject
	EndProjectSection
EndProject
Global
	GlobalSection(DPCodeReviewSolutionGUID) = preSolution
		DPCodeReviewSolutionGUID = {00000000-0000-0000-0000-000000000000}
	EndGlobalSection
	GlobalSection(SolutionConfiguration) = preSolution
		Debug = Debug
		MinSizeRel = MinSizeRel
		Release = Release
		RelWithDebInfo = RelWithDebInfo
	EndGlobalSection
	GlobalSection(ProjectConfiguration) = postSolution
		{D9F1B52A-2DCB-4F3A-A858-8B06E3FBFDBF}.Debug.ActiveCfg = Debug|Win32
		{D9F1B52A-2DCB-4F3A-A858-8B06E3FBFDBF}.Debug.Build.0 = Debug|Win32
		{D9F1B52A-2DCB-4F3A-A858-8B06E3FBFDBF}.MinSizeRel.ActiveCfg = Release|Win32
		{D9F1B52A-2DCB-4F3A-A858-8B06E3FBFDBF}.MinSizeRel.Build.0 = Release|Win32
		{D9F1B52A-2DCB-4F3A-A858-8B06E3FBFDBF}.Release.ActiveCfg = Release|Win32
		{D9F1B52A-2DCB-4F3A-A858-8B06E3FBFDBF}.Release.Build.0 = Release|Win32
		{D9F1B52A-2DCB-4F3A-A858-8B06E3FBFDBF}.RelWithDebInfo.ActiveCfg = Release|Win32
		{D9F1B52A-2DCB-4F3A-A858-8B06E3FBFDBF}.RelWithDebInfo.Build.0 = Release|Win32
		{FE57EB9F-3D31-4C74-8E9D-FD2D550A947D}.Debug.ActiveCfg = Debug|Win32
		{FE57EB9F-3D31-4C74-8E9D-FD2D550A947D}.Debug.Build.0 = Debug|Win32
		{FE57EB9F-3D31-4C74-8E9D-FD2D550A947D}.MinSizeRel.ActiveCfg = Release|Win32
		{FE57EB9F-3D31-4C74-8E9D-FD2D550A947D}.MinSizeRel.Build.0 = Release|Win32
		{FE57EB9F-3D31-4C74-8E9D-FD2D550A947D}.Release.ActiveCfg = Release|Win32
		{FE57EB9F-3D31-4C74-8E9D-FD2D550A947D}.Release.Build.0 = Release|Win32
		{FE57EB9F-3D31-4C74-8E9D-FD2D550A947D}.RelWithDebInfo.ActiveCfg = Release|Win32
		{FE57EB9F-3D31-4C74-8E9D-FD2D550A947D}.RelWithDebInfo.Build.0 = Release|Win32
		{89C8FF60-D579-48BC-B662-FBC3A47C72FE}.Debug.ActiveCfg = Debug|Win32
		{89C8FF60-D579-48BC-B662-FBC3A47C72FE}.Debug.Build.0 = Debug|Win32
		{89C8FF60-D579-48BC-B662-FBC3A47C72FE}.MinSizeRel.ActiveCfg = Release|Win32
		{89C8FF60-D579-48BC-B662-FBC3A47C72FE}.MinSizeRel.Build.0 = Release|Win32
		{89C8FF60-D579-48BC-B662-FBC3A47C72FE}.Release.ActiveCfg = Release|Win32
		{89C8FF60-D579-48BC-B662-FBC3A47C72FE}.Release.Build.0 = Release|Win32
		{89C8FF60-D579-48BC-B662-FBC3A47C72FE}.RelWithDebInfo.ActiveCfg = Release|Win32
		{89C8FF60-D579-48BC-B662-FBC3A47C72FE}.RelWithDebInfo.Build.0 = Release|Win32
		{6A643B38-1B4C-44E7-AA6D-8F9A59EC8C41}.Debug.ActiveCfg = Debug|Win32
		{6A643B38-1B4C-44E7-AA6D-8F9A59EC8C41}.Debug.Build.0 = Debug|Win32
		{6A643B38-1B4C-44E7-AA6D-8F9A59EC8C41}.MinSizeRel.ActiveCfg = MinSizeRel|Win32
		{6A643B38-1B4C-44E7-AA6D-8F9A59EC8C41}.MinSizeRel.Build.0 = MinSizeRel|Win32
		{6A643B38-1B4C-44E7-AA6D-8F9A59EC8C41}.Release.ActiveCfg = Release|Win32
		{6A643B38-1B4C-44E7-AA6D-8F9A59EC8C41}.Release.Build.0 = Release|Win32
		{6A643B38-1B4C-44E7-AA6D-8F9A59EC8C41}.RelWithDebInfo.ActiveCfg = RelWithDebInfo|Win32
		{6A643B38-1B4C-44E7-AA6D-8F9A59EC8C41}.RelWithDebInfo.Build.0 = RelWithDebInfo|Win32
		{3717FA4A-2A60-43CE-A59C-8F32548D1344}.Debug.ActiveCfg = Debug|Win32
		{3717FA4A-2A60-43CE-A59C-8F32548D1344}.Debug.Build.0 = Debug|Win32
		{3717FA4A-2A60-43CE-A59C-8F32548D1344}.MinSizeRel.ActiveCfg = MinSizeRel|Win32
		{3717FA4A-2A60-43CE-A59C-8F32548D1344}.MinSizeRel.Build.0 = MinSizeRel|Win32
		{3717FA4A-2A60-43CE-A59C-8F32548D1344}.Release.ActiveCfg = Release|Win32
		{3717FA4A-2A60-43CE-A59C-8F32548D1344}.Release.Build.0 = Release|Win32
		{3717FA4A-2A60-43CE-A59C-8F32548D1344}.RelWithDebInfo.ActiveCfg = RelWithDebInfo|Win32
		{3717FA4A-2A60-43CE-A59C-8F32548D1344}.RelWithDebInfo.Build.0 = RelWithDebInfo|Win32
		{426181C0-8479-4838-B9F3-D3951F00E256}.Debug.ActiveCfg = Debug|Win32
		{426181C0-8479-4838-B9F3-D3951F00E256}.Debug.Build.0 = Debug|Win32
		{426181C0-8479-4838-B9F3-D3951F00E256}.MinSizeRel.ActiveCfg = Release|Win32
		{426181C0-8479-4838-B9F3-D3951F00E256}.MinSizeRel.Build.0 = Release|Win32
		{426181C0-8479-4838-B9F3-D3951F00E256}.Release.ActiveCfg = Release|Win32
		{426181C0-8479-4838-B9F3-D3951F00E256}.Release.Build.0 = Release|Win32
		{426181C0-8479-4838-B9F3-D3951F00E256}.RelWithDebInfo.ActiveCfg = Release|Win32
		{426181C0-8479-4838-B9F3-D3951F00E256}.RelWithDebInfo.Build.0 = Release|Win32
		{7E565116-019B-4D70-8378-64457CE82678}.Debug.ActiveCfg = Debug|Win32
		{7E565116-019B-4D70-8378-64457CE82678}.Debug.Build.0 = Debug|Win32
		{7E565116-019B-4D70-8378-64457CE82678}.MinSizeRel.ActiveCfg = MinSizeRel|Win32
		{7E565116-019B-4D70-8378-64457CE82678}.MinSizeRel.Build.0 = MinSizeRel|Win32
		{7E565116-019B-4D70-8378-64457CE82678}.Release.ActiveCfg = Release|Win32
		{7E565116-019B-4D70-8378-64457CE82678}.Release.Build.0 = Release|Win32
		{7E565116-019B-4D70-8378-64457CE82678}.RelWithDebInfo.ActiveCfg = RelWithDebInfo|Win32
		{7E565116-019B-4D70-8378-64457CE82678}.RelWithDebInfo.Build.0 = RelWithDebInfo|Win32
	EndGlobalSection
	GlobalSection(ExtensibilityGlobals) = postSolution
	EndGlobalSection
	GlobalSection(ExtensibilityAddIns) = postSolution
	EndGlobalSection
EndGlobal
