// !$*UTF8*$!
{
	archiveVersion = 1;
	classes = {
	};
	objectVersion = 45;
	objects = {

/* Begin PBXAggregateTarget section */
		C9DFB3A30F132DCB00365453 /* Disk Image */ = {
			isa = PBXAggregateTarget;
			buildConfigurationList = C9DFB3A60F132DE900365453 /* Build configuration list for PBXAggregateTarget "Disk Image" */;
			buildPhases = (
				C9DFB3A20F132DCB00365453 /* ShellScript */,
			);
			dependencies = (
				C9DFB3AA0F132E2F00365453 /* PBXTargetDependency */,
			);
			name = "Disk Image";
			productName = "Disk Image";
		};
/* End PBXAggregateTarget section */

/* Begin PBXBuildFile section */
		1DDD58160DA1D0A300B32029 /* MainMenu.xib in Resources */ = {isa = PBXBuildFile; fileRef = 1DDD58140DA1D0A300B32029 /* MainMenu.xib */; };
		8D11072B0486CEB800E47090 /* InfoPlist.strings in Resources */ = {isa = PBXBuildFile; fileRef = 089C165CFE840E0CC02AAC07 /* InfoPlist.strings */; };
		8D11072D0486CEB800E47090 /* main.m in Sources */ = {isa = PBXBuildFile; fileRef = 29B97316FDCFA39411CA2CEA /* main.m */; settings = {ATTRIBUTES = (); }; };
		8D11072F0486CEB800E47090 /* Cocoa.framework in Frameworks */ = {isa = PBXBuildFile; fileRef = 1058C7A1FEA54F0111CA2CBB /* Cocoa.framework */; };
		C94B46DC0F1355F900BADAE8 /* Growl.framework in Frameworks */ = {isa = PBXBuildFile; fileRef = C94B46DB0F1355F900BADAE8 /* Growl.framework */; };
		C94B46DF0F13561D00BADAE8 /* Growl.framework in CopyFiles */ = {isa = PBXBuildFile; fileRef = C94B46DB0F1355F900BADAE8 /* Growl.framework */; };
		C94B47180F1359F500BADAE8 /* Growl Registration Ticket.growlRegDict in Resources */ = {isa = PBXBuildFile; fileRef = C94B46F10F13570E00BADAE8 /* Growl Registration Ticket.growlRegDict */; };
		C94B47A80F1731C900BADAE8 /* Ticker.icns in Resources */ = {isa = PBXBuildFile; fileRef = C94B47A70F1731C900BADAE8 /* Ticker.icns */; };
		C94B49880F22AC7B00BADAE8 /* PresenceEntity.m in Sources */ = {isa = PBXBuildFile; fileRef = C94B49870F22AC7B00BADAE8 /* PresenceEntity.m */; };
		C94B49950F22AF8D00BADAE8 /* PresenceController.m in Sources */ = {isa = PBXBuildFile; fileRef = C94B49940F22AF8D00BADAE8 /* PresenceController.m */; };
		C94B499D0F22B0F400BADAE8 /* PresenceConnection.m in Sources */ = {isa = PBXBuildFile; fileRef = C94B499C0F22B0F400BADAE8 /* PresenceConnection.m */; };
		C94B49A60F22B2D700BADAE8 /* PresenceWindow.xib in Resources */ = {isa = PBXBuildFile; fileRef = C94B49A50F22B2D700BADAE8 /* PresenceWindow.xib */; };
		C94B4A210F22BAEF00BADAE8 /* utils.m in Sources */ = {isa = PBXBuildFile; fileRef = C94B4A200F22BAEF00BADAE8 /* utils.m */; };
		C9521BAD0F08CE4100BA83EC /* DragTarget.m in Sources */ = {isa = PBXBuildFile; fileRef = C9521BAC0F08CE4100BA83EC /* DragTarget.m */; };
		C9AAB9C90EF4A6E000387335 /* ElvinConnection.m in Sources */ = {isa = PBXBuildFile; fileRef = C9AAB9C80EF4A6E000387335 /* ElvinConnection.m */; };
		C9AEA1630F15ADE300C70410 /* TickerMessagesTextView.m in Sources */ = {isa = PBXBuildFile; fileRef = C9AEA1620F15ADE300C70410 /* TickerMessagesTextView.m */; };
		C9B038390E48282400B59216 /* TickerController.m in Sources */ = {isa = PBXBuildFile; fileRef = C9B038380E48282400B59216 /* TickerController.m */; };
		C9B03B5A0E493EDF00B59216 /* avis.framework in Frameworks */ = {isa = PBXBuildFile; fileRef = C9B03B590E493EDF00B59216 /* avis.framework */; };
		C9B03B830E49403600B59216 /* avis.framework in CopyFiles */ = {isa = PBXBuildFile; fileRef = C9B03B590E493EDF00B59216 /* avis.framework */; };
		C9CF60F70EDFA44A00A76D46 /* TickerWindow.xib in Resources */ = {isa = PBXBuildFile; fileRef = C9CF60F50EDFA44A00A76D46 /* TickerWindow.xib */; };
		C9CF62D40EE0BF5F00A76D46 /* AppController.m in Sources */ = {isa = PBXBuildFile; fileRef = C9CF62D30EE0BF5F00A76D46 /* AppController.m */; };
		C9DDD3B50F26B4090082AF4C /* Preferences.m in Sources */ = {isa = PBXBuildFile; fileRef = C9DDD3B40F26B4090082AF4C /* Preferences.m */; };
		C9DFB1C00F12CF9700365453 /* Reply_Normal.tiff in Resources */ = {isa = PBXBuildFile; fileRef = C9DFB1BD0F12CF9700365453 /* Reply_Normal.tiff */; };
		C9DFB1C20F12CF9800365453 /* Reply_Rollover.tiff in Resources */ = {isa = PBXBuildFile; fileRef = C9DFB1BF0F12CF9700365453 /* Reply_Rollover.tiff */; };
		C9DFB2130F12DA9900365453 /* RolloverButton.m in Sources */ = {isa = PBXBuildFile; fileRef = C9DFB2120F12DA9900365453 /* RolloverButton.m */; };
		C9DFB2AB0F12FF2300365453 /* TextViewWithLinks.m in Sources */ = {isa = PBXBuildFile; fileRef = C9DFB2AA0F12FF2300365453 /* TextViewWithLinks.m */; };
		C9F55FA30EFF1DF0005D9245 /* notes.txt in Resources */ = {isa = PBXBuildFile; fileRef = C9F55FA20EFF1DF0005D9245 /* notes.txt */; };
		C9F561BB0F00B1A2005D9245 /* PreferencesController.m in Sources */ = {isa = PBXBuildFile; fileRef = C9F561BA0F00B1A2005D9245 /* PreferencesController.m */; };
		C9F561BF0F00B247005D9245 /* Preferences.xib in Resources */ = {isa = PBXBuildFile; fileRef = C9F561BE0F00B247005D9245 /* Preferences.xib */; };
/* End PBXBuildFile section */

/* Begin PBXContainerItemProxy section */
		C9DFB3A90F132E2F00365453 /* PBXContainerItemProxy */ = {
			isa = PBXContainerItemProxy;
			containerPortal = 29B97313FDCFA39411CA2CEA /* Project object */;
			proxyType = 1;
			remoteGlobalIDString = 8D1107260486CEB800E47090;
			remoteInfo = ticker;
		};
/* End PBXContainerItemProxy section */

/* Begin PBXCopyFilesBuildPhase section */
		C9B03B890E49405400B59216 /* CopyFiles */ = {
			isa = PBXCopyFilesBuildPhase;
			buildActionMask = 2147483647;
			dstPath = "";
			dstSubfolderSpec = 10;
			files = (
				C94B46DF0F13561D00BADAE8 /* Growl.framework in CopyFiles */,
				C9B03B830E49403600B59216 /* avis.framework in CopyFiles */,
			);
			runOnlyForDeploymentPostprocessing = 0;
		};
/* End PBXCopyFilesBuildPhase section */

/* Begin PBXFileReference section */
		089C165DFE840E0CC02AAC07 /* English */ = {isa = PBXFileReference; fileEncoding = 10; lastKnownFileType = text.plist.strings; name = English; path = English.lproj/InfoPlist.strings; sourceTree = "<group>"; };
		1058C7A1FEA54F0111CA2CBB /* Cocoa.framework */ = {isa = PBXFileReference; lastKnownFileType = wrapper.framework; name = Cocoa.framework; path = /System/Library/Frameworks/Cocoa.framework; sourceTree = "<absolute>"; };
		13E42FB307B3F0F600E4EEF1 /* CoreData.framework */ = {isa = PBXFileReference; lastKnownFileType = wrapper.framework; name = CoreData.framework; path = /System/Library/Frameworks/CoreData.framework; sourceTree = "<absolute>"; };
		1DDD58150DA1D0A300B32029 /* English */ = {isa = PBXFileReference; lastKnownFileType = file.xib; name = English; path = English.lproj/MainMenu.xib; sourceTree = "<group>"; };
		29B97316FDCFA39411CA2CEA /* main.m */ = {isa = PBXFileReference; fileEncoding = 4; lastKnownFileType = sourcecode.c.objc; path = main.m; sourceTree = "<group>"; };
		29B97324FDCFA39411CA2CEA /* AppKit.framework */ = {isa = PBXFileReference; lastKnownFileType = wrapper.framework; name = AppKit.framework; path = /System/Library/Frameworks/AppKit.framework; sourceTree = "<absolute>"; };
		29B97325FDCFA39411CA2CEA /* Foundation.framework */ = {isa = PBXFileReference; lastKnownFileType = wrapper.framework; name = Foundation.framework; path = /System/Library/Frameworks/Foundation.framework; sourceTree = "<absolute>"; };
		32CA4F630368D1EE00C91783 /* ticker_Prefix.pch */ = {isa = PBXFileReference; fileEncoding = 4; lastKnownFileType = sourcecode.c.h; path = ticker_Prefix.pch; sourceTree = "<group>"; };
		8D1107310486CEB800E47090 /* Info.plist */ = {isa = PBXFileReference; fileEncoding = 4; lastKnownFileType = text.plist.xml; path = Info.plist; sourceTree = "<group>"; };
		8D1107320486CEB800E47090 /* ticker.app */ = {isa = PBXFileReference; explicitFileType = wrapper.application; includeInIndex = 0; path = ticker.app; sourceTree = BUILT_PRODUCTS_DIR; };
		C94B46DB0F1355F900BADAE8 /* Growl.framework */ = {isa = PBXFileReference; lastKnownFileType = wrapper.framework; name = Growl.framework; path = Frameworks/Growl.framework; sourceTree = "<group>"; };
		C94B46F10F13570E00BADAE8 /* Growl Registration Ticket.growlRegDict */ = {isa = PBXFileReference; explicitFileType = text.plist.xml; fileEncoding = 4; path = "Growl Registration Ticket.growlRegDict"; sourceTree = "<group>"; };
		C94B47A70F1731C900BADAE8 /* Ticker.icns */ = {isa = PBXFileReference; lastKnownFileType = image.icns; name = Ticker.icns; path = Icon/Ticker.icns; sourceTree = "<group>"; };
		C94B49860F22AC7B00BADAE8 /* PresenceEntity.h */ = {isa = PBXFileReference; fileEncoding = 4; lastKnownFileType = sourcecode.c.h; path = PresenceEntity.h; sourceTree = "<group>"; };
		C94B49870F22AC7B00BADAE8 /* PresenceEntity.m */ = {isa = PBXFileReference; fileEncoding = 4; lastKnownFileType = sourcecode.c.objc; path = PresenceEntity.m; sourceTree = "<group>"; };
		C94B49930F22AF8D00BADAE8 /* PresenceController.h */ = {isa = PBXFileReference; fileEncoding = 4; lastKnownFileType = sourcecode.c.h; path = PresenceController.h; sourceTree = "<group>"; };
		C94B49940F22AF8D00BADAE8 /* PresenceController.m */ = {isa = PBXFileReference; fileEncoding = 4; lastKnownFileType = sourcecode.c.objc; path = PresenceController.m; sourceTree = "<group>"; };
		C94B499B0F22B0F400BADAE8 /* PresenceConnection.h */ = {isa = PBXFileReference; fileEncoding = 4; lastKnownFileType = sourcecode.c.h; path = PresenceConnection.h; sourceTree = "<group>"; };
		C94B499C0F22B0F400BADAE8 /* PresenceConnection.m */ = {isa = PBXFileReference; fileEncoding = 4; lastKnownFileType = sourcecode.c.objc; path = PresenceConnection.m; sourceTree = "<group>"; };
		C94B49A50F22B2D700BADAE8 /* PresenceWindow.xib */ = {isa = PBXFileReference; lastKnownFileType = file.xib; path = PresenceWindow.xib; sourceTree = "<group>"; };
		C94B4A1F0F22BAEF00BADAE8 /* utils.h */ = {isa = PBXFileReference; fileEncoding = 4; lastKnownFileType = sourcecode.c.h; path = utils.h; sourceTree = "<group>"; };
		C94B4A200F22BAEF00BADAE8 /* utils.m */ = {isa = PBXFileReference; fileEncoding = 4; lastKnownFileType = sourcecode.c.objc; path = utils.m; sourceTree = "<group>"; };
		C9521BAB0F08CE4100BA83EC /* DragTarget.h */ = {isa = PBXFileReference; fileEncoding = 4; lastKnownFileType = sourcecode.c.h; path = DragTarget.h; sourceTree = "<group>"; };
		C9521BAC0F08CE4100BA83EC /* DragTarget.m */ = {isa = PBXFileReference; fileEncoding = 4; lastKnownFileType = sourcecode.c.objc; path = DragTarget.m; sourceTree = "<group>"; };
		C9AAB9C70EF4A6E000387335 /* ElvinConnection.h */ = {isa = PBXFileReference; fileEncoding = 4; lastKnownFileType = sourcecode.c.h; path = ElvinConnection.h; sourceTree = "<group>"; };
		C9AAB9C80EF4A6E000387335 /* ElvinConnection.m */ = {isa = PBXFileReference; fileEncoding = 4; lastKnownFileType = sourcecode.c.objc; path = ElvinConnection.m; sourceTree = "<group>"; };
		C9AEA1610F15ADE300C70410 /* TickerMessagesTextView.h */ = {isa = PBXFileReference; fileEncoding = 4; lastKnownFileType = sourcecode.c.h; path = TickerMessagesTextView.h; sourceTree = "<group>"; };
		C9AEA1620F15ADE300C70410 /* TickerMessagesTextView.m */ = {isa = PBXFileReference; fileEncoding = 4; lastKnownFileType = sourcecode.c.objc; path = TickerMessagesTextView.m; sourceTree = "<group>"; };
		C9B038370E48282400B59216 /* TickerController.h */ = {isa = PBXFileReference; fileEncoding = 4; lastKnownFileType = sourcecode.c.h; path = TickerController.h; sourceTree = "<group>"; };
		C9B038380E48282400B59216 /* TickerController.m */ = {isa = PBXFileReference; fileEncoding = 4; lastKnownFileType = sourcecode.c.objc; path = TickerController.m; sourceTree = "<group>"; };
		C9B03B590E493EDF00B59216 /* avis.framework */ = {isa = PBXFileReference; lastKnownFileType = wrapper.framework; name = avis.framework; path = Frameworks/avis.framework; sourceTree = "<group>"; };
		C9CF60F60EDFA44A00A76D46 /* English */ = {isa = PBXFileReference; lastKnownFileType = file.xib; name = English; path = English.lproj/TickerWindow.xib; sourceTree = "<group>"; };
		C9CF62D20EE0BF5F00A76D46 /* AppController.h */ = {isa = PBXFileReference; fileEncoding = 4; lastKnownFileType = sourcecode.c.h; path = AppController.h; sourceTree = "<group>"; };
		C9CF62D30EE0BF5F00A76D46 /* AppController.m */ = {isa = PBXFileReference; fileEncoding = 4; lastKnownFileType = sourcecode.c.objc; path = AppController.m; sourceTree = "<group>"; };
		C9DDD3B30F26B4090082AF4C /* Preferences.h */ = {isa = PBXFileReference; fileEncoding = 4; lastKnownFileType = sourcecode.c.h; path = Preferences.h; sourceTree = "<group>"; };
		C9DDD3B40F26B4090082AF4C /* Preferences.m */ = {isa = PBXFileReference; fileEncoding = 4; lastKnownFileType = sourcecode.c.objc; path = Preferences.m; sourceTree = "<group>"; };
		C9DFB1BD0F12CF9700365453 /* Reply_Normal.tiff */ = {isa = PBXFileReference; lastKnownFileType = image.tiff; path = Reply_Normal.tiff; sourceTree = "<group>"; };
		C9DFB1BF0F12CF9700365453 /* Reply_Rollover.tiff */ = {isa = PBXFileReference; lastKnownFileType = image.tiff; path = Reply_Rollover.tiff; sourceTree = "<group>"; };
		C9DFB2110F12DA9900365453 /* RolloverButton.h */ = {isa = PBXFileReference; fileEncoding = 4; lastKnownFileType = sourcecode.c.h; path = RolloverButton.h; sourceTree = "<group>"; };
		C9DFB2120F12DA9900365453 /* RolloverButton.m */ = {isa = PBXFileReference; fileEncoding = 4; lastKnownFileType = sourcecode.c.objc; path = RolloverButton.m; sourceTree = "<group>"; };
		C9DFB2A90F12FF2300365453 /* TextViewWithLinks.h */ = {isa = PBXFileReference; fileEncoding = 4; lastKnownFileType = sourcecode.c.h; path = TextViewWithLinks.h; sourceTree = "<group>"; };
		C9DFB2AA0F12FF2300365453 /* TextViewWithLinks.m */ = {isa = PBXFileReference; fileEncoding = 4; lastKnownFileType = sourcecode.c.objc; path = TextViewWithLinks.m; sourceTree = "<group>"; };
		C9F55FA20EFF1DF0005D9245 /* notes.txt */ = {isa = PBXFileReference; fileEncoding = 4; lastKnownFileType = text; path = notes.txt; sourceTree = "<group>"; };
		C9F561B90F00B1A2005D9245 /* PreferencesController.h */ = {isa = PBXFileReference; fileEncoding = 4; lastKnownFileType = sourcecode.c.h; path = PreferencesController.h; sourceTree = "<group>"; };
		C9F561BA0F00B1A2005D9245 /* PreferencesController.m */ = {isa = PBXFileReference; fileEncoding = 4; lastKnownFileType = sourcecode.c.objc; path = PreferencesController.m; sourceTree = "<group>"; };
		C9F561BE0F00B247005D9245 /* Preferences.xib */ = {isa = PBXFileReference; lastKnownFileType = file.xib; path = Preferences.xib; sourceTree = "<group>"; };
/* End PBXFileReference section */

/* Begin PBXFrameworksBuildPhase section */
		8D11072E0486CEB800E47090 /* Frameworks */ = {
			isa = PBXFrameworksBuildPhase;
			buildActionMask = 2147483647;
			files = (
				8D11072F0486CEB800E47090 /* Cocoa.framework in Frameworks */,
				C9B03B5A0E493EDF00B59216 /* avis.framework in Frameworks */,
				C94B46DC0F1355F900BADAE8 /* Growl.framework in Frameworks */,
			);
			runOnlyForDeploymentPostprocessing = 0;
		};
/* End PBXFrameworksBuildPhase section */

/* Begin PBXGroup section */
		080E96DDFE201D6D7F000001 /* Classes */ = {
			isa = PBXGroup;
			children = (
				C9CF62D20EE0BF5F00A76D46 /* AppController.h */,
				C9CF62D30EE0BF5F00A76D46 /* AppController.m */,
				C9AAB9C70EF4A6E000387335 /* ElvinConnection.h */,
				C9AAB9C80EF4A6E000387335 /* ElvinConnection.m */,
				C9B038370E48282400B59216 /* TickerController.h */,
				C9B038380E48282400B59216 /* TickerController.m */,
				C94B49930F22AF8D00BADAE8 /* PresenceController.h */,
				C94B49940F22AF8D00BADAE8 /* PresenceController.m */,
				C94B499B0F22B0F400BADAE8 /* PresenceConnection.h */,
				C94B499C0F22B0F400BADAE8 /* PresenceConnection.m */,
				C94B49860F22AC7B00BADAE8 /* PresenceEntity.h */,
				C94B49870F22AC7B00BADAE8 /* PresenceEntity.m */,
				C9AEA1610F15ADE300C70410 /* TickerMessagesTextView.h */,
				C9AEA1620F15ADE300C70410 /* TickerMessagesTextView.m */,
				C9F561B90F00B1A2005D9245 /* PreferencesController.h */,
				C9F561BA0F00B1A2005D9245 /* PreferencesController.m */,
				C9DDD3B30F26B4090082AF4C /* Preferences.h */,
				C9DDD3B40F26B4090082AF4C /* Preferences.m */,
				C9521BAB0F08CE4100BA83EC /* DragTarget.h */,
				C9521BAC0F08CE4100BA83EC /* DragTarget.m */,
				C9DFB2A90F12FF2300365453 /* TextViewWithLinks.h */,
				C9DFB2AA0F12FF2300365453 /* TextViewWithLinks.m */,
				C9DFB2110F12DA9900365453 /* RolloverButton.h */,
				C9DFB2120F12DA9900365453 /* RolloverButton.m */,
			);
			name = Classes;
			sourceTree = "<group>";
		};
		1058C7A0FEA54F0111CA2CBB /* Linked Frameworks */ = {
			isa = PBXGroup;
			children = (
				1058C7A1FEA54F0111CA2CBB /* Cocoa.framework */,
			);
			name = "Linked Frameworks";
			sourceTree = "<group>";
		};
		1058C7A2FEA54F0111CA2CBB /* Other Frameworks */ = {
			isa = PBXGroup;
			children = (
				29B97324FDCFA39411CA2CEA /* AppKit.framework */,
				13E42FB307B3F0F600E4EEF1 /* CoreData.framework */,
				29B97325FDCFA39411CA2CEA /* Foundation.framework */,
			);
			name = "Other Frameworks";
			sourceTree = "<group>";
		};
		19C28FACFE9D520D11CA2CBB /* Products */ = {
			isa = PBXGroup;
			children = (
				8D1107320486CEB800E47090 /* ticker.app */,
			);
			name = Products;
			sourceTree = "<group>";
		};
		29B97314FDCFA39411CA2CEA /* ticker */ = {
			isa = PBXGroup;
			children = (
				C9F55FA20EFF1DF0005D9245 /* notes.txt */,
				080E96DDFE201D6D7F000001 /* Classes */,
				29B97315FDCFA39411CA2CEA /* Other Sources */,
				29B97317FDCFA39411CA2CEA /* Resources */,
				29B97323FDCFA39411CA2CEA /* Frameworks */,
				19C28FACFE9D520D11CA2CBB /* Products */,
			);
			name = ticker;
			sourceTree = "<group>";
		};
		29B97315FDCFA39411CA2CEA /* Other Sources */ = {
			isa = PBXGroup;
			children = (
				32CA4F630368D1EE00C91783 /* ticker_Prefix.pch */,
				C94B4A1F0F22BAEF00BADAE8 /* utils.h */,
				C94B4A200F22BAEF00BADAE8 /* utils.m */,
				29B97316FDCFA39411CA2CEA /* main.m */,
			);
			name = "Other Sources";
			sourceTree = "<group>";
		};
		29B97317FDCFA39411CA2CEA /* Resources */ = {
			isa = PBXGroup;
			children = (
				C94B47A70F1731C900BADAE8 /* Ticker.icns */,
				1DDD58140DA1D0A300B32029 /* MainMenu.xib */,
				C9CF60F50EDFA44A00A76D46 /* TickerWindow.xib */,
				C94B49A50F22B2D700BADAE8 /* PresenceWindow.xib */,
				C9F561BE0F00B247005D9245 /* Preferences.xib */,
				8D1107310486CEB800E47090 /* Info.plist */,
				089C165CFE840E0CC02AAC07 /* InfoPlist.strings */,
				C9DFB1BD0F12CF9700365453 /* Reply_Normal.tiff */,
				C9DFB1BF0F12CF9700365453 /* Reply_Rollover.tiff */,
				C94B46F10F13570E00BADAE8 /* Growl Registration Ticket.growlRegDict */,
			);
			name = Resources;
			sourceTree = "<group>";
		};
		29B97323FDCFA39411CA2CEA /* Frameworks */ = {
			isa = PBXGroup;
			children = (
				C94B46DB0F1355F900BADAE8 /* Growl.framework */,
				C9B03B590E493EDF00B59216 /* avis.framework */,
				1058C7A0FEA54F0111CA2CBB /* Linked Frameworks */,
				1058C7A2FEA54F0111CA2CBB /* Other Frameworks */,
			);
			name = Frameworks;
			sourceTree = "<group>";
		};
/* End PBXGroup section */

/* Begin PBXNativeTarget section */
		8D1107260486CEB800E47090 /* ticker */ = {
			isa = PBXNativeTarget;
			buildConfigurationList = C01FCF4A08A954540054247B /* Build configuration list for PBXNativeTarget "ticker" */;
			buildPhases = (
				8D1107290486CEB800E47090 /* Resources */,
				8D11072C0486CEB800E47090 /* Sources */,
				8D11072E0486CEB800E47090 /* Frameworks */,
				C9B03B890E49405400B59216 /* CopyFiles */,
			);
			buildRules = (
			);
			dependencies = (
			);
			name = ticker;
			productInstallPath = "$(HOME)/Applications";
			productName = ticker;
			productReference = 8D1107320486CEB800E47090 /* ticker.app */;
			productType = "com.apple.product-type.application";
		};
/* End PBXNativeTarget section */

/* Begin PBXProject section */
		29B97313FDCFA39411CA2CEA /* Project object */ = {
			isa = PBXProject;
			buildConfigurationList = C01FCF4E08A954540054247B /* Build configuration list for PBXProject "ticker" */;
			compatibilityVersion = "Xcode 3.1";
			hasScannedForEncodings = 1;
			mainGroup = 29B97314FDCFA39411CA2CEA /* ticker */;
			projectDirPath = "";
			projectRoot = "";
			targets = (
				8D1107260486CEB800E47090 /* ticker */,
				C9DFB3A30F132DCB00365453 /* Disk Image */,
			);
		};
/* End PBXProject section */

/* Begin PBXResourcesBuildPhase section */
		8D1107290486CEB800E47090 /* Resources */ = {
			isa = PBXResourcesBuildPhase;
			buildActionMask = 2147483647;
			files = (
				C94B47180F1359F500BADAE8 /* Growl Registration Ticket.growlRegDict in Resources */,
				8D11072B0486CEB800E47090 /* InfoPlist.strings in Resources */,
				1DDD58160DA1D0A300B32029 /* MainMenu.xib in Resources */,
				C9CF60F70EDFA44A00A76D46 /* TickerWindow.xib in Resources */,
				C9F55FA30EFF1DF0005D9245 /* notes.txt in Resources */,
				C9F561BF0F00B247005D9245 /* Preferences.xib in Resources */,
				C9DFB1C00F12CF9700365453 /* Reply_Normal.tiff in Resources */,
				C9DFB1C20F12CF9800365453 /* Reply_Rollover.tiff in Resources */,
				C94B47A80F1731C900BADAE8 /* Ticker.icns in Resources */,
				C94B49A60F22B2D700BADAE8 /* PresenceWindow.xib in Resources */,
			);
			runOnlyForDeploymentPostprocessing = 0;
		};
/* End PBXResourcesBuildPhase section */

/* Begin PBXShellScriptBuildPhase section */
		C9DFB3A20F132DCB00365453 /* ShellScript */ = {
			isa = PBXShellScriptBuildPhase;
			buildActionMask = 2147483647;
			files = (
			);
			inputPaths = (
				"$(BUILT_PRODUCTS_DIR)/ticker.app/Contents/MacOS/ticker",
			);
			outputPaths = (
				"$(BUILT_PRODUCTS_DIR)/ticker.dmg",
			);
			runOnlyForDeploymentPostprocessing = 0;
			shellPath = /bin/sh;
			shellScript = "echo \"src = $BUILT_PRODUCTS_DIR/ticker.app\"\nhdiutil create -ov -srcfolder \"$BUILT_PRODUCTS_DIR/ticker.app\" -format UDBZ \"$BUILT_PRODUCTS_DIR/ticker.dmg\"";
		};
/* End PBXShellScriptBuildPhase section */

/* Begin PBXSourcesBuildPhase section */
		8D11072C0486CEB800E47090 /* Sources */ = {
			isa = PBXSourcesBuildPhase;
			buildActionMask = 2147483647;
			files = (
				8D11072D0486CEB800E47090 /* main.m in Sources */,
				C9B038390E48282400B59216 /* TickerController.m in Sources */,
				C9CF62D40EE0BF5F00A76D46 /* AppController.m in Sources */,
				C9AAB9C90EF4A6E000387335 /* ElvinConnection.m in Sources */,
				C9F561BB0F00B1A2005D9245 /* PreferencesController.m in Sources */,
				C9521BAD0F08CE4100BA83EC /* DragTarget.m in Sources */,
				C9DFB2130F12DA9900365453 /* RolloverButton.m in Sources */,
				C9DFB2AB0F12FF2300365453 /* TextViewWithLinks.m in Sources */,
				C9AEA1630F15ADE300C70410 /* TickerMessagesTextView.m in Sources */,
				C94B49880F22AC7B00BADAE8 /* PresenceEntity.m in Sources */,
				C94B49950F22AF8D00BADAE8 /* PresenceController.m in Sources */,
				C94B499D0F22B0F400BADAE8 /* PresenceConnection.m in Sources */,
				C94B4A210F22BAEF00BADAE8 /* utils.m in Sources */,
				C9DDD3B50F26B4090082AF4C /* Preferences.m in Sources */,
			);
			runOnlyForDeploymentPostprocessing = 0;
		};
/* End PBXSourcesBuildPhase section */

/* Begin PBXTargetDependency section */
		C9DFB3AA0F132E2F00365453 /* PBXTargetDependency */ = {
			isa = PBXTargetDependency;
			target = 8D1107260486CEB800E47090 /* ticker */;
			targetProxy = C9DFB3A90F132E2F00365453 /* PBXContainerItemProxy */;
		};
/* End PBXTargetDependency section */

/* Begin PBXVariantGroup section */
		089C165CFE840E0CC02AAC07 /* InfoPlist.strings */ = {
			isa = PBXVariantGroup;
			children = (
				089C165DFE840E0CC02AAC07 /* English */,
			);
			name = InfoPlist.strings;
			sourceTree = "<group>";
		};
		1DDD58140DA1D0A300B32029 /* MainMenu.xib */ = {
			isa = PBXVariantGroup;
			children = (
				1DDD58150DA1D0A300B32029 /* English */,
			);
			name = MainMenu.xib;
			sourceTree = "<group>";
		};
		C9CF60F50EDFA44A00A76D46 /* TickerWindow.xib */ = {
			isa = PBXVariantGroup;
			children = (
				C9CF60F60EDFA44A00A76D46 /* English */,
			);
			name = TickerWindow.xib;
			sourceTree = "<group>";
		};
/* End PBXVariantGroup section */

/* Begin XCBuildConfiguration section */
		C01FCF4B08A954540054247B /* Debug */ = {
			isa = XCBuildConfiguration;
			buildSettings = {
				COPY_PHASE_STRIP = NO;
				FRAMEWORK_SEARCH_PATHS = (
					"$(inherited)",
					"\"$(SRCROOT)/../../avis/c/platforms/macosx/build/Release\"",
					"\"$(SRCROOT)/Frameworks\"",
				);
				GCC_DYNAMIC_NO_PIC = NO;
				GCC_ENABLE_FIX_AND_CONTINUE = YES;
				GCC_MODEL_TUNING = G5;
				GCC_OPTIMIZATION_LEVEL = 0;
				GCC_PRECOMPILE_PREFIX_HEADER = YES;
				GCC_PREFIX_HEADER = ticker_Prefix.pch;
				INFOPLIST_FILE = Info.plist;
				INSTALL_PATH = "$(HOME)/Applications";
				LD_RUNPATH_SEARCH_PATHS = /Users/matt/Development/avis/c/platforms/macosx/build/Release;
				PRODUCT_NAME = ticker;
			};
			name = Debug;
		};
		C01FCF4C08A954540054247B /* Release */ = {
			isa = XCBuildConfiguration;
			buildSettings = {
				DEBUG_INFORMATION_FORMAT = "dwarf-with-dsym";
				FRAMEWORK_SEARCH_PATHS = (
					"$(inherited)",
					"\"$(SRCROOT)/../../avis/c/platforms/macosx/build/Release\"",
					"\"$(SRCROOT)/Frameworks\"",
				);
				GCC_MODEL_TUNING = G5;
				GCC_PRECOMPILE_PREFIX_HEADER = YES;
				GCC_PREFIX_HEADER = ticker_Prefix.pch;
				GCC_PREPROCESSOR_DEFINITIONS = NS_BLOCK_ASSERTIONS;
				INFOPLIST_FILE = Info.plist;
				INSTALL_PATH = "$(HOME)/Applications";
				LD_RUNPATH_SEARCH_PATHS = /Users/matt/Development/avis/c/platforms/macosx/build/Release;
				PRODUCT_NAME = ticker;
			};
			name = Release;
		};
		C01FCF4F08A954540054247B /* Debug */ = {
			isa = XCBuildConfiguration;
			buildSettings = {
				ARCHS = "$(ARCHS_STANDARD_32_BIT)";
				GCC_C_LANGUAGE_STANDARD = c99;
				GCC_ENABLE_OBJC_GC = unsupported;
				GCC_OPTIMIZATION_LEVEL = 0;
				GCC_WARN_ABOUT_RETURN_TYPE = YES;
				GCC_WARN_UNUSED_VARIABLE = YES;
				ONLY_ACTIVE_ARCH = YES;
				PREBINDING = NO;
				SDKROOT = macosx10.5;
			};
			name = Debug;
		};
		C01FCF5008A954540054247B /* Release */ = {
			isa = XCBuildConfiguration;
			buildSettings = {
				ARCHS = "$(ARCHS_STANDARD_32_BIT)";
				GCC_C_LANGUAGE_STANDARD = c99;
				GCC_ENABLE_OBJC_GC = unsupported;
				GCC_WARN_ABOUT_RETURN_TYPE = YES;
				GCC_WARN_UNUSED_VARIABLE = YES;
				PREBINDING = NO;
				SDKROOT = macosx10.5;
			};
			name = Release;
		};
		C9DFB3A40F132DCB00365453 /* Debug */ = {
			isa = XCBuildConfiguration;
			buildSettings = {
				COPY_PHASE_STRIP = NO;
				GCC_DYNAMIC_NO_PIC = NO;
				GCC_OPTIMIZATION_LEVEL = 0;
				PRODUCT_NAME = "Disk Image";
			};
			name = Debug;
		};
		C9DFB3A50F132DCB00365453 /* Release */ = {
			isa = XCBuildConfiguration;
			buildSettings = {
				COPY_PHASE_STRIP = YES;
				DEBUG_INFORMATION_FORMAT = "dwarf-with-dsym";
				GCC_ENABLE_FIX_AND_CONTINUE = NO;
				PRODUCT_NAME = "Disk Image";
				ZERO_LINK = NO;
			};
			name = Release;
		};
/* End XCBuildConfiguration section */

/* Begin XCConfigurationList section */
		C01FCF4A08A954540054247B /* Build configuration list for PBXNativeTarget "ticker" */ = {
			isa = XCConfigurationList;
			buildConfigurations = (
				C01FCF4B08A954540054247B /* Debug */,
				C01FCF4C08A954540054247B /* Release */,
			);
			defaultConfigurationIsVisible = 0;
			defaultConfigurationName = Release;
		};
		C01FCF4E08A954540054247B /* Build configuration list for PBXProject "ticker" */ = {
			isa = XCConfigurationList;
			buildConfigurations = (
				C01FCF4F08A954540054247B /* Debug */,
				C01FCF5008A954540054247B /* Release */,
			);
			defaultConfigurationIsVisible = 0;
			defaultConfigurationName = Release;
		};
		C9DFB3A60F132DE900365453 /* Build configuration list for PBXAggregateTarget "Disk Image" */ = {
			isa = XCConfigurationList;
			buildConfigurations = (
				C9DFB3A40F132DCB00365453 /* Debug */,
				C9DFB3A50F132DCB00365453 /* Release */,
			);
			defaultConfigurationIsVisible = 0;
			defaultConfigurationName = Release;
		};
/* End XCConfigurationList section */
	};
	rootObject = 29B97313FDCFA39411CA2CEA /* Project object */;
}
